Microsoft Visual Studio Solution File, Format Version 10.00
# Visual Studio 2008
Project("{FAE04EC0-301F-11D3-BF4B-00C04F79EFBC}") = "org.OpenMI.Utilities.Spatial", "org.OpenMI.Utilities.Spatial.csproj", "{4EFA1DE2-9C54-4C3F-94B1-89EA6D8E916C}"
EndProject
Global
	GlobalSection(SolutionConfigurationPlatforms) = preSolution
		Debug|Default = Debug|Default
		Release|Default = Release|Default
	EndGlobalSection
	GlobalSection(ProjectConfigurationPlatforms) = postSolution
		{4EFA1DE2-9C54-4C3F-94B1-89EA6D8E916C}.Debug|Default.ActiveCfg = Debug|Any CPU
		{4EFA1DE2-9C54-4C3F-94B1-89EA6D8E916C}.Debug|Default.Build.0 = Debug|Any CPU
		{4EFA1DE2-9C54-4C3F-94B1-89EA6D8E916C}.Release|Default.ActiveCfg = Release|Any CPU
		{4EFA1DE2-9C54-4C3F-94B1-89EA6D8E916C}.Release|Default.Build.0 = Release|Any CPU
	EndGlobalSection
	GlobalSection(SolutionProperties) = preSolution
		HideSolutionNode = FALSE
	EndGlobalSection
EndGlobal
