
Microsoft Visual Studio Solution File, Format Version 11.00
# Visual Studio 2010
Project("{FAE04EC0-301F-11D3-BF4B-00C04F79EFBC}") = "GreenAmpt", "Source\GreenAmpt.csproj", "{296AB03F-179E-438D-AB7F-C89C625CF828}"
EndProject
Project("{FAE04EC0-301F-11D3-BF4B-00C04F79EFBC}") = "GreenAmptTest", "Test\GreenAmptTest.csproj", "{1AEA7599-7CB7-47A2-8EE0-F4D6C1552A05}"
EndProject
Global
	GlobalSection(SolutionConfigurationPlatforms) = preSolution
		Debug|Any CPU = Debug|Any CPU
		Release|Any CPU = Release|Any CPU
	EndGlobalSection
	GlobalSection(ProjectConfigurationPlatforms) = postSolution
		{296AB03F-179E-438D-AB7F-C89C625CF828}.Debug|Any CPU.ActiveCfg = Debug|Any CPU
		{296AB03F-179E-438D-AB7F-C89C625CF828}.Debug|Any CPU.Build.0 = Debug|Any CPU
		{296AB03F-179E-438D-AB7F-C89C625CF828}.Release|Any CPU.ActiveCfg = Release|Any CPU
		{296AB03F-179E-438D-AB7F-C89C625CF828}.Release|Any CPU.Build.0 = Release|Any CPU
		{1AEA7599-7CB7-47A2-8EE0-F4D6C1552A05}.Debug|Any CPU.ActiveCfg = Debug|Any CPU
		{1AEA7599-7CB7-47A2-8EE0-F4D6C1552A05}.Debug|Any CPU.Build.0 = Debug|Any CPU
		{1AEA7599-7CB7-47A2-8EE0-F4D6C1552A05}.Release|Any CPU.ActiveCfg = Release|Any CPU
		{1AEA7599-7CB7-47A2-8EE0-F4D6C1552A05}.Release|Any CPU.Build.0 = Release|Any CPU
	EndGlobalSection
	GlobalSection(SolutionProperties) = preSolution
		HideSolutionNode = FALSE
	EndGlobalSection
EndGlobal
