
Microsoft Visual Studio Solution File, Format Version 10.00
# Visual Studio 2008
Project("{FAE04EC0-301F-11D3-BF4B-00C04F79EFBC}") = "Fill", "Fill\Fill.csproj", "{F59FAA7B-147E-43D3-86D2-82A1B92C5EB7}"
EndProject
Project("{FAE04EC0-301F-11D3-BF4B-00C04F79EFBC}") = "Spline", "..\Spline\Spline.csproj", "{132B6DF8-BA91-4617-B18F-AD6C6278F95D}"
EndProject
Project("{FAE04EC0-301F-11D3-BF4B-00C04F79EFBC}") = "FlowDirection", "..\FlowDirection\FlowDirection.csproj", "{CB22CAB6-D281-4F23-A5DF-703FAC75E075}"
EndProject
Project("{FAE04EC0-301F-11D3-BF4B-00C04F79EFBC}") = "FlowAccumulation", "..\Flow Accumulation\FlowAccumulation.csproj", "{DFBE3F41-4792-4496-A715-F0A22321ACD2}"
EndProject
Project("{FAE04EC0-301F-11D3-BF4B-00C04F79EFBC}") = "Oatc.OpenMI.Gui.ConfigurationEditor", "..\..\..\..\..\..\OpenMI 2.0\src\csharp\Oatc.OpenMI\Gui\ConfigurationEditor\Oatc.OpenMI.Gui.ConfigurationEditor.csproj", "{5990D533-2648-49CB-A3F2-A31EC8F03D59}"
EndProject
Global
	GlobalSection(SolutionConfigurationPlatforms) = preSolution
		Debug|Any CPU = Debug|Any CPU
		Debug|x64 = Debug|x64
		Debug|x86 = Debug|x86
		Release|Any CPU = Release|Any CPU
		Release|x64 = Release|x64
		Release|x86 = Release|x86
	EndGlobalSection
	GlobalSection(ProjectConfigurationPlatforms) = postSolution
		{F59FAA7B-147E-43D3-86D2-82A1B92C5EB7}.Debug|Any CPU.ActiveCfg = Debug|Any CPU
		{F59FAA7B-147E-43D3-86D2-82A1B92C5EB7}.Debug|Any CPU.Build.0 = Debug|Any CPU
		{F59FAA7B-147E-43D3-86D2-82A1B92C5EB7}.Debug|x64.ActiveCfg = Debug|Any CPU
		{F59FAA7B-147E-43D3-86D2-82A1B92C5EB7}.Debug|x86.ActiveCfg = Debug|Any CPU
		{F59FAA7B-147E-43D3-86D2-82A1B92C5EB7}.Release|Any CPU.ActiveCfg = Release|Any CPU
		{F59FAA7B-147E-43D3-86D2-82A1B92C5EB7}.Release|Any CPU.Build.0 = Release|Any CPU
		{F59FAA7B-147E-43D3-86D2-82A1B92C5EB7}.Release|x64.ActiveCfg = Release|Any CPU
		{F59FAA7B-147E-43D3-86D2-82A1B92C5EB7}.Release|x86.ActiveCfg = Release|Any CPU
		{132B6DF8-BA91-4617-B18F-AD6C6278F95D}.Debug|Any CPU.ActiveCfg = Debug|Any CPU
		{132B6DF8-BA91-4617-B18F-AD6C6278F95D}.Debug|Any CPU.Build.0 = Debug|Any CPU
		{132B6DF8-BA91-4617-B18F-AD6C6278F95D}.Debug|x64.ActiveCfg = Debug|Any CPU
		{132B6DF8-BA91-4617-B18F-AD6C6278F95D}.Debug|x86.ActiveCfg = Debug|Any CPU
		{132B6DF8-BA91-4617-B18F-AD6C6278F95D}.Release|Any CPU.ActiveCfg = Release|Any CPU
		{132B6DF8-BA91-4617-B18F-AD6C6278F95D}.Release|Any CPU.Build.0 = Release|Any CPU
		{132B6DF8-BA91-4617-B18F-AD6C6278F95D}.Release|x64.ActiveCfg = Release|Any CPU
		{132B6DF8-BA91-4617-B18F-AD6C6278F95D}.Release|x86.ActiveCfg = Release|Any CPU
		{CB22CAB6-D281-4F23-A5DF-703FAC75E075}.Debug|Any CPU.ActiveCfg = Debug|Any CPU
		{CB22CAB6-D281-4F23-A5DF-703FAC75E075}.Debug|Any CPU.Build.0 = Debug|Any CPU
		{CB22CAB6-D281-4F23-A5DF-703FAC75E075}.Debug|x64.ActiveCfg = Debug|Any CPU
		{CB22CAB6-D281-4F23-A5DF-703FAC75E075}.Debug|x86.ActiveCfg = Debug|Any CPU
		{CB22CAB6-D281-4F23-A5DF-703FAC75E075}.Release|Any CPU.ActiveCfg = Release|Any CPU
		{CB22CAB6-D281-4F23-A5DF-703FAC75E075}.Release|Any CPU.Build.0 = Release|Any CPU
		{CB22CAB6-D281-4F23-A5DF-703FAC75E075}.Release|x64.ActiveCfg = Release|Any CPU
		{CB22CAB6-D281-4F23-A5DF-703FAC75E075}.Release|x86.ActiveCfg = Release|Any CPU
		{DFBE3F41-4792-4496-A715-F0A22321ACD2}.Debug|Any CPU.ActiveCfg = Debug|Any CPU
		{DFBE3F41-4792-4496-A715-F0A22321ACD2}.Debug|Any CPU.Build.0 = Debug|Any CPU
		{DFBE3F41-4792-4496-A715-F0A22321ACD2}.Debug|x64.ActiveCfg = Debug|Any CPU
		{DFBE3F41-4792-4496-A715-F0A22321ACD2}.Debug|x86.ActiveCfg = Debug|Any CPU
		{DFBE3F41-4792-4496-A715-F0A22321ACD2}.Release|Any CPU.ActiveCfg = Release|Any CPU
		{DFBE3F41-4792-4496-A715-F0A22321ACD2}.Release|Any CPU.Build.0 = Release|Any CPU
		{DFBE3F41-4792-4496-A715-F0A22321ACD2}.Release|x64.ActiveCfg = Release|Any CPU
		{DFBE3F41-4792-4496-A715-F0A22321ACD2}.Release|x86.ActiveCfg = Release|Any CPU
		{5990D533-2648-49CB-A3F2-A31EC8F03D59}.Debug|Any CPU.ActiveCfg = Debug|Any CPU
		{5990D533-2648-49CB-A3F2-A31EC8F03D59}.Debug|Any CPU.Build.0 = Debug|Any CPU
		{5990D533-2648-49CB-A3F2-A31EC8F03D59}.Debug|x64.ActiveCfg = Debug|x64
		{5990D533-2648-49CB-A3F2-A31EC8F03D59}.Debug|x64.Build.0 = Debug|x64
		{5990D533-2648-49CB-A3F2-A31EC8F03D59}.Debug|x86.ActiveCfg = Debug|x86
		{5990D533-2648-49CB-A3F2-A31EC8F03D59}.Debug|x86.Build.0 = Debug|x86
		{5990D533-2648-49CB-A3F2-A31EC8F03D59}.Release|Any CPU.ActiveCfg = Release|Any CPU
		{5990D533-2648-49CB-A3F2-A31EC8F03D59}.Release|Any CPU.Build.0 = Release|Any CPU
		{5990D533-2648-49CB-A3F2-A31EC8F03D59}.Release|x64.ActiveCfg = Release|x64
		{5990D533-2648-49CB-A3F2-A31EC8F03D59}.Release|x64.Build.0 = Release|x64
		{5990D533-2648-49CB-A3F2-A31EC8F03D59}.Release|x86.ActiveCfg = Release|x86
		{5990D533-2648-49CB-A3F2-A31EC8F03D59}.Release|x86.Build.0 = Release|x86
	EndGlobalSection
	GlobalSection(SolutionProperties) = preSolution
		HideSolutionNode = FALSE
	EndGlobalSection
EndGlobal
