
Microsoft Visual Studio Solution File, Format Version 11.00
# Visual Studio 2010
Project("{FAE04EC0-301F-11D3-BF4B-00C04F79EFBC}") = "TableView", "TableView.csproj", "{E15F7F49-A879-4FE1-AF78-2EE7D2C9B7B4}"
EndProject
Global
	GlobalSection(SolutionConfigurationPlatforms) = preSolution
		Debug|Any CPU = Debug|Any CPU
		Debug|x86 = Debug|x86
		Release|Any CPU = Release|Any CPU
		Release|x86 = Release|x86
	EndGlobalSection
	GlobalSection(ProjectConfigurationPlatforms) = postSolution
		{E15F7F49-A879-4FE1-AF78-2EE7D2C9B7B4}.Debug|Any CPU.ActiveCfg = Debug|x86
		{E15F7F49-A879-4FE1-AF78-2EE7D2C9B7B4}.Debug|Any CPU.Build.0 = Debug|x86
		{E15F7F49-A879-4FE1-AF78-2EE7D2C9B7B4}.Debug|x86.ActiveCfg = Debug|x86
		{E15F7F49-A879-4FE1-AF78-2EE7D2C9B7B4}.Debug|x86.Build.0 = Debug|x86
		{E15F7F49-A879-4FE1-AF78-2EE7D2C9B7B4}.Release|Any CPU.ActiveCfg = Release|x86
		{E15F7F49-A879-4FE1-AF78-2EE7D2C9B7B4}.Release|Any CPU.Build.0 = Release|x86
		{E15F7F49-A879-4FE1-AF78-2EE7D2C9B7B4}.Release|x86.ActiveCfg = Release|x86
		{E15F7F49-A879-4FE1-AF78-2EE7D2C9B7B4}.Release|x86.Build.0 = Release|x86
	EndGlobalSection
	GlobalSection(SolutionProperties) = preSolution
		HideSolutionNode = FALSE
	EndGlobalSection
EndGlobal
