
Microsoft Visual Studio Solution File, Format Version 9.00
# Visual Studio 2005
Project("{FAE04EC0-301F-11D3-BF4B-00C04F79EFBC}") = "Oatc.OpenMI.Gui.Core", "Core\Oatc.OpenMI.Gui.Core.csproj", "{5ED7C71D-E89A-41F7-8B34-54C0C099412C}"
EndProject
Project("{FAE04EC0-301F-11D3-BF4B-00C04F79EFBC}") = "Oatc.OpenMI.Gui.Controls", "Controls\Oatc.OpenMI.Gui.Controls.csproj", "{FC8850E1-3C5A-4B6D-8012-A7411B06F863}"
EndProject
Project("{FAE04EC0-301F-11D3-BF4B-00C04F79EFBC}") = "Oatc.OpenMI.Gui.ConfigurationEditor", "ConfigurationEditor\Oatc.OpenMI.Gui.ConfigurationEditor.csproj", "{5990D533-2648-49CB-A3F2-A31EC8F03D59}"
EndProject
Project("{FAE04EC0-301F-11D3-BF4B-00C04F79EFBC}") = "Oatc.OpenMI.Gui.CommandLine", "CommandLine\Oatc.OpenMI.Gui.CommandLine.csproj", "{46FB499C-4EE5-4D44-8DCA-E55A83437934}"
EndProject
Project("{2150E333-8FDC-42A3-9474-1A3956D46DE8}") = "GUI", "GUI", "{6FF6DEE5-ED09-4A53-816A-F0C52FA54664}"
EndProject
Project("{2150E333-8FDC-42A3-9474-1A3956D46DE8}") = "SDK", "SDK", "{886DB789-8B1E-4D23-945B-F25FBD7B674D}"
EndProject
Project("{2150E333-8FDC-42A3-9474-1A3956D46DE8}") = "Unit Tests", "Unit Tests", "{99CDEC85-F616-4019-BC81-220F6333DA50}"
EndProject
Project("{FAE04EC0-301F-11D3-BF4B-00C04F79EFBC}") = "Oatc.OpenMI.Sdk.Backbone.UnitTest", "..\Sdk\Backbone\UnitTest\Oatc.OpenMI.Sdk.Backbone.UnitTest.csproj", "{1EF5387C-0764-4E42-99B9-78356B582281}"
EndProject
Project("{FAE04EC0-301F-11D3-BF4B-00C04F79EFBC}") = "Oatc.OpenMI.Sdk.Buffer.UnitTest", "..\Sdk\Buffer\UnitTest\Oatc.OpenMI.Sdk.Buffer.UnitTest.csproj", "{606EEBBC-96CF-4A21-9AA6-8B4674FF2996}"
EndProject
Project("{FAE04EC0-301F-11D3-BF4B-00C04F79EFBC}") = "Oatc.OpenMI.Sdk.DevelopmentSupport.UnitTest", "..\Sdk\DevelopmentSupport\UnitTest\Oatc.OpenMI.Sdk.DevelopmentSupport.UnitTest.csproj", "{2E021CD1-94DA-4431-A5D7-1E810A834119}"
EndProject
Project("{FAE04EC0-301F-11D3-BF4B-00C04F79EFBC}") = "Oatc.OpenMI.Sdk.Spatial.UnitTest", "..\Sdk\Spatial\UnitTest\Oatc.OpenMI.Sdk.Spatial.UnitTest.csproj", "{9020FF67-3C7C-4CC2-9595-53C6BAD2F66E}"
EndProject
Project("{FAE04EC0-301F-11D3-BF4B-00C04F79EFBC}") = "Oatc.OpenMI.Sdk.Wrapper.UnitTest", "..\Sdk\Wrapper\UnitTest\Oatc.OpenMI.Sdk.Wrapper.UnitTest.csproj", "{D1CF8C4C-2941-49A6-A212-DCDBBF71E088}"
EndProject
Project("{FAE04EC0-301F-11D3-BF4B-00C04F79EFBC}") = "Oatc.OpenMI.Sdk.Backbone", "..\Sdk\Backbone\Oatc.OpenMI.Sdk.Backbone.csproj", "{23C206AE-CBEF-4FD1-9928-BF04147B62B2}"
EndProject
Project("{FAE04EC0-301F-11D3-BF4B-00C04F79EFBC}") = "Oatc.OpenMI.Sdk.Buffer", "..\Sdk\Buffer\Oatc.OpenMI.Sdk.Buffer.csproj", "{C9844E74-074D-46FA-AEF6-371B3481468B}"
EndProject
Project("{FAE04EC0-301F-11D3-BF4B-00C04F79EFBC}") = "Oatc.OpenMI.Sdk.DevelopmentSupport", "..\Sdk\DevelopmentSupport\Oatc.OpenMI.Sdk.DevelopmentSupport.csproj", "{B7BE8C7F-0679-4022-81A5-6A314C058429}"
EndProject
Project("{FAE04EC0-301F-11D3-BF4B-00C04F79EFBC}") = "Oatc.OpenMI.Sdk.Spatial", "..\Sdk\Spatial\Oatc.OpenMI.Sdk.Spatial.csproj", "{4EFA1DE2-9C54-4C3F-94B1-89EA6D8E916C}"
EndProject
Project("{FAE04EC0-301F-11D3-BF4B-00C04F79EFBC}") = "Oatc.OpenMI.Sdk.Wrapper", "..\Sdk\Wrapper\Oatc.OpenMI.Sdk.Wrapper.csproj", "{3DF52260-A727-405B-88A8-630BCE9085AC}"
EndProject
Global
	GlobalSection(SolutionConfigurationPlatforms) = preSolution
		Debug|Any CPU = Debug|Any CPU
		Release|Any CPU = Release|Any CPU
	EndGlobalSection
	GlobalSection(ProjectConfigurationPlatforms) = postSolution
		{5ED7C71D-E89A-41F7-8B34-54C0C099412C}.Debug|Any CPU.ActiveCfg = Debug|Any CPU
		{5ED7C71D-E89A-41F7-8B34-54C0C099412C}.Debug|Any CPU.Build.0 = Debug|Any CPU
		{5ED7C71D-E89A-41F7-8B34-54C0C099412C}.Release|Any CPU.ActiveCfg = Release|Any CPU
		{5ED7C71D-E89A-41F7-8B34-54C0C099412C}.Release|Any CPU.Build.0 = Release|Any CPU
		{FC8850E1-3C5A-4B6D-8012-A7411B06F863}.Debug|Any CPU.ActiveCfg = Debug|Any CPU
		{FC8850E1-3C5A-4B6D-8012-A7411B06F863}.Debug|Any CPU.Build.0 = Debug|Any CPU
		{FC8850E1-3C5A-4B6D-8012-A7411B06F863}.Release|Any CPU.ActiveCfg = Release|Any CPU
		{FC8850E1-3C5A-4B6D-8012-A7411B06F863}.Release|Any CPU.Build.0 = Release|Any CPU
		{5990D533-2648-49CB-A3F2-A31EC8F03D59}.Debug|Any CPU.ActiveCfg = Debug|Any CPU
		{5990D533-2648-49CB-A3F2-A31EC8F03D59}.Debug|Any CPU.Build.0 = Debug|Any CPU
		{5990D533-2648-49CB-A3F2-A31EC8F03D59}.Release|Any CPU.ActiveCfg = Release|Any CPU
		{5990D533-2648-49CB-A3F2-A31EC8F03D59}.Release|Any CPU.Build.0 = Release|Any CPU
		{46FB499C-4EE5-4D44-8DCA-E55A83437934}.Debug|Any CPU.ActiveCfg = Debug|Any CPU
		{46FB499C-4EE5-4D44-8DCA-E55A83437934}.Debug|Any CPU.Build.0 = Debug|Any CPU
		{46FB499C-4EE5-4D44-8DCA-E55A83437934}.Release|Any CPU.ActiveCfg = Release|Any CPU
		{46FB499C-4EE5-4D44-8DCA-E55A83437934}.Release|Any CPU.Build.0 = Release|Any CPU
		{1EF5387C-0764-4E42-99B9-78356B582281}.Debug|Any CPU.ActiveCfg = Debug|Any CPU
		{1EF5387C-0764-4E42-99B9-78356B582281}.Debug|Any CPU.Build.0 = Debug|Any CPU
		{1EF5387C-0764-4E42-99B9-78356B582281}.Release|Any CPU.ActiveCfg = Release|Any CPU
		{1EF5387C-0764-4E42-99B9-78356B582281}.Release|Any CPU.Build.0 = Release|Any CPU
		{606EEBBC-96CF-4A21-9AA6-8B4674FF2996}.Debug|Any CPU.ActiveCfg = Debug|Any CPU
		{606EEBBC-96CF-4A21-9AA6-8B4674FF2996}.Debug|Any CPU.Build.0 = Debug|Any CPU
		{606EEBBC-96CF-4A21-9AA6-8B4674FF2996}.Release|Any CPU.ActiveCfg = Release|Any CPU
		{606EEBBC-96CF-4A21-9AA6-8B4674FF2996}.Release|Any CPU.Build.0 = Release|Any CPU
		{2E021CD1-94DA-4431-A5D7-1E810A834119}.Debug|Any CPU.ActiveCfg = Debug|Any CPU
		{2E021CD1-94DA-4431-A5D7-1E810A834119}.Debug|Any CPU.Build.0 = Debug|Any CPU
		{2E021CD1-94DA-4431-A5D7-1E810A834119}.Release|Any CPU.ActiveCfg = Release|Any CPU
		{2E021CD1-94DA-4431-A5D7-1E810A834119}.Release|Any CPU.Build.0 = Release|Any CPU
		{9020FF67-3C7C-4CC2-9595-53C6BAD2F66E}.Debug|Any CPU.ActiveCfg = Debug|Any CPU
		{9020FF67-3C7C-4CC2-9595-53C6BAD2F66E}.Debug|Any CPU.Build.0 = Debug|Any CPU
		{9020FF67-3C7C-4CC2-9595-53C6BAD2F66E}.Release|Any CPU.ActiveCfg = Release|Any CPU
		{9020FF67-3C7C-4CC2-9595-53C6BAD2F66E}.Release|Any CPU.Build.0 = Release|Any CPU
		{D1CF8C4C-2941-49A6-A212-DCDBBF71E088}.Debug|Any CPU.ActiveCfg = Debug|Any CPU
		{D1CF8C4C-2941-49A6-A212-DCDBBF71E088}.Debug|Any CPU.Build.0 = Debug|Any CPU
		{D1CF8C4C-2941-49A6-A212-DCDBBF71E088}.Release|Any CPU.ActiveCfg = Release|Any CPU
		{D1CF8C4C-2941-49A6-A212-DCDBBF71E088}.Release|Any CPU.Build.0 = Release|Any CPU
		{23C206AE-CBEF-4FD1-9928-BF04147B62B2}.Debug|Any CPU.ActiveCfg = Debug|Any CPU
		{23C206AE-CBEF-4FD1-9928-BF04147B62B2}.Debug|Any CPU.Build.0 = Debug|Any CPU
		{23C206AE-CBEF-4FD1-9928-BF04147B62B2}.Release|Any CPU.ActiveCfg = Release|Any CPU
		{23C206AE-CBEF-4FD1-9928-BF04147B62B2}.Release|Any CPU.Build.0 = Release|Any CPU
		{C9844E74-074D-46FA-AEF6-371B3481468B}.Debug|Any CPU.ActiveCfg = Debug|Any CPU
		{C9844E74-074D-46FA-AEF6-371B3481468B}.Debug|Any CPU.Build.0 = Debug|Any CPU
		{C9844E74-074D-46FA-AEF6-371B3481468B}.Release|Any CPU.ActiveCfg = Release|Any CPU
		{C9844E74-074D-46FA-AEF6-371B3481468B}.Release|Any CPU.Build.0 = Release|Any CPU
		{B7BE8C7F-0679-4022-81A5-6A314C058429}.Debug|Any CPU.ActiveCfg = Debug|Any CPU
		{B7BE8C7F-0679-4022-81A5-6A314C058429}.Debug|Any CPU.Build.0 = Debug|Any CPU
		{B7BE8C7F-0679-4022-81A5-6A314C058429}.Release|Any CPU.ActiveCfg = Release|Any CPU
		{B7BE8C7F-0679-4022-81A5-6A314C058429}.Release|Any CPU.Build.0 = Release|Any CPU
		{4EFA1DE2-9C54-4C3F-94B1-89EA6D8E916C}.Debug|Any CPU.ActiveCfg = Debug|Any CPU
		{4EFA1DE2-9C54-4C3F-94B1-89EA6D8E916C}.Debug|Any CPU.Build.0 = Debug|Any CPU
		{4EFA1DE2-9C54-4C3F-94B1-89EA6D8E916C}.Release|Any CPU.ActiveCfg = Release|Any CPU
		{4EFA1DE2-9C54-4C3F-94B1-89EA6D8E916C}.Release|Any CPU.Build.0 = Release|Any CPU
		{3DF52260-A727-405B-88A8-630BCE9085AC}.Debug|Any CPU.ActiveCfg = Debug|Any CPU
		{3DF52260-A727-405B-88A8-630BCE9085AC}.Debug|Any CPU.Build.0 = Debug|Any CPU
		{3DF52260-A727-405B-88A8-630BCE9085AC}.Release|Any CPU.ActiveCfg = Release|Any CPU
		{3DF52260-A727-405B-88A8-630BCE9085AC}.Release|Any CPU.Build.0 = Release|Any CPU
	EndGlobalSection
	GlobalSection(SolutionProperties) = preSolution
		HideSolutionNode = FALSE
	EndGlobalSection
	GlobalSection(NestedProjects) = preSolution
		{FC8850E1-3C5A-4B6D-8012-A7411B06F863} = {6FF6DEE5-ED09-4A53-816A-F0C52FA54664}
		{5990D533-2648-49CB-A3F2-A31EC8F03D59} = {6FF6DEE5-ED09-4A53-816A-F0C52FA54664}
		{46FB499C-4EE5-4D44-8DCA-E55A83437934} = {6FF6DEE5-ED09-4A53-816A-F0C52FA54664}
		{5ED7C71D-E89A-41F7-8B34-54C0C099412C} = {6FF6DEE5-ED09-4A53-816A-F0C52FA54664}
		{99CDEC85-F616-4019-BC81-220F6333DA50} = {886DB789-8B1E-4D23-945B-F25FBD7B674D}
		{23C206AE-CBEF-4FD1-9928-BF04147B62B2} = {886DB789-8B1E-4D23-945B-F25FBD7B674D}
		{C9844E74-074D-46FA-AEF6-371B3481468B} = {886DB789-8B1E-4D23-945B-F25FBD7B674D}
		{B7BE8C7F-0679-4022-81A5-6A314C058429} = {886DB789-8B1E-4D23-945B-F25FBD7B674D}
		{4EFA1DE2-9C54-4C3F-94B1-89EA6D8E916C} = {886DB789-8B1E-4D23-945B-F25FBD7B674D}
		{3DF52260-A727-405B-88A8-630BCE9085AC} = {886DB789-8B1E-4D23-945B-F25FBD7B674D}
		{1EF5387C-0764-4E42-99B9-78356B582281} = {99CDEC85-F616-4019-BC81-220F6333DA50}
		{606EEBBC-96CF-4A21-9AA6-8B4674FF2996} = {99CDEC85-F616-4019-BC81-220F6333DA50}
		{2E021CD1-94DA-4431-A5D7-1E810A834119} = {99CDEC85-F616-4019-BC81-220F6333DA50}
		{9020FF67-3C7C-4CC2-9595-53C6BAD2F66E} = {99CDEC85-F616-4019-BC81-220F6333DA50}
		{D1CF8C4C-2941-49A6-A212-DCDBBF71E088} = {99CDEC85-F616-4019-BC81-220F6333DA50}
	EndGlobalSection
EndGlobal
