
Microsoft Visual Studio Solution File, Format Version 11.00
# Visual Studio 2010
Project("{FAE04EC0-301F-11D3-BF4B-00C04F79EFBC}") = "HelpTab", "HelpTab\HelpTab.csproj", "{D61FCB88-FF61-4EF4-BC5D-6C037B4B6DB0}"
EndProject
Global
	GlobalSection(SolutionConfigurationPlatforms) = preSolution
		Debug|Any CPU = Debug|Any CPU
		Release|Any CPU = Release|Any CPU
	EndGlobalSection
	GlobalSection(ProjectConfigurationPlatforms) = postSolution
		{D61FCB88-FF61-4EF4-BC5D-6C037B4B6DB0}.Debug|Any CPU.ActiveCfg = Release|x86
		{D61FCB88-FF61-4EF4-BC5D-6C037B4B6DB0}.Debug|Any CPU.Build.0 = Release|x86
		{D61FCB88-FF61-4EF4-BC5D-6C037B4B6DB0}.Release|Any CPU.ActiveCfg = Release|Any CPU
		{D61FCB88-FF61-4EF4-BC5D-6C037B4B6DB0}.Release|Any CPU.Build.0 = Release|Any CPU
	EndGlobalSection
	GlobalSection(SolutionProperties) = preSolution
		HideSolutionNode = FALSE
	EndGlobalSection
EndGlobal
