
Microsoft Visual Studio Solution File, Format Version 11.00
# Visual Studio 2010
Project("{FAE04EC0-301F-11D3-BF4B-00C04F79EFBC}") = "HydroDesktop.Data", "HydroDesktop.Data.csproj", "{CEB869C6-ED48-4846-9040-4E82AB58B86B}"
EndProject
Global
	GlobalSection(SolutionConfigurationPlatforms) = preSolution
		Debug|Any CPU = Debug|Any CPU
		Debug|x86 = Debug|x86
		Release|Any CPU = Release|Any CPU
		Release|x86 = Release|x86
	EndGlobalSection
	GlobalSection(ProjectConfigurationPlatforms) = postSolution
		{CEB869C6-ED48-4846-9040-4E82AB58B86B}.Debug|Any CPU.ActiveCfg = Debug|Any CPU
		{CEB869C6-ED48-4846-9040-4E82AB58B86B}.Debug|Any CPU.Build.0 = Debug|Any CPU
		{CEB869C6-ED48-4846-9040-4E82AB58B86B}.Debug|x86.ActiveCfg = Debug|x86
		{CEB869C6-ED48-4846-9040-4E82AB58B86B}.Debug|x86.Build.0 = Debug|x86
		{CEB869C6-ED48-4846-9040-4E82AB58B86B}.Release|Any CPU.ActiveCfg = Release|Any CPU
		{CEB869C6-ED48-4846-9040-4E82AB58B86B}.Release|Any CPU.Build.0 = Release|Any CPU
		{CEB869C6-ED48-4846-9040-4E82AB58B86B}.Release|x86.ActiveCfg = Release|x86
		{CEB869C6-ED48-4846-9040-4E82AB58B86B}.Release|x86.Build.0 = Release|x86
	EndGlobalSection
	GlobalSection(SolutionProperties) = preSolution
		HideSolutionNode = FALSE
	EndGlobalSection
EndGlobal
