
Microsoft Visual Studio Solution File, Format Version 12.00
# Visual Studio Express 2012 for Windows Desktop
Project("{FAE04EC0-301F-11D3-BF4B-00C04F79EFBC}") = "ElevationGraphPlugin", "ElevationGraphPlugin.csproj", "{DAA25278-5E68-4E3E-8B96-1B6B4A269B08}"
EndProject
Global
	GlobalSection(SolutionConfigurationPlatforms) = preSolution
		Debug|Any CPU = Debug|Any CPU
		Release|Any CPU = Release|Any CPU
	EndGlobalSection
	GlobalSection(ProjectConfigurationPlatforms) = postSolution
		{DAA25278-5E68-4E3E-8B96-1B6B4A269B08}.Debug|Any CPU.ActiveCfg = Debug|Any CPU
		{DAA25278-5E68-4E3E-8B96-1B6B4A269B08}.Debug|Any CPU.Build.0 = Debug|Any CPU
		{DAA25278-5E68-4E3E-8B96-1B6B4A269B08}.Release|Any CPU.ActiveCfg = Release|Any CPU
		{DAA25278-5E68-4E3E-8B96-1B6B4A269B08}.Release|Any CPU.Build.0 = Release|Any CPU
	EndGlobalSection
	GlobalSection(SolutionProperties) = preSolution
		HideSolutionNode = FALSE
	EndGlobalSection
EndGlobal
