
Microsoft Visual Studio Solution File, Format Version 11.00
# Visual Studio 2010
Project("{FAE04EC0-301F-11D3-BF4B-00C04F79EFBC}") = "HydroR", "HydroR.csproj", "{C872275F-6717-43F1-BD8E-AF4AC077DB43}"
EndProject
Global
	GlobalSection(SolutionConfigurationPlatforms) = preSolution
		Debug|Any CPU = Debug|Any CPU
		Release|Any CPU = Release|Any CPU
	EndGlobalSection
	GlobalSection(ProjectConfigurationPlatforms) = postSolution
		{C872275F-6717-43F1-BD8E-AF4AC077DB43}.Debug|Any CPU.ActiveCfg = Debug|Any CPU
		{C872275F-6717-43F1-BD8E-AF4AC077DB43}.Debug|Any CPU.Build.0 = Debug|Any CPU
		{C872275F-6717-43F1-BD8E-AF4AC077DB43}.Release|Any CPU.ActiveCfg = Release|x86
		{C872275F-6717-43F1-BD8E-AF4AC077DB43}.Release|Any CPU.Build.0 = Release|x86
	EndGlobalSection
	GlobalSection(SolutionProperties) = preSolution
		HideSolutionNode = FALSE
	EndGlobalSection
EndGlobal
