
Microsoft Visual Studio Solution File, Format Version 10.00
# Visual Studio 2008
Project("{FAE04EC0-301F-11D3-BF4B-00C04F79EFBC}") = "PrecipitableWater", "PrecipitableWater.csproj", "{C2D86473-5017-450D-8115-5C44F55FA347}"
EndProject
Project("{FAE04EC0-301F-11D3-BF4B-00C04F79EFBC}") = "PrecipWaterTest", "..\PrecipWaterTest\PrecipWaterTest.csproj", "{BB00F1AE-5475-41E3-9F98-773B7DB72393}"
EndProject
Global
	GlobalSection(SolutionConfigurationPlatforms) = preSolution
		Debug|Any CPU = Debug|Any CPU
		Release|Any CPU = Release|Any CPU
	EndGlobalSection
	GlobalSection(ProjectConfigurationPlatforms) = postSolution
		{C2D86473-5017-450D-8115-5C44F55FA347}.Debug|Any CPU.ActiveCfg = Debug|Any CPU
		{C2D86473-5017-450D-8115-5C44F55FA347}.Debug|Any CPU.Build.0 = Debug|Any CPU
		{C2D86473-5017-450D-8115-5C44F55FA347}.Release|Any CPU.ActiveCfg = Release|Any CPU
		{C2D86473-5017-450D-8115-5C44F55FA347}.Release|Any CPU.Build.0 = Release|Any CPU
		{BB00F1AE-5475-41E3-9F98-773B7DB72393}.Debug|Any CPU.ActiveCfg = Debug|Any CPU
		{BB00F1AE-5475-41E3-9F98-773B7DB72393}.Debug|Any CPU.Build.0 = Debug|Any CPU
		{BB00F1AE-5475-41E3-9F98-773B7DB72393}.Release|Any CPU.ActiveCfg = Release|Any CPU
		{BB00F1AE-5475-41E3-9F98-773B7DB72393}.Release|Any CPU.Build.0 = Release|Any CPU
	EndGlobalSection
	GlobalSection(SolutionProperties) = preSolution
		HideSolutionNode = FALSE
	EndGlobalSection
EndGlobal
