
Microsoft Visual Studio Solution File, Format Version 11.00
# Visual Studio 2010
Project("{FAE04EC0-301F-11D3-BF4B-00C04F79EFBC}") = "trmm", "trmm.csproj", "{9F2A3CF1-7A4A-449A-95B2-5268CB985F25}"
EndProject
Global
	GlobalSection(SolutionConfigurationPlatforms) = preSolution
		Debug|Any CPU = Debug|Any CPU
		Debug|x86 = Debug|x86
		Release|Any CPU = Release|Any CPU
		Release|x86 = Release|x86
	EndGlobalSection
	GlobalSection(ProjectConfigurationPlatforms) = postSolution
		{9F2A3CF1-7A4A-449A-95B2-5268CB985F25}.Debug|Any CPU.ActiveCfg = Debug|Any CPU
		{9F2A3CF1-7A4A-449A-95B2-5268CB985F25}.Debug|Any CPU.Build.0 = Debug|Any CPU
		{9F2A3CF1-7A4A-449A-95B2-5268CB985F25}.Debug|x86.ActiveCfg = Debug|x86
		{9F2A3CF1-7A4A-449A-95B2-5268CB985F25}.Debug|x86.Build.0 = Debug|x86
		{9F2A3CF1-7A4A-449A-95B2-5268CB985F25}.Release|Any CPU.ActiveCfg = Release|Any CPU
		{9F2A3CF1-7A4A-449A-95B2-5268CB985F25}.Release|Any CPU.Build.0 = Release|Any CPU
		{9F2A3CF1-7A4A-449A-95B2-5268CB985F25}.Release|x86.ActiveCfg = Release|x86
		{9F2A3CF1-7A4A-449A-95B2-5268CB985F25}.Release|x86.Build.0 = Release|x86
	EndGlobalSection
	GlobalSection(SolutionProperties) = preSolution
		HideSolutionNode = FALSE
	EndGlobalSection
EndGlobal
