
Microsoft Visual Studio Solution File, Format Version 10.00
# Visual Studio 2008
Project("{FAE04EC0-301F-11D3-BF4B-00C04F79EFBC}") = "LoadCalculator", "LoadCalculator.csproj", "{2672B7C8-BDAC-413A-AA08-6666D5B3BC64}"
EndProject
Project("{FAE04EC0-301F-11D3-BF4B-00C04F79EFBC}") = "Test", "Test\Test.csproj", "{F69B1608-D115-47F4-8E23-A8D1EBC9E850}"
EndProject
Project("{FAE04EC0-301F-11D3-BF4B-00C04F79EFBC}") = "DbReader", "..\DbReader\Source\DbReader.csproj", "{F7FC143A-18E5-428A-B79F-FC20BFFE6266}"
EndProject
Project("{FAE04EC0-301F-11D3-BF4B-00C04F79EFBC}") = "DbWriter", "..\DbWriter\Source\DbWriter.csproj", "{1CBE4440-985E-405B-BFBE-01F0E26AD2C5}"
EndProject
Project("{FAE04EC0-301F-11D3-BF4B-00C04F79EFBC}") = "hydrodesktop", "..\..\..\..\Main\hydrodesktop.csproj", "{31AA4F21-4E7E-413D-ACCF-0D0B78DC3764}"
EndProject
Global
	GlobalSection(SolutionConfigurationPlatforms) = preSolution
		Debug|Any CPU = Debug|Any CPU
		Release|Any CPU = Release|Any CPU
	EndGlobalSection
	GlobalSection(ProjectConfigurationPlatforms) = postSolution
		{2672B7C8-BDAC-413A-AA08-6666D5B3BC64}.Debug|Any CPU.ActiveCfg = Debug|Any CPU
		{2672B7C8-BDAC-413A-AA08-6666D5B3BC64}.Debug|Any CPU.Build.0 = Debug|Any CPU
		{2672B7C8-BDAC-413A-AA08-6666D5B3BC64}.Release|Any CPU.ActiveCfg = Release|Any CPU
		{2672B7C8-BDAC-413A-AA08-6666D5B3BC64}.Release|Any CPU.Build.0 = Release|Any CPU
		{F69B1608-D115-47F4-8E23-A8D1EBC9E850}.Debug|Any CPU.ActiveCfg = Debug|Any CPU
		{F69B1608-D115-47F4-8E23-A8D1EBC9E850}.Debug|Any CPU.Build.0 = Debug|Any CPU
		{F69B1608-D115-47F4-8E23-A8D1EBC9E850}.Release|Any CPU.ActiveCfg = Release|Any CPU
		{F69B1608-D115-47F4-8E23-A8D1EBC9E850}.Release|Any CPU.Build.0 = Release|Any CPU
		{F7FC143A-18E5-428A-B79F-FC20BFFE6266}.Debug|Any CPU.ActiveCfg = Debug|Any CPU
		{F7FC143A-18E5-428A-B79F-FC20BFFE6266}.Debug|Any CPU.Build.0 = Debug|Any CPU
		{F7FC143A-18E5-428A-B79F-FC20BFFE6266}.Release|Any CPU.ActiveCfg = Release|Any CPU
		{F7FC143A-18E5-428A-B79F-FC20BFFE6266}.Release|Any CPU.Build.0 = Release|Any CPU
		{1CBE4440-985E-405B-BFBE-01F0E26AD2C5}.Debug|Any CPU.ActiveCfg = Debug|Any CPU
		{1CBE4440-985E-405B-BFBE-01F0E26AD2C5}.Debug|Any CPU.Build.0 = Debug|Any CPU
		{1CBE4440-985E-405B-BFBE-01F0E26AD2C5}.Release|Any CPU.ActiveCfg = Release|Any CPU
		{1CBE4440-985E-405B-BFBE-01F0E26AD2C5}.Release|Any CPU.Build.0 = Release|Any CPU
		{31AA4F21-4E7E-413D-ACCF-0D0B78DC3764}.Debug|Any CPU.ActiveCfg = Debug|Any CPU
		{31AA4F21-4E7E-413D-ACCF-0D0B78DC3764}.Debug|Any CPU.Build.0 = Debug|Any CPU
		{31AA4F21-4E7E-413D-ACCF-0D0B78DC3764}.Release|Any CPU.ActiveCfg = Release|Any CPU
		{31AA4F21-4E7E-413D-ACCF-0D0B78DC3764}.Release|Any CPU.Build.0 = Release|Any CPU
	EndGlobalSection
	GlobalSection(SolutionProperties) = preSolution
		HideSolutionNode = FALSE
	EndGlobalSection
EndGlobal
