
Microsoft Visual Studio Solution File, Format Version 10.00
# Visual Studio 2008
Project("{FAE04EC0-301F-11D3-BF4B-00C04F79EFBC}") = "HydroLinkTest", "HydroLinkTest.csproj", "{BDA8AEEF-67CA-4D4A-8C79-518365A9394B}"
EndProject
Project("{FAE04EC0-301F-11D3-BF4B-00C04F79EFBC}") = "HydroLink", "..\Source\HydroLink.csproj", "{988CE0B1-C125-424D-87CE-1CF02C6C7FD3}"
EndProject
Global
	GlobalSection(SolutionConfigurationPlatforms) = preSolution
		Debug|Any CPU = Debug|Any CPU
		Release|Any CPU = Release|Any CPU
	EndGlobalSection
	GlobalSection(ProjectConfigurationPlatforms) = postSolution
		{BDA8AEEF-67CA-4D4A-8C79-518365A9394B}.Debug|Any CPU.ActiveCfg = Debug|Any CPU
		{BDA8AEEF-67CA-4D4A-8C79-518365A9394B}.Debug|Any CPU.Build.0 = Debug|Any CPU
		{BDA8AEEF-67CA-4D4A-8C79-518365A9394B}.Release|Any CPU.ActiveCfg = Release|Any CPU
		{BDA8AEEF-67CA-4D4A-8C79-518365A9394B}.Release|Any CPU.Build.0 = Release|Any CPU
		{988CE0B1-C125-424D-87CE-1CF02C6C7FD3}.Debug|Any CPU.ActiveCfg = Debug|Any CPU
		{988CE0B1-C125-424D-87CE-1CF02C6C7FD3}.Debug|Any CPU.Build.0 = Debug|Any CPU
		{988CE0B1-C125-424D-87CE-1CF02C6C7FD3}.Release|Any CPU.ActiveCfg = Release|Any CPU
		{988CE0B1-C125-424D-87CE-1CF02C6C7FD3}.Release|Any CPU.Build.0 = Release|Any CPU
	EndGlobalSection
	GlobalSection(SolutionProperties) = preSolution
		HideSolutionNode = FALSE
	EndGlobalSection
EndGlobal
