
Microsoft Visual Studio Solution File, Format Version 10.00
# Visual Studio 2008
Project("{FAE04EC0-301F-11D3-BF4B-00C04F79EFBC}") = "SCSAbstractionMethod", "Source\SCSAbstractionMethod.csproj", "{4F93F5FA-C161-4FA8-B313-DE2E51418EF1}"
EndProject
Project("{FAE04EC0-301F-11D3-BF4B-00C04F79EFBC}") = "SCSMethodTest", "Test\SCSMethodTest.csproj", "{5B627A11-AB7A-429C-9329-DF936D84D3FE}"
EndProject
Global
	GlobalSection(SolutionConfigurationPlatforms) = preSolution
		Debug|Any CPU = Debug|Any CPU
		Release|Any CPU = Release|Any CPU
	EndGlobalSection
	GlobalSection(ProjectConfigurationPlatforms) = postSolution
		{4F93F5FA-C161-4FA8-B313-DE2E51418EF1}.Debug|Any CPU.ActiveCfg = Debug|Any CPU
		{4F93F5FA-C161-4FA8-B313-DE2E51418EF1}.Debug|Any CPU.Build.0 = Debug|Any CPU
		{4F93F5FA-C161-4FA8-B313-DE2E51418EF1}.Release|Any CPU.ActiveCfg = Release|Any CPU
		{4F93F5FA-C161-4FA8-B313-DE2E51418EF1}.Release|Any CPU.Build.0 = Release|Any CPU
		{5B627A11-AB7A-429C-9329-DF936D84D3FE}.Debug|Any CPU.ActiveCfg = Debug|Any CPU
		{5B627A11-AB7A-429C-9329-DF936D84D3FE}.Debug|Any CPU.Build.0 = Debug|Any CPU
		{5B627A11-AB7A-429C-9329-DF936D84D3FE}.Release|Any CPU.ActiveCfg = Release|Any CPU
		{5B627A11-AB7A-429C-9329-DF936D84D3FE}.Release|Any CPU.Build.0 = Release|Any CPU
	EndGlobalSection
	GlobalSection(SolutionProperties) = preSolution
		HideSolutionNode = FALSE
	EndGlobalSection
EndGlobal
