
Microsoft Visual Studio Solution File, Format Version 10.00
# Visual Studio 2008
Project("{FAE04EC0-301F-11D3-BF4B-00C04F79EFBC}") = "SCSUnitHydrograph", "Source\SCSUnitHydrograph.csproj", "{0C53478E-B10B-4D30-A416-0D415940B713}"
EndProject
Project("{FAE04EC0-301F-11D3-BF4B-00C04F79EFBC}") = "TEST.Routing.NRCS_UnitHydrograph", "Test\TEST.Routing.NRCS_UnitHydrograph.csproj", "{21B813FC-47F1-43B4-86A7-94EC342C6724}"
EndProject
Global
	GlobalSection(SolutionConfigurationPlatforms) = preSolution
		Debug|Any CPU = Debug|Any CPU
		Release|Any CPU = Release|Any CPU
	EndGlobalSection
	GlobalSection(ProjectConfigurationPlatforms) = postSolution
		{0C53478E-B10B-4D30-A416-0D415940B713}.Debug|Any CPU.ActiveCfg = Debug|Any CPU
		{0C53478E-B10B-4D30-A416-0D415940B713}.Debug|Any CPU.Build.0 = Debug|Any CPU
		{0C53478E-B10B-4D30-A416-0D415940B713}.Release|Any CPU.ActiveCfg = Release|Any CPU
		{0C53478E-B10B-4D30-A416-0D415940B713}.Release|Any CPU.Build.0 = Release|Any CPU
		{21B813FC-47F1-43B4-86A7-94EC342C6724}.Debug|Any CPU.ActiveCfg = Debug|Any CPU
		{21B813FC-47F1-43B4-86A7-94EC342C6724}.Debug|Any CPU.Build.0 = Debug|Any CPU
		{21B813FC-47F1-43B4-86A7-94EC342C6724}.Release|Any CPU.ActiveCfg = Release|Any CPU
		{21B813FC-47F1-43B4-86A7-94EC342C6724}.Release|Any CPU.Build.0 = Release|Any CPU
	EndGlobalSection
	GlobalSection(SolutionProperties) = preSolution
		HideSolutionNode = FALSE
	EndGlobalSection
EndGlobal
