
Microsoft Visual Studio Solution File, Format Version 11.00
# Visual Studio 2010
Project("{FAE04EC0-301F-11D3-BF4B-00C04F79EFBC}") = "ImportFromWaterML", "ImportFromWaterML.csproj", "{9181CDE5-AD24-473D-A524-C3775563C902}"
EndProject
Global
	GlobalSection(SolutionConfigurationPlatforms) = preSolution
		Debug|Any CPU = Debug|Any CPU
		Release|Any CPU = Release|Any CPU
	EndGlobalSection
	GlobalSection(ProjectConfigurationPlatforms) = postSolution
		{9181CDE5-AD24-473D-A524-C3775563C902}.Debug|Any CPU.ActiveCfg = Release|x86
		{9181CDE5-AD24-473D-A524-C3775563C902}.Debug|Any CPU.Build.0 = Release|x86
		{9181CDE5-AD24-473D-A524-C3775563C902}.Release|Any CPU.ActiveCfg = Release|Any CPU
		{9181CDE5-AD24-473D-A524-C3775563C902}.Release|Any CPU.Build.0 = Release|Any CPU
	EndGlobalSection
	GlobalSection(SolutionProperties) = preSolution
		HideSolutionNode = FALSE
	EndGlobalSection
EndGlobal
