
Microsoft Visual Studio Solution File, Format Version 11.00
# Visual Studio 2010
Project("{FAE04EC0-301F-11D3-BF4B-00C04F79EFBC}") = "ExportToCSV", "ExportToCSV.csproj", "{9F73BC93-7B63-4D69-993A-03A0B2D0E2B2}"
EndProject
Global
	GlobalSection(SolutionConfigurationPlatforms) = preSolution
		Debug|Any CPU = Debug|Any CPU
		Release|Any CPU = Release|Any CPU
	EndGlobalSection
	GlobalSection(ProjectConfigurationPlatforms) = postSolution
		{9F73BC93-7B63-4D69-993A-03A0B2D0E2B2}.Debug|Any CPU.ActiveCfg = Release|x86
		{9F73BC93-7B63-4D69-993A-03A0B2D0E2B2}.Debug|Any CPU.Build.0 = Release|x86
		{9F73BC93-7B63-4D69-993A-03A0B2D0E2B2}.Release|Any CPU.ActiveCfg = Release|Any CPU
		{9F73BC93-7B63-4D69-993A-03A0B2D0E2B2}.Release|Any CPU.Build.0 = Release|Any CPU
	EndGlobalSection
	GlobalSection(SolutionProperties) = preSolution
		HideSolutionNode = FALSE
	EndGlobalSection
EndGlobal
