
Microsoft Visual Studio Solution File, Format Version 11.00
# Visual Studio 2010
Project("{FAE04EC0-301F-11D3-BF4B-00C04F79EFBC}") = "Oatc.OpenMI.Sdk.Backbone", "Backbone\Oatc.OpenMI.Sdk.Backbone.csproj", "{23C206AE-CBEF-4FD1-9928-BF04147B62B2}"
EndProject
Project("{FAE04EC0-301F-11D3-BF4B-00C04F79EFBC}") = "Oatc.OpenMI.Sdk.Backbone.UnitTest", "Backbone\UnitTest\Oatc.OpenMI.Sdk.Backbone.UnitTest.csproj", "{1EF5387C-0764-4E42-99B9-78356B582281}"
EndProject
Project("{FAE04EC0-301F-11D3-BF4B-00C04F79EFBC}") = "Oatc.OpenMI.Sdk.DevelopmentSupport", "DevelopmentSupport\Oatc.OpenMI.Sdk.DevelopmentSupport.csproj", "{B7BE8C7F-0679-4022-81A5-6A314C058429}"
EndProject
Project("{FAE04EC0-301F-11D3-BF4B-00C04F79EFBC}") = "Oatc.OpenMI.Sdk.DevelopmentSupport.UnitTest", "DevelopmentSupport\UnitTest\Oatc.OpenMI.Sdk.DevelopmentSupport.UnitTest.csproj", "{2E021CD1-94DA-4431-A5D7-1E810A834119}"
EndProject
Project("{FAE04EC0-301F-11D3-BF4B-00C04F79EFBC}") = "Oatc.OpenMI.Sdk.Buffer", "Buffer\Oatc.OpenMI.Sdk.Buffer.csproj", "{C9844E74-074D-46FA-AEF6-371B3481468B}"
EndProject
Project("{FAE04EC0-301F-11D3-BF4B-00C04F79EFBC}") = "Oatc.OpenMI.Sdk.Buffer.UnitTest", "Buffer\UnitTest\Oatc.OpenMI.Sdk.Buffer.UnitTest.csproj", "{606EEBBC-96CF-4A21-9AA6-8B4674FF2996}"
EndProject
Project("{FAE04EC0-301F-11D3-BF4B-00C04F79EFBC}") = "Oatc.OpenMI.Sdk.Spatial", "Spatial\Oatc.OpenMI.Sdk.Spatial.csproj", "{4EFA1DE2-9C54-4C3F-94B1-89EA6D8E916C}"
EndProject
Project("{FAE04EC0-301F-11D3-BF4B-00C04F79EFBC}") = "Oatc.OpenMI.Sdk.Spatial.UnitTest", "Spatial\UnitTest\Oatc.OpenMI.Sdk.Spatial.UnitTest.csproj", "{9020FF67-3C7C-4CC2-9595-53C6BAD2F66E}"
EndProject
Project("{FAE04EC0-301F-11D3-BF4B-00C04F79EFBC}") = "Oatc.OpenMI.Sdk.Wrapper", "Wrapper\Oatc.OpenMI.Sdk.Wrapper.csproj", "{3DF52260-A727-405B-88A8-630BCE9085AC}"
EndProject
Project("{FAE04EC0-301F-11D3-BF4B-00C04F79EFBC}") = "Oatc.OpenMI.Sdk.Wrapper.UnitTest", "Wrapper\UnitTest\Oatc.OpenMI.Sdk.Wrapper.UnitTest.csproj", "{D1CF8C4C-2941-49A6-A212-DCDBBF71E088}"
EndProject
Global
	GlobalSection(SolutionConfigurationPlatforms) = preSolution
		Debug|Any CPU = Debug|Any CPU
		Release|Any CPU = Release|Any CPU
	EndGlobalSection
	GlobalSection(ProjectConfigurationPlatforms) = postSolution
		{23C206AE-CBEF-4FD1-9928-BF04147B62B2}.Debug|Any CPU.ActiveCfg = Debug|Any CPU
		{23C206AE-CBEF-4FD1-9928-BF04147B62B2}.Debug|Any CPU.Build.0 = Debug|Any CPU
		{23C206AE-CBEF-4FD1-9928-BF04147B62B2}.Release|Any CPU.ActiveCfg = Release|Any CPU
		{23C206AE-CBEF-4FD1-9928-BF04147B62B2}.Release|Any CPU.Build.0 = Release|Any CPU
		{1EF5387C-0764-4E42-99B9-78356B582281}.Debug|Any CPU.ActiveCfg = Debug|Any CPU
		{1EF5387C-0764-4E42-99B9-78356B582281}.Debug|Any CPU.Build.0 = Debug|Any CPU
		{1EF5387C-0764-4E42-99B9-78356B582281}.Release|Any CPU.ActiveCfg = Release|Any CPU
		{1EF5387C-0764-4E42-99B9-78356B582281}.Release|Any CPU.Build.0 = Release|Any CPU
		{B7BE8C7F-0679-4022-81A5-6A314C058429}.Debug|Any CPU.ActiveCfg = Debug|Any CPU
		{B7BE8C7F-0679-4022-81A5-6A314C058429}.Debug|Any CPU.Build.0 = Debug|Any CPU
		{B7BE8C7F-0679-4022-81A5-6A314C058429}.Release|Any CPU.ActiveCfg = Release|Any CPU
		{B7BE8C7F-0679-4022-81A5-6A314C058429}.Release|Any CPU.Build.0 = Release|Any CPU
		{2E021CD1-94DA-4431-A5D7-1E810A834119}.Debug|Any CPU.ActiveCfg = Debug|Any CPU
		{2E021CD1-94DA-4431-A5D7-1E810A834119}.Debug|Any CPU.Build.0 = Debug|Any CPU
		{2E021CD1-94DA-4431-A5D7-1E810A834119}.Release|Any CPU.ActiveCfg = Release|Any CPU
		{2E021CD1-94DA-4431-A5D7-1E810A834119}.Release|Any CPU.Build.0 = Release|Any CPU
		{C9844E74-074D-46FA-AEF6-371B3481468B}.Debug|Any CPU.ActiveCfg = Debug|Any CPU
		{C9844E74-074D-46FA-AEF6-371B3481468B}.Debug|Any CPU.Build.0 = Debug|Any CPU
		{C9844E74-074D-46FA-AEF6-371B3481468B}.Release|Any CPU.ActiveCfg = Release|Any CPU
		{C9844E74-074D-46FA-AEF6-371B3481468B}.Release|Any CPU.Build.0 = Release|Any CPU
		{606EEBBC-96CF-4A21-9AA6-8B4674FF2996}.Debug|Any CPU.ActiveCfg = Debug|Any CPU
		{606EEBBC-96CF-4A21-9AA6-8B4674FF2996}.Debug|Any CPU.Build.0 = Debug|Any CPU
		{606EEBBC-96CF-4A21-9AA6-8B4674FF2996}.Release|Any CPU.ActiveCfg = Release|Any CPU
		{606EEBBC-96CF-4A21-9AA6-8B4674FF2996}.Release|Any CPU.Build.0 = Release|Any CPU
		{4EFA1DE2-9C54-4C3F-94B1-89EA6D8E916C}.Debug|Any CPU.ActiveCfg = Debug|Any CPU
		{4EFA1DE2-9C54-4C3F-94B1-89EA6D8E916C}.Debug|Any CPU.Build.0 = Debug|Any CPU
		{4EFA1DE2-9C54-4C3F-94B1-89EA6D8E916C}.Release|Any CPU.ActiveCfg = Release|Any CPU
		{4EFA1DE2-9C54-4C3F-94B1-89EA6D8E916C}.Release|Any CPU.Build.0 = Release|Any CPU
		{9020FF67-3C7C-4CC2-9595-53C6BAD2F66E}.Debug|Any CPU.ActiveCfg = Debug|Any CPU
		{9020FF67-3C7C-4CC2-9595-53C6BAD2F66E}.Debug|Any CPU.Build.0 = Debug|Any CPU
		{9020FF67-3C7C-4CC2-9595-53C6BAD2F66E}.Release|Any CPU.ActiveCfg = Release|Any CPU
		{9020FF67-3C7C-4CC2-9595-53C6BAD2F66E}.Release|Any CPU.Build.0 = Release|Any CPU
		{3DF52260-A727-405B-88A8-630BCE9085AC}.Debug|Any CPU.ActiveCfg = Debug|Any CPU
		{3DF52260-A727-405B-88A8-630BCE9085AC}.Debug|Any CPU.Build.0 = Debug|Any CPU
		{3DF52260-A727-405B-88A8-630BCE9085AC}.Release|Any CPU.ActiveCfg = Release|Any CPU
		{3DF52260-A727-405B-88A8-630BCE9085AC}.Release|Any CPU.Build.0 = Release|Any CPU
		{D1CF8C4C-2941-49A6-A212-DCDBBF71E088}.Debug|Any CPU.ActiveCfg = Debug|Any CPU
		{D1CF8C4C-2941-49A6-A212-DCDBBF71E088}.Debug|Any CPU.Build.0 = Debug|Any CPU
		{D1CF8C4C-2941-49A6-A212-DCDBBF71E088}.Release|Any CPU.ActiveCfg = Release|Any CPU
		{D1CF8C4C-2941-49A6-A212-DCDBBF71E088}.Release|Any CPU.Build.0 = Release|Any CPU
	EndGlobalSection
	GlobalSection(SolutionProperties) = preSolution
		HideSolutionNode = FALSE
	EndGlobalSection
EndGlobal
