
Microsoft Visual Studio Solution File, Format Version 12.00
# Visual Studio 2012
Project("{FAE04EC0-301F-11D3-BF4B-00C04F79EFBC}") = "HydroDesktop.Data", "HydroDesktop.Data\HydroDesktop.Data.csproj", "{CEB869C6-ED48-4846-9040-4E82AB58B86B}"
	ProjectSection(ProjectDependencies) = postProject
		{0B9BA90B-2016-4754-915A-0AD74FD0067A} = {0B9BA90B-2016-4754-915A-0AD74FD0067A}
		{0CCD3F11-0F48-427F-BC98-9DD6D875F4BB} = {0CCD3F11-0F48-427F-BC98-9DD6D875F4BB}
	EndProjectSection
EndProject
Project("{FAE04EC0-301F-11D3-BF4B-00C04F79EFBC}") = "HydroDesktop.Configuration", "HydroDesktop.Configuration\HydroDesktop.Configuration.csproj", "{0CCD3F11-0F48-427F-BC98-9DD6D875F4BB}"
EndProject
Project("{FAE04EC0-301F-11D3-BF4B-00C04F79EFBC}") = "DataExport", "DataExport\DataExport.csproj", "{9F73BC93-7B63-4D69-993A-03A0B2D0E2B2}"
	ProjectSection(ProjectDependencies) = postProject
		{0B9BA90B-2016-4754-915A-0AD74FD0067A} = {0B9BA90B-2016-4754-915A-0AD74FD0067A}
		{0CCD3F11-0F48-427F-BC98-9DD6D875F4BB} = {0CCD3F11-0F48-427F-BC98-9DD6D875F4BB}
		{2FAAF21B-10DD-4430-87DC-54E981495485} = {2FAAF21B-10DD-4430-87DC-54E981495485}
		{D61FCB88-FF61-4EF4-BC5D-6C037B4B6DB0} = {D61FCB88-FF61-4EF4-BC5D-6C037B4B6DB0}
		{5B5ACBB1-74AE-4F51-890D-649309AD4E9C} = {5B5ACBB1-74AE-4F51-890D-649309AD4E9C}
		{CEB869C6-ED48-4846-9040-4E82AB58B86B} = {CEB869C6-ED48-4846-9040-4E82AB58B86B}
		{F09E70CC-9D65-45C2-A451-D22CFB400C26} = {F09E70CC-9D65-45C2-A451-D22CFB400C26}
		{28B872F6-39C6-405B-B52B-AC95289B052B} = {28B872F6-39C6-405B-B52B-AC95289B052B}
	EndProjectSection
EndProject
Project("{FAE04EC0-301F-11D3-BF4B-00C04F79EFBC}") = "HydroDesktop.Docking", "Docking\HydroDesktop.Docking.csproj", "{28B872F6-39C6-405B-B52B-AC95289B052B}"
	ProjectSection(ProjectDependencies) = postProject
		{2FAAF21B-10DD-4430-87DC-54E981495485} = {2FAAF21B-10DD-4430-87DC-54E981495485}
	EndProjectSection
EndProject
Project("{FAE04EC0-301F-11D3-BF4B-00C04F79EFBC}") = "EPADelineation", "EPADelineation\EPADelineation.csproj", "{11DA0AB7-F2EB-4D82-B72C-F255BA92426E}"
	ProjectSection(ProjectDependencies) = postProject
		{0B9BA90B-2016-4754-915A-0AD74FD0067A} = {0B9BA90B-2016-4754-915A-0AD74FD0067A}
		{0CCD3F11-0F48-427F-BC98-9DD6D875F4BB} = {0CCD3F11-0F48-427F-BC98-9DD6D875F4BB}
		{2FAAF21B-10DD-4430-87DC-54E981495485} = {2FAAF21B-10DD-4430-87DC-54E981495485}
		{D61FCB88-FF61-4EF4-BC5D-6C037B4B6DB0} = {D61FCB88-FF61-4EF4-BC5D-6C037B4B6DB0}
		{CEB869C6-ED48-4846-9040-4E82AB58B86B} = {CEB869C6-ED48-4846-9040-4E82AB58B86B}
		{28B872F6-39C6-405B-B52B-AC95289B052B} = {28B872F6-39C6-405B-B52B-AC95289B052B}
	EndProjectSection
EndProject
Project("{FAE04EC0-301F-11D3-BF4B-00C04F79EFBC}") = "HelpTab", "HelpTab\HelpTab\HelpTab.csproj", "{D61FCB88-FF61-4EF4-BC5D-6C037B4B6DB0}"
	ProjectSection(ProjectDependencies) = postProject
		{0CCD3F11-0F48-427F-BC98-9DD6D875F4BB} = {0CCD3F11-0F48-427F-BC98-9DD6D875F4BB}
		{2FAAF21B-10DD-4430-87DC-54E981495485} = {2FAAF21B-10DD-4430-87DC-54E981495485}
		{F09E70CC-9D65-45C2-A451-D22CFB400C26} = {F09E70CC-9D65-45C2-A451-D22CFB400C26}
	EndProjectSection
EndProject
Project("{FAE04EC0-301F-11D3-BF4B-00C04F79EFBC}") = "HydroR", "HydroR\HydroR.csproj", "{C872275F-6717-43F1-BD8E-AF4AC077DB43}"
	ProjectSection(ProjectDependencies) = postProject
		{0B9BA90B-2016-4754-915A-0AD74FD0067A} = {0B9BA90B-2016-4754-915A-0AD74FD0067A}
		{0CCD3F11-0F48-427F-BC98-9DD6D875F4BB} = {0CCD3F11-0F48-427F-BC98-9DD6D875F4BB}
		{2FAAF21B-10DD-4430-87DC-54E981495485} = {2FAAF21B-10DD-4430-87DC-54E981495485}
		{7D649595-3CD3-4F13-A59B-5F7B8716FDFA} = {7D649595-3CD3-4F13-A59B-5F7B8716FDFA}
		{5B5ACBB1-74AE-4F51-890D-649309AD4E9C} = {5B5ACBB1-74AE-4F51-890D-649309AD4E9C}
		{CEB869C6-ED48-4846-9040-4E82AB58B86B} = {CEB869C6-ED48-4846-9040-4E82AB58B86B}
		{28B872F6-39C6-405B-B52B-AC95289B052B} = {28B872F6-39C6-405B-B52B-AC95289B052B}
	EndProjectSection
EndProject
Project("{FAE04EC0-301F-11D3-BF4B-00C04F79EFBC}") = "MetadataFetcher", "MetadataFetcher\MetadataFetcher.csproj", "{3AEF14A0-5567-4F53-A4E6-4F1F692A1448}"
	ProjectSection(ProjectDependencies) = postProject
		{0B9BA90B-2016-4754-915A-0AD74FD0067A} = {0B9BA90B-2016-4754-915A-0AD74FD0067A}
		{0CCD3F11-0F48-427F-BC98-9DD6D875F4BB} = {0CCD3F11-0F48-427F-BC98-9DD6D875F4BB}
		{2FAAF21B-10DD-4430-87DC-54E981495485} = {2FAAF21B-10DD-4430-87DC-54E981495485}
		{7D649595-3CD3-4F13-A59B-5F7B8716FDFA} = {7D649595-3CD3-4F13-A59B-5F7B8716FDFA}
		{CEB869C6-ED48-4846-9040-4E82AB58B86B} = {CEB869C6-ED48-4846-9040-4E82AB58B86B}
		{28B872F6-39C6-405B-B52B-AC95289B052B} = {28B872F6-39C6-405B-B52B-AC95289B052B}
	EndProjectSection
EndProject
Project("{FAE04EC0-301F-11D3-BF4B-00C04F79EFBC}") = "DataDownload", "DataDownload\DataDownload\DataDownload.csproj", "{CBC247A5-F50E-41ED-807C-94DE7E970DB9}"
	ProjectSection(ProjectDependencies) = postProject
		{0B9BA90B-2016-4754-915A-0AD74FD0067A} = {0B9BA90B-2016-4754-915A-0AD74FD0067A}
		{0CCD3F11-0F48-427F-BC98-9DD6D875F4BB} = {0CCD3F11-0F48-427F-BC98-9DD6D875F4BB}
		{2FAAF21B-10DD-4430-87DC-54E981495485} = {2FAAF21B-10DD-4430-87DC-54E981495485}
		{7D649595-3CD3-4F13-A59B-5F7B8716FDFA} = {7D649595-3CD3-4F13-A59B-5F7B8716FDFA}
		{5B5ACBB1-74AE-4F51-890D-649309AD4E9C} = {5B5ACBB1-74AE-4F51-890D-649309AD4E9C}
		{CEB869C6-ED48-4846-9040-4E82AB58B86B} = {CEB869C6-ED48-4846-9040-4E82AB58B86B}
		{28B872F6-39C6-405B-B52B-AC95289B052B} = {28B872F6-39C6-405B-B52B-AC95289B052B}
	EndProjectSection
EndProject
Project("{FAE04EC0-301F-11D3-BF4B-00C04F79EFBC}") = "DataImport", "DataImport\DataImport.csproj", "{9181CDE5-AD24-473D-A524-C3775563C902}"
	ProjectSection(ProjectDependencies) = postProject
		{0B9BA90B-2016-4754-915A-0AD74FD0067A} = {0B9BA90B-2016-4754-915A-0AD74FD0067A}
		{0CCD3F11-0F48-427F-BC98-9DD6D875F4BB} = {0CCD3F11-0F48-427F-BC98-9DD6D875F4BB}
		{2FAAF21B-10DD-4430-87DC-54E981495485} = {2FAAF21B-10DD-4430-87DC-54E981495485}
		{7D649595-3CD3-4F13-A59B-5F7B8716FDFA} = {7D649595-3CD3-4F13-A59B-5F7B8716FDFA}
		{5B5ACBB1-74AE-4F51-890D-649309AD4E9C} = {5B5ACBB1-74AE-4F51-890D-649309AD4E9C}
		{CEB869C6-ED48-4846-9040-4E82AB58B86B} = {CEB869C6-ED48-4846-9040-4E82AB58B86B}
		{28B872F6-39C6-405B-B52B-AC95289B052B} = {28B872F6-39C6-405B-B52B-AC95289B052B}
	EndProjectSection
EndProject
Project("{F184B08F-C81C-45F6-A57F-5ABD9991F28F}") = "EditView", "EditView\EditView.vbproj", "{1119D6E1-5337-42C6-BBDA-3658808F319C}"
	ProjectSection(ProjectDependencies) = postProject
		{0B9BA90B-2016-4754-915A-0AD74FD0067A} = {0B9BA90B-2016-4754-915A-0AD74FD0067A}
		{0CCD3F11-0F48-427F-BC98-9DD6D875F4BB} = {0CCD3F11-0F48-427F-BC98-9DD6D875F4BB}
		{2FAAF21B-10DD-4430-87DC-54E981495485} = {2FAAF21B-10DD-4430-87DC-54E981495485}
		{5B5ACBB1-74AE-4F51-890D-649309AD4E9C} = {5B5ACBB1-74AE-4F51-890D-649309AD4E9C}
		{CEB869C6-ED48-4846-9040-4E82AB58B86B} = {CEB869C6-ED48-4846-9040-4E82AB58B86B}
		{28B872F6-39C6-405B-B52B-AC95289B052B} = {28B872F6-39C6-405B-B52B-AC95289B052B}
	EndProjectSection
EndProject
Project("{F184B08F-C81C-45F6-A57F-5ABD9991F28F}") = "GraphView", "GraphView\GraphView.vbproj", "{3DA5E14F-CECF-4C4E-89F5-A233A21BFF34}"
	ProjectSection(ProjectDependencies) = postProject
		{0B9BA90B-2016-4754-915A-0AD74FD0067A} = {0B9BA90B-2016-4754-915A-0AD74FD0067A}
		{0CCD3F11-0F48-427F-BC98-9DD6D875F4BB} = {0CCD3F11-0F48-427F-BC98-9DD6D875F4BB}
		{2FAAF21B-10DD-4430-87DC-54E981495485} = {2FAAF21B-10DD-4430-87DC-54E981495485}
		{5B5ACBB1-74AE-4F51-890D-649309AD4E9C} = {5B5ACBB1-74AE-4F51-890D-649309AD4E9C}
		{CEB869C6-ED48-4846-9040-4E82AB58B86B} = {CEB869C6-ED48-4846-9040-4E82AB58B86B}
		{28B872F6-39C6-405B-B52B-AC95289B052B} = {28B872F6-39C6-405B-B52B-AC95289B052B}
	EndProjectSection
EndProject
Project("{FAE04EC0-301F-11D3-BF4B-00C04F79EFBC}") = "HydroDesktop.MainPlugin", "HydroDesktop.MainPlugin\HydroDesktop.MainPlugin.csproj", "{2FAAF21B-10DD-4430-87DC-54E981495485}"
	ProjectSection(ProjectDependencies) = postProject
		{0B9BA90B-2016-4754-915A-0AD74FD0067A} = {0B9BA90B-2016-4754-915A-0AD74FD0067A}
		{0CCD3F11-0F48-427F-BC98-9DD6D875F4BB} = {0CCD3F11-0F48-427F-BC98-9DD6D875F4BB}
		{CEB869C6-ED48-4846-9040-4E82AB58B86B} = {CEB869C6-ED48-4846-9040-4E82AB58B86B}
	EndProjectSection
EndProject
Project("{2150E333-8FDC-42A3-9474-1A3956D46DE8}") = "Solution Items", "Solution Items", "{FF641240-4948-442D-9F64-72458BA88406}"
	ProjectSection(SolutionItems) = preProject
		AssemblyInfoShared.cs = AssemblyInfoShared.cs
		AssemblyInfoShared.vb = AssemblyInfoShared.vb
	EndProjectSection
EndProject
Project("{FAE04EC0-301F-11D3-BF4B-00C04F79EFBC}") = "Search3", "Search3\Search3.csproj", "{FB01F6EE-89C0-4A64-B023-C8CC566FF803}"
	ProjectSection(ProjectDependencies) = postProject
		{0B9BA90B-2016-4754-915A-0AD74FD0067A} = {0B9BA90B-2016-4754-915A-0AD74FD0067A}
		{0CCD3F11-0F48-427F-BC98-9DD6D875F4BB} = {0CCD3F11-0F48-427F-BC98-9DD6D875F4BB}
		{2FAAF21B-10DD-4430-87DC-54E981495485} = {2FAAF21B-10DD-4430-87DC-54E981495485}
		{7D649595-3CD3-4F13-A59B-5F7B8716FDFA} = {7D649595-3CD3-4F13-A59B-5F7B8716FDFA}
		{5B5ACBB1-74AE-4F51-890D-649309AD4E9C} = {5B5ACBB1-74AE-4F51-890D-649309AD4E9C}
		{CEB869C6-ED48-4846-9040-4E82AB58B86B} = {CEB869C6-ED48-4846-9040-4E82AB58B86B}
		{28B872F6-39C6-405B-B52B-AC95289B052B} = {28B872F6-39C6-405B-B52B-AC95289B052B}
	EndProjectSection
EndProject
Project("{FAE04EC0-301F-11D3-BF4B-00C04F79EFBC}") = "TableView", "TableView\TableView.csproj", "{E15F7F49-A879-4FE1-AF78-2EE7D2C9B7B4}"
	ProjectSection(ProjectDependencies) = postProject
		{0B9BA90B-2016-4754-915A-0AD74FD0067A} = {0B9BA90B-2016-4754-915A-0AD74FD0067A}
		{0CCD3F11-0F48-427F-BC98-9DD6D875F4BB} = {0CCD3F11-0F48-427F-BC98-9DD6D875F4BB}
		{2FAAF21B-10DD-4430-87DC-54E981495485} = {2FAAF21B-10DD-4430-87DC-54E981495485}
		{5B5ACBB1-74AE-4F51-890D-649309AD4E9C} = {5B5ACBB1-74AE-4F51-890D-649309AD4E9C}
		{CEB869C6-ED48-4846-9040-4E82AB58B86B} = {CEB869C6-ED48-4846-9040-4E82AB58B86B}
		{28B872F6-39C6-405B-B52B-AC95289B052B} = {28B872F6-39C6-405B-B52B-AC95289B052B}
	EndProjectSection
EndProject
Project("{FAE04EC0-301F-11D3-BF4B-00C04F79EFBC}") = "HydroDesktop.Interfaces", "HydroDesktop.Interfaces\HydroDesktop.Interfaces.csproj", "{0B9BA90B-2016-4754-915A-0AD74FD0067A}"
EndProject
Project("{FAE04EC0-301F-11D3-BF4B-00C04F79EFBC}") = "HydroDesktop.WebServices", "HydroDesktop.WebServices\HydroDesktop.WebServices.csproj", "{7D649595-3CD3-4F13-A59B-5F7B8716FDFA}"
EndProject
Project("{FAE04EC0-301F-11D3-BF4B-00C04F79EFBC}") = "HydroDesktop.Help", "HydroDesktop.Help\HydroDesktop.Help.csproj", "{F09E70CC-9D65-45C2-A451-D22CFB400C26}"
EndProject
Project("{FAE04EC0-301F-11D3-BF4B-00C04F79EFBC}") = "HydroDesktop.SeriesView", "HydroDesktop.SeriesView\HydroDesktop.SeriesView.csproj", "{5B5ACBB1-74AE-4F51-890D-649309AD4E9C}"
	ProjectSection(ProjectDependencies) = postProject
		{0B9BA90B-2016-4754-915A-0AD74FD0067A} = {0B9BA90B-2016-4754-915A-0AD74FD0067A}
		{0CCD3F11-0F48-427F-BC98-9DD6D875F4BB} = {0CCD3F11-0F48-427F-BC98-9DD6D875F4BB}
		{7D649595-3CD3-4F13-A59B-5F7B8716FDFA} = {7D649595-3CD3-4F13-A59B-5F7B8716FDFA}
		{CEB869C6-ED48-4846-9040-4E82AB58B86B} = {CEB869C6-ED48-4846-9040-4E82AB58B86B}
	EndProjectSection
EndProject
Project("{FAE04EC0-301F-11D3-BF4B-00C04F79EFBC}") = "ExcelExtension", "ExcelDataProvider\ExcelExtension.csproj", "{32A0B21A-24AB-4E07-90E7-82F9C04C2A9D}"
EndProject
Project("{FAE04EC0-301F-11D3-BF4B-00C04F79EFBC}") = "HydroModeler", "HydroModeler\HydroModeler.csproj", "{D26B704D-1FC9-4040-A29D-21FB8707ECE1}"
	ProjectSection(ProjectDependencies) = postProject
		{0B9BA90B-2016-4754-915A-0AD74FD0067A} = {0B9BA90B-2016-4754-915A-0AD74FD0067A}
	EndProjectSection
EndProject
Project("{FAE04EC0-301F-11D3-BF4B-00C04F79EFBC}") = "HydroDesktop.Common", "HydroDesktop.Common\HydroDesktop.Common.csproj", "{882C41F5-6A96-419F-9153-8D277ED91464}"
EndProject
Project("{FAE04EC0-301F-11D3-BF4B-00C04F79EFBC}") = "HydroDesktop.MainApplication", "HydroDesktop.MainApplication\HydroDesktop.MainApplication.csproj", "{A064E7D2-5730-4214-A29F-FDB790691E47}"
EndProject
Project("{FAE04EC0-301F-11D3-BF4B-00C04F79EFBC}") = "DataAggregation", "DataAggregation\DataAggregation.csproj", "{68883359-0DB6-4938-A35F-A8514810F04A}"
EndProject
Project("{2150E333-8FDC-42A3-9474-1A3956D46DE8}") = "Tools", "Tools", "{AC270CF7-EA4B-4FDE-A9EA-B19F649FF9C3}"
EndProject
Project("{FAE04EC0-301F-11D3-BF4B-00C04F79EFBC}") = "HydroDesktop.Data.Shell", "HydroDesktop.Data.Shell\HydroDesktop.Data.Shell.csproj", "{BE7E6470-D691-454D-9705-2B9E8F8C2EF1}"
EndProject
Project("{FAE04EC0-301F-11D3-BF4B-00C04F79EFBC}") = "HydroDesktop.Data.ODMCVServiceClient", "HydroDesktop.Data.ODMCVServiceClient\HydroDesktop.Data.ODMCVServiceClient.csproj", "{7E4B6C24-4526-4995-9BDA-410CC41C7512}"
EndProject
Project("{2150E333-8FDC-42A3-9474-1A3956D46DE8}") = ".nuget", ".nuget", "{D1F7B81F-BCAB-40AC-BAB8-1D1CD57944D9}"
	ProjectSection(SolutionItems) = preProject
		.nuget\NuGet.exe = .nuget\NuGet.exe
		.nuget\NuGet.targets = .nuget\NuGet.targets
	EndProjectSection
EndProject
Project("{FAE04EC0-301F-11D3-BF4B-00C04F79EFBC}") = "HydroDesktop.DownloadExtensions", "HydroDesktop.DownloadExtensions\HydroDesktop.DownloadExtensions.csproj", "{F6A64307-6AA8-4753-A507-03E746BB49E4}"
EndProject
Project("{FAE04EC0-301F-11D3-BF4B-00C04F79EFBC}") = "HydroDesktop.SplashScreenManager", "HydroDesktop.SplashScreenManager\HydroDesktop.SplashScreenManager.csproj", "{3054526B-2F17-4093-B6AC-FB00846D6A41}"
EndProject
Project("{FAE04EC0-301F-11D3-BF4B-00C04F79EFBC}") = "HydroDesktop.ObjectModel.Controls", "HydroDesktop.ObjectModel.Controls\HydroDesktop.ObjectModel.Controls.csproj", "{58B443B0-D995-434B-B403-D5D62959D32E}"
EndProject
Project("{2150E333-8FDC-42A3-9474-1A3956D46DE8}") = "DAL", "DAL", "{D89C1440-A206-4742-8859-BADB0B57F2CB}"
EndProject
Project("{FAE04EC0-301F-11D3-BF4B-00C04F79EFBC}") = "HydroDesktop.SimpleLegend", "HydroDesktop.SimpleLegend\HydroDesktop.SimpleLegend.csproj", "{0913BF38-CA92-462C-8B77-BA8937A989F4}"
EndProject
Project("{2150E333-8FDC-42A3-9474-1A3956D46DE8}") = "Tests", "Tests", "{60696D8B-A0C3-483C-BB92-EF9724274F1D}"
EndProject
Project("{FAE04EC0-301F-11D3-BF4B-00C04F79EFBC}") = "HydroDesktop.Data.Tests", "HydroDesktop.Data.Tests\HydroDesktop.Data.Tests.csproj", "{8FC4515D-D5EF-405D-BD8D-E5F481583313}"
EndProject
Project("{FAE04EC0-301F-11D3-BF4B-00C04F79EFBC}") = "HydroDesktop.WebServices.Tests", "HydroDesktop.WebServices.Tests\HydroDesktop.WebServices.Tests.csproj", "{AAC539BD-17E4-4FC0-8A9D-294DDA49104C}"
EndProject
Project("{FAE04EC0-301F-11D3-BF4B-00C04F79EFBC}") = "HydroDesktop.Common.Tests", "HydroDesktop.Common.Tests\HydroDesktop.Common.Tests.csproj", "{233A27C0-65BF-4AB2-A9DF-BFE7460D1B47}"
EndProject
Project("{FAE04EC0-301F-11D3-BF4B-00C04F79EFBC}") = "HydroDesktop.ZedGraphEx", "HydroDesktop.ZedGraphEx\HydroDesktop.ZedGraphEx.csproj", "{9B0A0FAC-318F-4A27-A416-3977820B3B95}"
EndProject
Global
	GlobalSection(SolutionConfigurationPlatforms) = preSolution
		Debug|Any CPU = Debug|Any CPU
		Release|Any CPU = Release|Any CPU
	EndGlobalSection
	GlobalSection(ProjectConfigurationPlatforms) = postSolution
		{CEB869C6-ED48-4846-9040-4E82AB58B86B}.Debug|Any CPU.ActiveCfg = Debug|Any CPU
		{CEB869C6-ED48-4846-9040-4E82AB58B86B}.Debug|Any CPU.Build.0 = Debug|Any CPU
		{CEB869C6-ED48-4846-9040-4E82AB58B86B}.Release|Any CPU.ActiveCfg = Release|Any CPU
		{CEB869C6-ED48-4846-9040-4E82AB58B86B}.Release|Any CPU.Build.0 = Release|Any CPU
		{0CCD3F11-0F48-427F-BC98-9DD6D875F4BB}.Debug|Any CPU.ActiveCfg = Debug|Any CPU
		{0CCD3F11-0F48-427F-BC98-9DD6D875F4BB}.Debug|Any CPU.Build.0 = Debug|Any CPU
		{0CCD3F11-0F48-427F-BC98-9DD6D875F4BB}.Release|Any CPU.ActiveCfg = Release|Any CPU
		{0CCD3F11-0F48-427F-BC98-9DD6D875F4BB}.Release|Any CPU.Build.0 = Release|Any CPU
		{9F73BC93-7B63-4D69-993A-03A0B2D0E2B2}.Debug|Any CPU.ActiveCfg = Debug|Any CPU
		{9F73BC93-7B63-4D69-993A-03A0B2D0E2B2}.Debug|Any CPU.Build.0 = Debug|Any CPU
		{9F73BC93-7B63-4D69-993A-03A0B2D0E2B2}.Release|Any CPU.ActiveCfg = Release|Any CPU
		{9F73BC93-7B63-4D69-993A-03A0B2D0E2B2}.Release|Any CPU.Build.0 = Release|Any CPU
		{28B872F6-39C6-405B-B52B-AC95289B052B}.Debug|Any CPU.ActiveCfg = Debug|Any CPU
		{28B872F6-39C6-405B-B52B-AC95289B052B}.Debug|Any CPU.Build.0 = Debug|Any CPU
		{28B872F6-39C6-405B-B52B-AC95289B052B}.Release|Any CPU.ActiveCfg = Release|Any CPU
		{28B872F6-39C6-405B-B52B-AC95289B052B}.Release|Any CPU.Build.0 = Release|Any CPU
		{11DA0AB7-F2EB-4D82-B72C-F255BA92426E}.Debug|Any CPU.ActiveCfg = Debug|Any CPU
		{11DA0AB7-F2EB-4D82-B72C-F255BA92426E}.Debug|Any CPU.Build.0 = Debug|Any CPU
		{11DA0AB7-F2EB-4D82-B72C-F255BA92426E}.Release|Any CPU.ActiveCfg = Release|Any CPU
		{11DA0AB7-F2EB-4D82-B72C-F255BA92426E}.Release|Any CPU.Build.0 = Release|Any CPU
		{D61FCB88-FF61-4EF4-BC5D-6C037B4B6DB0}.Debug|Any CPU.ActiveCfg = Debug|Any CPU
		{D61FCB88-FF61-4EF4-BC5D-6C037B4B6DB0}.Debug|Any CPU.Build.0 = Debug|Any CPU
		{D61FCB88-FF61-4EF4-BC5D-6C037B4B6DB0}.Release|Any CPU.ActiveCfg = Release|Any CPU
		{D61FCB88-FF61-4EF4-BC5D-6C037B4B6DB0}.Release|Any CPU.Build.0 = Release|Any CPU
		{C872275F-6717-43F1-BD8E-AF4AC077DB43}.Debug|Any CPU.ActiveCfg = Debug|Any CPU
		{C872275F-6717-43F1-BD8E-AF4AC077DB43}.Debug|Any CPU.Build.0 = Debug|Any CPU
		{C872275F-6717-43F1-BD8E-AF4AC077DB43}.Release|Any CPU.ActiveCfg = Release|Any CPU
		{C872275F-6717-43F1-BD8E-AF4AC077DB43}.Release|Any CPU.Build.0 = Release|Any CPU
		{3AEF14A0-5567-4F53-A4E6-4F1F692A1448}.Debug|Any CPU.ActiveCfg = Debug|Any CPU
		{3AEF14A0-5567-4F53-A4E6-4F1F692A1448}.Debug|Any CPU.Build.0 = Debug|Any CPU
		{3AEF14A0-5567-4F53-A4E6-4F1F692A1448}.Release|Any CPU.ActiveCfg = Release|Any CPU
		{3AEF14A0-5567-4F53-A4E6-4F1F692A1448}.Release|Any CPU.Build.0 = Release|Any CPU
		{CBC247A5-F50E-41ED-807C-94DE7E970DB9}.Debug|Any CPU.ActiveCfg = Debug|Any CPU
		{CBC247A5-F50E-41ED-807C-94DE7E970DB9}.Debug|Any CPU.Build.0 = Debug|Any CPU
		{CBC247A5-F50E-41ED-807C-94DE7E970DB9}.Release|Any CPU.ActiveCfg = Release|Any CPU
		{CBC247A5-F50E-41ED-807C-94DE7E970DB9}.Release|Any CPU.Build.0 = Release|Any CPU
		{9181CDE5-AD24-473D-A524-C3775563C902}.Debug|Any CPU.ActiveCfg = Debug|Any CPU
		{9181CDE5-AD24-473D-A524-C3775563C902}.Debug|Any CPU.Build.0 = Debug|Any CPU
		{9181CDE5-AD24-473D-A524-C3775563C902}.Release|Any CPU.ActiveCfg = Release|Any CPU
		{9181CDE5-AD24-473D-A524-C3775563C902}.Release|Any CPU.Build.0 = Release|Any CPU
		{1119D6E1-5337-42C6-BBDA-3658808F319C}.Debug|Any CPU.ActiveCfg = Debug|Any CPU
		{1119D6E1-5337-42C6-BBDA-3658808F319C}.Debug|Any CPU.Build.0 = Debug|Any CPU
		{1119D6E1-5337-42C6-BBDA-3658808F319C}.Release|Any CPU.ActiveCfg = Release|Any CPU
		{1119D6E1-5337-42C6-BBDA-3658808F319C}.Release|Any CPU.Build.0 = Release|Any CPU
		{3DA5E14F-CECF-4C4E-89F5-A233A21BFF34}.Debug|Any CPU.ActiveCfg = Debug|Any CPU
		{3DA5E14F-CECF-4C4E-89F5-A233A21BFF34}.Debug|Any CPU.Build.0 = Debug|Any CPU
		{3DA5E14F-CECF-4C4E-89F5-A233A21BFF34}.Release|Any CPU.ActiveCfg = Release|Any CPU
		{3DA5E14F-CECF-4C4E-89F5-A233A21BFF34}.Release|Any CPU.Build.0 = Release|Any CPU
		{2FAAF21B-10DD-4430-87DC-54E981495485}.Debug|Any CPU.ActiveCfg = Debug|Any CPU
		{2FAAF21B-10DD-4430-87DC-54E981495485}.Debug|Any CPU.Build.0 = Debug|Any CPU
		{2FAAF21B-10DD-4430-87DC-54E981495485}.Release|Any CPU.ActiveCfg = Release|Any CPU
		{2FAAF21B-10DD-4430-87DC-54E981495485}.Release|Any CPU.Build.0 = Release|Any CPU
		{FB01F6EE-89C0-4A64-B023-C8CC566FF803}.Debug|Any CPU.ActiveCfg = Debug|Any CPU
		{FB01F6EE-89C0-4A64-B023-C8CC566FF803}.Debug|Any CPU.Build.0 = Debug|Any CPU
		{FB01F6EE-89C0-4A64-B023-C8CC566FF803}.Release|Any CPU.ActiveCfg = Release|Any CPU
		{FB01F6EE-89C0-4A64-B023-C8CC566FF803}.Release|Any CPU.Build.0 = Release|Any CPU
		{E15F7F49-A879-4FE1-AF78-2EE7D2C9B7B4}.Debug|Any CPU.ActiveCfg = Debug|Any CPU
		{E15F7F49-A879-4FE1-AF78-2EE7D2C9B7B4}.Debug|Any CPU.Build.0 = Debug|Any CPU
		{E15F7F49-A879-4FE1-AF78-2EE7D2C9B7B4}.Release|Any CPU.ActiveCfg = Release|Any CPU
		{E15F7F49-A879-4FE1-AF78-2EE7D2C9B7B4}.Release|Any CPU.Build.0 = Release|Any CPU
		{0B9BA90B-2016-4754-915A-0AD74FD0067A}.Debug|Any CPU.ActiveCfg = Debug|Any CPU
		{0B9BA90B-2016-4754-915A-0AD74FD0067A}.Debug|Any CPU.Build.0 = Debug|Any CPU
		{0B9BA90B-2016-4754-915A-0AD74FD0067A}.Release|Any CPU.ActiveCfg = Release|Any CPU
		{0B9BA90B-2016-4754-915A-0AD74FD0067A}.Release|Any CPU.Build.0 = Release|Any CPU
		{7D649595-3CD3-4F13-A59B-5F7B8716FDFA}.Debug|Any CPU.ActiveCfg = Debug|Any CPU
		{7D649595-3CD3-4F13-A59B-5F7B8716FDFA}.Debug|Any CPU.Build.0 = Debug|Any CPU
		{7D649595-3CD3-4F13-A59B-5F7B8716FDFA}.Release|Any CPU.ActiveCfg = Release|Any CPU
		{7D649595-3CD3-4F13-A59B-5F7B8716FDFA}.Release|Any CPU.Build.0 = Release|Any CPU
		{F09E70CC-9D65-45C2-A451-D22CFB400C26}.Debug|Any CPU.ActiveCfg = Debug|Any CPU
		{F09E70CC-9D65-45C2-A451-D22CFB400C26}.Debug|Any CPU.Build.0 = Debug|Any CPU
		{F09E70CC-9D65-45C2-A451-D22CFB400C26}.Release|Any CPU.ActiveCfg = Release|Any CPU
		{F09E70CC-9D65-45C2-A451-D22CFB400C26}.Release|Any CPU.Build.0 = Release|Any CPU
		{5B5ACBB1-74AE-4F51-890D-649309AD4E9C}.Debug|Any CPU.ActiveCfg = Debug|Any CPU
		{5B5ACBB1-74AE-4F51-890D-649309AD4E9C}.Debug|Any CPU.Build.0 = Debug|Any CPU
		{5B5ACBB1-74AE-4F51-890D-649309AD4E9C}.Release|Any CPU.ActiveCfg = Release|Any CPU
		{5B5ACBB1-74AE-4F51-890D-649309AD4E9C}.Release|Any CPU.Build.0 = Release|Any CPU
		{32A0B21A-24AB-4E07-90E7-82F9C04C2A9D}.Debug|Any CPU.ActiveCfg = Debug|Any CPU
		{32A0B21A-24AB-4E07-90E7-82F9C04C2A9D}.Debug|Any CPU.Build.0 = Debug|Any CPU
		{32A0B21A-24AB-4E07-90E7-82F9C04C2A9D}.Release|Any CPU.ActiveCfg = Release|Any CPU
		{32A0B21A-24AB-4E07-90E7-82F9C04C2A9D}.Release|Any CPU.Build.0 = Release|Any CPU
		{D26B704D-1FC9-4040-A29D-21FB8707ECE1}.Debug|Any CPU.ActiveCfg = Debug|Any CPU
		{D26B704D-1FC9-4040-A29D-21FB8707ECE1}.Debug|Any CPU.Build.0 = Debug|Any CPU
		{D26B704D-1FC9-4040-A29D-21FB8707ECE1}.Release|Any CPU.ActiveCfg = Release|Any CPU
		{D26B704D-1FC9-4040-A29D-21FB8707ECE1}.Release|Any CPU.Build.0 = Release|Any CPU
		{882C41F5-6A96-419F-9153-8D277ED91464}.Debug|Any CPU.ActiveCfg = Debug|Any CPU
		{882C41F5-6A96-419F-9153-8D277ED91464}.Debug|Any CPU.Build.0 = Debug|Any CPU
		{882C41F5-6A96-419F-9153-8D277ED91464}.Release|Any CPU.ActiveCfg = Release|Any CPU
		{882C41F5-6A96-419F-9153-8D277ED91464}.Release|Any CPU.Build.0 = Release|Any CPU
		{A064E7D2-5730-4214-A29F-FDB790691E47}.Debug|Any CPU.ActiveCfg = Debug|Any CPU
		{A064E7D2-5730-4214-A29F-FDB790691E47}.Debug|Any CPU.Build.0 = Debug|Any CPU
		{A064E7D2-5730-4214-A29F-FDB790691E47}.Release|Any CPU.ActiveCfg = Release|Any CPU
		{A064E7D2-5730-4214-A29F-FDB790691E47}.Release|Any CPU.Build.0 = Release|Any CPU
		{68883359-0DB6-4938-A35F-A8514810F04A}.Debug|Any CPU.ActiveCfg = Debug|Any CPU
		{68883359-0DB6-4938-A35F-A8514810F04A}.Debug|Any CPU.Build.0 = Debug|Any CPU
		{68883359-0DB6-4938-A35F-A8514810F04A}.Release|Any CPU.ActiveCfg = Release|Any CPU
		{68883359-0DB6-4938-A35F-A8514810F04A}.Release|Any CPU.Build.0 = Release|Any CPU
		{BE7E6470-D691-454D-9705-2B9E8F8C2EF1}.Debug|Any CPU.ActiveCfg = Debug|Any CPU
		{BE7E6470-D691-454D-9705-2B9E8F8C2EF1}.Debug|Any CPU.Build.0 = Debug|Any CPU
		{BE7E6470-D691-454D-9705-2B9E8F8C2EF1}.Release|Any CPU.ActiveCfg = Release|Any CPU
		{7E4B6C24-4526-4995-9BDA-410CC41C7512}.Debug|Any CPU.ActiveCfg = Debug|Any CPU
		{7E4B6C24-4526-4995-9BDA-410CC41C7512}.Debug|Any CPU.Build.0 = Debug|Any CPU
		{7E4B6C24-4526-4995-9BDA-410CC41C7512}.Release|Any CPU.ActiveCfg = Release|Any CPU
		{7E4B6C24-4526-4995-9BDA-410CC41C7512}.Release|Any CPU.Build.0 = Release|Any CPU
		{F6A64307-6AA8-4753-A507-03E746BB49E4}.Debug|Any CPU.ActiveCfg = Debug|Any CPU
		{F6A64307-6AA8-4753-A507-03E746BB49E4}.Debug|Any CPU.Build.0 = Debug|Any CPU
		{F6A64307-6AA8-4753-A507-03E746BB49E4}.Release|Any CPU.ActiveCfg = Release|Any CPU
		{F6A64307-6AA8-4753-A507-03E746BB49E4}.Release|Any CPU.Build.0 = Release|Any CPU
		{3054526B-2F17-4093-B6AC-FB00846D6A41}.Debug|Any CPU.ActiveCfg = Debug|Any CPU
		{3054526B-2F17-4093-B6AC-FB00846D6A41}.Debug|Any CPU.Build.0 = Debug|Any CPU
		{3054526B-2F17-4093-B6AC-FB00846D6A41}.Release|Any CPU.ActiveCfg = Release|Any CPU
		{3054526B-2F17-4093-B6AC-FB00846D6A41}.Release|Any CPU.Build.0 = Release|Any CPU
		{58B443B0-D995-434B-B403-D5D62959D32E}.Debug|Any CPU.ActiveCfg = Debug|Any CPU
		{58B443B0-D995-434B-B403-D5D62959D32E}.Debug|Any CPU.Build.0 = Debug|Any CPU
		{58B443B0-D995-434B-B403-D5D62959D32E}.Release|Any CPU.ActiveCfg = Release|Any CPU
		{58B443B0-D995-434B-B403-D5D62959D32E}.Release|Any CPU.Build.0 = Release|Any CPU
		{0913BF38-CA92-462C-8B77-BA8937A989F4}.Debug|Any CPU.ActiveCfg = Debug|Any CPU
		{0913BF38-CA92-462C-8B77-BA8937A989F4}.Debug|Any CPU.Build.0 = Debug|Any CPU
		{0913BF38-CA92-462C-8B77-BA8937A989F4}.Release|Any CPU.ActiveCfg = Release|Any CPU
		{0913BF38-CA92-462C-8B77-BA8937A989F4}.Release|Any CPU.Build.0 = Release|Any CPU
		{8FC4515D-D5EF-405D-BD8D-E5F481583313}.Debug|Any CPU.ActiveCfg = Debug|Any CPU
		{8FC4515D-D5EF-405D-BD8D-E5F481583313}.Debug|Any CPU.Build.0 = Debug|Any CPU
		{8FC4515D-D5EF-405D-BD8D-E5F481583313}.Release|Any CPU.ActiveCfg = Release|Any CPU
		{8FC4515D-D5EF-405D-BD8D-E5F481583313}.Release|Any CPU.Build.0 = Release|Any CPU
		{AAC539BD-17E4-4FC0-8A9D-294DDA49104C}.Debug|Any CPU.ActiveCfg = Debug|Any CPU
		{AAC539BD-17E4-4FC0-8A9D-294DDA49104C}.Debug|Any CPU.Build.0 = Debug|Any CPU
		{AAC539BD-17E4-4FC0-8A9D-294DDA49104C}.Release|Any CPU.ActiveCfg = Release|Any CPU
		{AAC539BD-17E4-4FC0-8A9D-294DDA49104C}.Release|Any CPU.Build.0 = Release|Any CPU
		{233A27C0-65BF-4AB2-A9DF-BFE7460D1B47}.Debug|Any CPU.ActiveCfg = Debug|Any CPU
		{233A27C0-65BF-4AB2-A9DF-BFE7460D1B47}.Debug|Any CPU.Build.0 = Debug|Any CPU
		{233A27C0-65BF-4AB2-A9DF-BFE7460D1B47}.Release|Any CPU.ActiveCfg = Release|Any CPU
		{233A27C0-65BF-4AB2-A9DF-BFE7460D1B47}.Release|Any CPU.Build.0 = Release|Any CPU
		{9B0A0FAC-318F-4A27-A416-3977820B3B95}.Debug|Any CPU.ActiveCfg = Debug|Any CPU
		{9B0A0FAC-318F-4A27-A416-3977820B3B95}.Debug|Any CPU.Build.0 = Debug|Any CPU
		{9B0A0FAC-318F-4A27-A416-3977820B3B95}.Release|Any CPU.ActiveCfg = Release|Any CPU
		{9B0A0FAC-318F-4A27-A416-3977820B3B95}.Release|Any CPU.Build.0 = Release|Any CPU
	EndGlobalSection
	GlobalSection(SolutionProperties) = preSolution
		HideSolutionNode = FALSE
	EndGlobalSection
	GlobalSection(NestedProjects) = preSolution
		{BE7E6470-D691-454D-9705-2B9E8F8C2EF1} = {AC270CF7-EA4B-4FDE-A9EA-B19F649FF9C3}
		{8FC4515D-D5EF-405D-BD8D-E5F481583313} = {60696D8B-A0C3-483C-BB92-EF9724274F1D}
		{AAC539BD-17E4-4FC0-8A9D-294DDA49104C} = {60696D8B-A0C3-483C-BB92-EF9724274F1D}
		{233A27C0-65BF-4AB2-A9DF-BFE7460D1B47} = {60696D8B-A0C3-483C-BB92-EF9724274F1D}
	EndGlobalSection
	GlobalSection(ExtensibilityGlobals) = postSolution
		EnterpriseLibraryConfigurationToolBinariesPath = packages\Unity.2.1.505.2\lib\NET35
	EndGlobalSection
EndGlobal
