
Microsoft Visual Studio Solution File, Format Version 12.00
# Visual Studio 2012
Project("{2150E333-8FDC-42A3-9474-1A3956D46DE8}") = ".nuget", ".nuget", "{D1F7B81F-BCAB-40AC-BAB8-1D1CD57944D9}"
	ProjectSection(SolutionItems) = preProject
		.nuget\NuGet.targets = .nuget\NuGet.targets
	EndProjectSection
EndProject
Project("{2150E333-8FDC-42A3-9474-1A3956D46DE8}") = "Tests", "Tests", "{60696D8B-A0C3-483C-BB92-EF9724274F1D}"
EndProject
Project("{2150E333-8FDC-42A3-9474-1A3956D46DE8}") = "Core", "Core", "{2B9CA5B9-9FE1-4120-9A8E-305D05FFEA40}"
EndProject
Project("{2150E333-8FDC-42A3-9474-1A3956D46DE8}") = "Plugins", "Plugins", "{7F39DEEA-2812-48F6-A324-627A97C3DA89}"
EndProject
Project("{FAE04EC0-301F-11D3-BF4B-00C04F79EFBC}") = "HydroDesktop.Common", "Core\HydroDesktop.Common\HydroDesktop.Common.csproj", "{882C41F5-6A96-419F-9153-8D277ED91464}"
EndProject
Project("{FAE04EC0-301F-11D3-BF4B-00C04F79EFBC}") = "HydroDesktop.Configuration", "Core\HydroDesktop.Configuration\HydroDesktop.Configuration.csproj", "{0CCD3F11-0F48-427F-BC98-9DD6D875F4BB}"
EndProject
Project("{FAE04EC0-301F-11D3-BF4B-00C04F79EFBC}") = "HydroDesktop.Data", "Core\HydroDesktop.Data\HydroDesktop.Data.csproj", "{CEB869C6-ED48-4846-9040-4E82AB58B86B}"
EndProject
Project("{FAE04EC0-301F-11D3-BF4B-00C04F79EFBC}") = "HydroDesktop.Data.ODMCVServiceClient", "Core\HydroDesktop.Data.ODMCVServiceClient\HydroDesktop.Data.ODMCVServiceClient.csproj", "{7E4B6C24-4526-4995-9BDA-410CC41C7512}"
EndProject
Project("{FAE04EC0-301F-11D3-BF4B-00C04F79EFBC}") = "HydroDesktop.Data.Shell", "Core\HydroDesktop.Data.Shell\HydroDesktop.Data.Shell.csproj", "{BE7E6470-D691-454D-9705-2B9E8F8C2EF1}"
EndProject
Project("{FAE04EC0-301F-11D3-BF4B-00C04F79EFBC}") = "HydroDesktop.Docking", "Core\HydroDesktop.Docking\HydroDesktop.Docking.csproj", "{28B872F6-39C6-405B-B52B-AC95289B052B}"
EndProject
Project("{FAE04EC0-301F-11D3-BF4B-00C04F79EFBC}") = "HydroDesktop.ErrorReporting", "Core\HydroDesktop.ErrorReporting\HydroDesktop.ErrorReporting.csproj", "{42B7A22C-FD5D-4EF3-856F-E01F8DD8A82B}"
EndProject
Project("{FAE04EC0-301F-11D3-BF4B-00C04F79EFBC}") = "HydroDesktop.HeaderControl", "Core\HydroDesktop.HeaderControl\HydroDesktop.HeaderControl.csproj", "{4CEB19CE-54D1-420C-A817-FB544DCF1DDE}"
EndProject
Project("{FAE04EC0-301F-11D3-BF4B-00C04F79EFBC}") = "HydroDesktop.Help", "Core\HydroDesktop.Help\HydroDesktop.Help.csproj", "{F09E70CC-9D65-45C2-A451-D22CFB400C26}"
EndProject
Project("{FAE04EC0-301F-11D3-BF4B-00C04F79EFBC}") = "HydroDesktop.Interfaces", "Core\HydroDesktop.Interfaces\HydroDesktop.Interfaces.csproj", "{0B9BA90B-2016-4754-915A-0AD74FD0067A}"
EndProject
Project("{FAE04EC0-301F-11D3-BF4B-00C04F79EFBC}") = "HydroDesktop.MainApplication", "Core\HydroDesktop.MainApplication\HydroDesktop.MainApplication.csproj", "{A064E7D2-5730-4214-A29F-FDB790691E47}"
EndProject
Project("{FAE04EC0-301F-11D3-BF4B-00C04F79EFBC}") = "HydroDesktop.Mono.Docking", "Core\HydroDesktop.Mono.Docking\HydroDesktop.Mono.Docking.csproj", "{C786BAB2-39E6-4B85-B6C9-346171B9FF03}"
EndProject
Project("{FAE04EC0-301F-11D3-BF4B-00C04F79EFBC}") = "HydroDesktop.Mono.HeaderControl", "Core\HydroDesktop.Mono.HeaderControl\HydroDesktop.Mono.HeaderControl.csproj", "{C51D963B-3D02-43E6-B5C3-1E07E0833A08}"
EndProject
Project("{FAE04EC0-301F-11D3-BF4B-00C04F79EFBC}") = "HydroDesktop.ObjectModel.Controls", "Core\HydroDesktop.ObjectModel.Controls\HydroDesktop.ObjectModel.Controls.csproj", "{58B443B0-D995-434B-B403-D5D62959D32E}"
EndProject
Project("{FAE04EC0-301F-11D3-BF4B-00C04F79EFBC}") = "HydroDesktop.WebServices", "Core\HydroDesktop.WebServices\HydroDesktop.WebServices.csproj", "{7D649595-3CD3-4F13-A59B-5F7B8716FDFA}"
EndProject
Project("{FAE04EC0-301F-11D3-BF4B-00C04F79EFBC}") = "HydroDesktop.ZedGraphEx", "Core\HydroDesktop.ZedGraphEx\HydroDesktop.ZedGraphEx.csproj", "{9B0A0FAC-318F-4A27-A416-3977820B3B95}"
EndProject
Project("{FAE04EC0-301F-11D3-BF4B-00C04F79EFBC}") = "HydroDesktop.Common.Tests", "Tests\HydroDesktop.Common.Tests\HydroDesktop.Common.Tests.csproj", "{233A27C0-65BF-4AB2-A9DF-BFE7460D1B47}"
EndProject
Project("{FAE04EC0-301F-11D3-BF4B-00C04F79EFBC}") = "HydroDesktop.Data.Tests", "Tests\HydroDesktop.Data.Tests\HydroDesktop.Data.Tests.csproj", "{8FC4515D-D5EF-405D-BD8D-E5F481583313}"
EndProject
Project("{FAE04EC0-301F-11D3-BF4B-00C04F79EFBC}") = "HydroDesktop.WebServices.Tests", "Tests\HydroDesktop.WebServices.Tests\HydroDesktop.WebServices.Tests.csproj", "{AAC539BD-17E4-4FC0-8A9D-294DDA49104C}"
EndProject
Project("{FAE04EC0-301F-11D3-BF4B-00C04F79EFBC}") = "DataAggregation", "Plugins\DataAggregation\DataAggregation.csproj", "{68883359-0DB6-4938-A35F-A8514810F04A}"
EndProject
Project("{FAE04EC0-301F-11D3-BF4B-00C04F79EFBC}") = "DataDownload", "Plugins\DataDownload\DataDownload.csproj", "{CBC247A5-F50E-41ED-807C-94DE7E970DB9}"
EndProject
Project("{FAE04EC0-301F-11D3-BF4B-00C04F79EFBC}") = "DataExport", "Plugins\DataExport\DataExport.csproj", "{9F73BC93-7B63-4D69-993A-03A0B2D0E2B2}"
EndProject
Project("{FAE04EC0-301F-11D3-BF4B-00C04F79EFBC}") = "DataImport", "Plugins\DataImport\DataImport.csproj", "{9181CDE5-AD24-473D-A524-C3775563C902}"
EndProject
Project("{FAE04EC0-301F-11D3-BF4B-00C04F79EFBC}") = "EPADelineation", "Plugins\EPADelineation\EPADelineation.csproj", "{11DA0AB7-F2EB-4D82-B72C-F255BA92426E}"
EndProject
Project("{FAE04EC0-301F-11D3-BF4B-00C04F79EFBC}") = "ExcelExtension", "Plugins\ExcelDataProvider\ExcelExtension.csproj", "{32A0B21A-24AB-4E07-90E7-82F9C04C2A9D}"
EndProject
Project("{FAE04EC0-301F-11D3-BF4B-00C04F79EFBC}") = "HydroR", "Plugins\HydroR\HydroR.csproj", "{C872275F-6717-43F1-BD8E-AF4AC077DB43}"
EndProject
Project("{FAE04EC0-301F-11D3-BF4B-00C04F79EFBC}") = "HydroShare", "Plugins\HydroShare\HydroShare.csproj", "{764FCBD2-3B42-4B77-818A-4D4115C66C1D}"
EndProject
Project("{FAE04EC0-301F-11D3-BF4B-00C04F79EFBC}") = "MetadataFetcher", "Plugins\MetadataFetcher\MetadataFetcher.csproj", "{3AEF14A0-5567-4F53-A4E6-4F1F692A1448}"
EndProject
Project("{FAE04EC0-301F-11D3-BF4B-00C04F79EFBC}") = "ShaleNetwork", "Plugins\ShaleNetwork\ShaleNetwork.csproj", "{B0526359-9A59-42FE-AE66-B0ADED8AB53B}"
EndProject
Project("{FAE04EC0-301F-11D3-BF4B-00C04F79EFBC}") = "TableView", "Plugins\TableView\TableView.csproj", "{E15F7F49-A879-4FE1-AF78-2EE7D2C9B7B4}"
EndProject
Project("{FAE04EC0-301F-11D3-BF4B-00C04F79EFBC}") = "HydroDesktop.Plugins.WaterML2Client", "Plugins\HydroDesktop.Plugins.WaterML2Client\HydroDesktop.Plugins.WaterML2Client.csproj", "{D32C57DC-C687-4C24-9FA9-094BD91664F0}"
EndProject
Project("{FAE04EC0-301F-11D3-BF4B-00C04F79EFBC}") = "HydroDesktop.Plugins.AttributeDataExplorer", "Plugins\HydroDesktop.Plugins.AttributeDataExplorer\HydroDesktop.Plugins.AttributeDataExplorer.csproj", "{FCAD6257-6532-44F3-87B6-FB4981A6CF42}"
EndProject
Project("{FAE04EC0-301F-11D3-BF4B-00C04F79EFBC}") = "Plugins.CRWRAggregation", "Plugins\Plugins.CRWRAggregation\Plugins.CRWRAggregation.csproj", "{C8630D6D-65EB-447B-B7F5-82CC0D35A8B8}"
EndProject
Project("{FAE04EC0-301F-11D3-BF4B-00C04F79EFBC}") = "HydroDesktop.Plugins.DownloadExtensions", "Plugins\HydroDesktop.Plugins.DownloadExtensions\HydroDesktop.Plugins.DownloadExtensions.csproj", "{F6A64307-6AA8-4753-A507-03E746BB49E4}"
EndProject
Project("{FAE04EC0-301F-11D3-BF4B-00C04F79EFBC}") = "HydroDesktop.Plugins.SplashScreenManager", "Plugins\HydroDesktop.Plugins.SplashScreenManager\HydroDesktop.Plugins.SplashScreenManager.csproj", "{3054526B-2F17-4093-B6AC-FB00846D6A41}"
EndProject
Project("{FAE04EC0-301F-11D3-BF4B-00C04F79EFBC}") = "HydroDesktop.Plugins.MainPlugin", "Plugins\HydroDesktop.Plugins.MainPlugin\HydroDesktop.Plugins.MainPlugin.csproj", "{2FAAF21B-10DD-4430-87DC-54E981495485}"
EndProject
Project("{2150E333-8FDC-42A3-9474-1A3956D46DE8}") = "HydroDesktop", "HydroDesktop", "{8F16592A-496B-467E-95A8-DA5840E550D3}"
EndProject
Project("{FAE04EC0-301F-11D3-BF4B-00C04F79EFBC}") = "HydroDesktop.Plugins.Search", "Plugins\HydroDesktop.Plugins.Search\HydroDesktop.Plugins.Search.csproj", "{FB01F6EE-89C0-4A64-B023-C8CC566FF803}"
EndProject
Project("{FAE04EC0-301F-11D3-BF4B-00C04F79EFBC}") = "HydroDesktop.Plugins.HelpTab", "Plugins\HydroDesktop.Plugins.HelpTab\HelpTab\HydroDesktop.Plugins.HelpTab.csproj", "{D61FCB88-FF61-4EF4-BC5D-6C037B4B6DB0}"
EndProject
Project("{F184B08F-C81C-45F6-A57F-5ABD9991F28F}") = "HydroDesktop.Plugins.EditView", "Plugins\HydroDesktop.Plugins.EditView\HydroDesktop.Plugins.EditView.vbproj", "{1119D6E1-5337-42C6-BBDA-3658808F319C}"
EndProject
Project("{F184B08F-C81C-45F6-A57F-5ABD9991F28F}") = "HydroDesktop.Plugins.GraphView", "Plugins\HydroDesktop.Plugins.GraphView\HydroDesktop.Plugins.GraphView.vbproj", "{3DA5E14F-CECF-4C4E-89F5-A233A21BFF34}"
EndProject
Project("{FAE04EC0-301F-11D3-BF4B-00C04F79EFBC}") = "HydroDesktop.Plugins.SeriesView", "Plugins\HydroDesktop.Plugins.SeriesView\HydroDesktop.Plugins.SeriesView.csproj", "{5B5ACBB1-74AE-4F51-890D-649309AD4E9C}"
EndProject
Project("{FAE04EC0-301F-11D3-BF4B-00C04F79EFBC}") = "HydroDesktop.Plugins.SimpleLegend", "Plugins\HydroDesktop.Plugins.SimpleLegend\HydroDesktop.Plugins.SimpleLegend.csproj", "{0913BF38-CA92-462C-8B77-BA8937A989F4}"
EndProject
Project("{FAE04EC0-301F-11D3-BF4B-00C04F79EFBC}") = "Plugins.HydroModeler", "Plugins\Plugins.HydroModeler\Plugins.HydroModeler.csproj", "{D26B704D-1FC9-4040-A29D-21FB8707ECE1}"
EndProject
Global
	GlobalSection(SolutionConfigurationPlatforms) = preSolution
		Debug|Any CPU = Debug|Any CPU
		Debug|x86 = Debug|x86
		Release|Any CPU = Release|Any CPU
		Release|x86 = Release|x86
	EndGlobalSection
	GlobalSection(ProjectConfigurationPlatforms) = postSolution
		{882C41F5-6A96-419F-9153-8D277ED91464}.Debug|Any CPU.ActiveCfg = Debug|Any CPU
		{882C41F5-6A96-419F-9153-8D277ED91464}.Debug|Any CPU.Build.0 = Debug|Any CPU
		{882C41F5-6A96-419F-9153-8D277ED91464}.Debug|x86.ActiveCfg = Debug|x86
		{882C41F5-6A96-419F-9153-8D277ED91464}.Debug|x86.Build.0 = Debug|x86
		{882C41F5-6A96-419F-9153-8D277ED91464}.Release|Any CPU.ActiveCfg = Release|Any CPU
		{882C41F5-6A96-419F-9153-8D277ED91464}.Release|Any CPU.Build.0 = Release|Any CPU
		{882C41F5-6A96-419F-9153-8D277ED91464}.Release|x86.ActiveCfg = Release|x86
		{882C41F5-6A96-419F-9153-8D277ED91464}.Release|x86.Build.0 = Release|x86
		{0CCD3F11-0F48-427F-BC98-9DD6D875F4BB}.Debug|Any CPU.ActiveCfg = Debug|Any CPU
		{0CCD3F11-0F48-427F-BC98-9DD6D875F4BB}.Debug|Any CPU.Build.0 = Debug|Any CPU
		{0CCD3F11-0F48-427F-BC98-9DD6D875F4BB}.Debug|x86.ActiveCfg = Debug|x86
		{0CCD3F11-0F48-427F-BC98-9DD6D875F4BB}.Debug|x86.Build.0 = Debug|x86
		{0CCD3F11-0F48-427F-BC98-9DD6D875F4BB}.Release|Any CPU.ActiveCfg = Release|Any CPU
		{0CCD3F11-0F48-427F-BC98-9DD6D875F4BB}.Release|Any CPU.Build.0 = Release|Any CPU
		{0CCD3F11-0F48-427F-BC98-9DD6D875F4BB}.Release|x86.ActiveCfg = Release|x86
		{0CCD3F11-0F48-427F-BC98-9DD6D875F4BB}.Release|x86.Build.0 = Release|x86
		{CEB869C6-ED48-4846-9040-4E82AB58B86B}.Debug|Any CPU.ActiveCfg = Debug|Any CPU
		{CEB869C6-ED48-4846-9040-4E82AB58B86B}.Debug|Any CPU.Build.0 = Debug|Any CPU
		{CEB869C6-ED48-4846-9040-4E82AB58B86B}.Debug|x86.ActiveCfg = Debug|x86
		{CEB869C6-ED48-4846-9040-4E82AB58B86B}.Debug|x86.Build.0 = Debug|x86
		{CEB869C6-ED48-4846-9040-4E82AB58B86B}.Release|Any CPU.ActiveCfg = Release|Any CPU
		{CEB869C6-ED48-4846-9040-4E82AB58B86B}.Release|Any CPU.Build.0 = Release|Any CPU
		{CEB869C6-ED48-4846-9040-4E82AB58B86B}.Release|x86.ActiveCfg = Release|x86
		{CEB869C6-ED48-4846-9040-4E82AB58B86B}.Release|x86.Build.0 = Release|x86
		{7E4B6C24-4526-4995-9BDA-410CC41C7512}.Debug|Any CPU.ActiveCfg = Debug|Any CPU
		{7E4B6C24-4526-4995-9BDA-410CC41C7512}.Debug|Any CPU.Build.0 = Debug|Any CPU
		{7E4B6C24-4526-4995-9BDA-410CC41C7512}.Debug|x86.ActiveCfg = Debug|x86
		{7E4B6C24-4526-4995-9BDA-410CC41C7512}.Debug|x86.Build.0 = Debug|x86
		{7E4B6C24-4526-4995-9BDA-410CC41C7512}.Release|Any CPU.ActiveCfg = Release|Any CPU
		{7E4B6C24-4526-4995-9BDA-410CC41C7512}.Release|Any CPU.Build.0 = Release|Any CPU
		{7E4B6C24-4526-4995-9BDA-410CC41C7512}.Release|x86.ActiveCfg = Release|x86
		{7E4B6C24-4526-4995-9BDA-410CC41C7512}.Release|x86.Build.0 = Release|x86
		{BE7E6470-D691-454D-9705-2B9E8F8C2EF1}.Debug|Any CPU.ActiveCfg = Debug|Any CPU
		{BE7E6470-D691-454D-9705-2B9E8F8C2EF1}.Debug|Any CPU.Build.0 = Debug|Any CPU
		{BE7E6470-D691-454D-9705-2B9E8F8C2EF1}.Debug|x86.ActiveCfg = Debug|x86
		{BE7E6470-D691-454D-9705-2B9E8F8C2EF1}.Debug|x86.Build.0 = Debug|x86
		{BE7E6470-D691-454D-9705-2B9E8F8C2EF1}.Release|Any CPU.ActiveCfg = Release|Any CPU
		{BE7E6470-D691-454D-9705-2B9E8F8C2EF1}.Release|Any CPU.Build.0 = Release|Any CPU
		{BE7E6470-D691-454D-9705-2B9E8F8C2EF1}.Release|x86.ActiveCfg = Release|x86
		{BE7E6470-D691-454D-9705-2B9E8F8C2EF1}.Release|x86.Build.0 = Release|x86
		{28B872F6-39C6-405B-B52B-AC95289B052B}.Debug|Any CPU.ActiveCfg = Debug|Any CPU
		{28B872F6-39C6-405B-B52B-AC95289B052B}.Debug|Any CPU.Build.0 = Debug|Any CPU
		{28B872F6-39C6-405B-B52B-AC95289B052B}.Debug|x86.ActiveCfg = Debug|x86
		{28B872F6-39C6-405B-B52B-AC95289B052B}.Debug|x86.Build.0 = Debug|x86
		{28B872F6-39C6-405B-B52B-AC95289B052B}.Release|Any CPU.ActiveCfg = Release|Any CPU
		{28B872F6-39C6-405B-B52B-AC95289B052B}.Release|Any CPU.Build.0 = Release|Any CPU
		{28B872F6-39C6-405B-B52B-AC95289B052B}.Release|x86.ActiveCfg = Release|x86
		{28B872F6-39C6-405B-B52B-AC95289B052B}.Release|x86.Build.0 = Release|x86
		{42B7A22C-FD5D-4EF3-856F-E01F8DD8A82B}.Debug|Any CPU.ActiveCfg = Debug|Any CPU
		{42B7A22C-FD5D-4EF3-856F-E01F8DD8A82B}.Debug|Any CPU.Build.0 = Debug|Any CPU
		{42B7A22C-FD5D-4EF3-856F-E01F8DD8A82B}.Debug|x86.ActiveCfg = Debug|x86
		{42B7A22C-FD5D-4EF3-856F-E01F8DD8A82B}.Debug|x86.Build.0 = Debug|x86
		{42B7A22C-FD5D-4EF3-856F-E01F8DD8A82B}.Release|Any CPU.ActiveCfg = Release|Any CPU
		{42B7A22C-FD5D-4EF3-856F-E01F8DD8A82B}.Release|Any CPU.Build.0 = Release|Any CPU
		{42B7A22C-FD5D-4EF3-856F-E01F8DD8A82B}.Release|x86.ActiveCfg = Release|x86
		{42B7A22C-FD5D-4EF3-856F-E01F8DD8A82B}.Release|x86.Build.0 = Release|x86
		{4CEB19CE-54D1-420C-A817-FB544DCF1DDE}.Debug|Any CPU.ActiveCfg = Debug|Any CPU
		{4CEB19CE-54D1-420C-A817-FB544DCF1DDE}.Debug|Any CPU.Build.0 = Debug|Any CPU
		{4CEB19CE-54D1-420C-A817-FB544DCF1DDE}.Debug|x86.ActiveCfg = Debug|Any CPU
		{4CEB19CE-54D1-420C-A817-FB544DCF1DDE}.Release|Any CPU.ActiveCfg = Release|Any CPU
		{4CEB19CE-54D1-420C-A817-FB544DCF1DDE}.Release|Any CPU.Build.0 = Release|Any CPU
		{4CEB19CE-54D1-420C-A817-FB544DCF1DDE}.Release|x86.ActiveCfg = Release|Any CPU
		{F09E70CC-9D65-45C2-A451-D22CFB400C26}.Debug|Any CPU.ActiveCfg = Debug|Any CPU
		{F09E70CC-9D65-45C2-A451-D22CFB400C26}.Debug|Any CPU.Build.0 = Debug|Any CPU
		{F09E70CC-9D65-45C2-A451-D22CFB400C26}.Debug|x86.ActiveCfg = Debug|x86
		{F09E70CC-9D65-45C2-A451-D22CFB400C26}.Debug|x86.Build.0 = Debug|x86
		{F09E70CC-9D65-45C2-A451-D22CFB400C26}.Release|Any CPU.ActiveCfg = Release|Any CPU
		{F09E70CC-9D65-45C2-A451-D22CFB400C26}.Release|Any CPU.Build.0 = Release|Any CPU
		{F09E70CC-9D65-45C2-A451-D22CFB400C26}.Release|x86.ActiveCfg = Release|x86
		{F09E70CC-9D65-45C2-A451-D22CFB400C26}.Release|x86.Build.0 = Release|x86
		{0B9BA90B-2016-4754-915A-0AD74FD0067A}.Debug|Any CPU.ActiveCfg = Debug|Any CPU
		{0B9BA90B-2016-4754-915A-0AD74FD0067A}.Debug|Any CPU.Build.0 = Debug|Any CPU
		{0B9BA90B-2016-4754-915A-0AD74FD0067A}.Debug|x86.ActiveCfg = Debug|x86
		{0B9BA90B-2016-4754-915A-0AD74FD0067A}.Debug|x86.Build.0 = Debug|x86
		{0B9BA90B-2016-4754-915A-0AD74FD0067A}.Release|Any CPU.ActiveCfg = Release|Any CPU
		{0B9BA90B-2016-4754-915A-0AD74FD0067A}.Release|Any CPU.Build.0 = Release|Any CPU
		{0B9BA90B-2016-4754-915A-0AD74FD0067A}.Release|x86.ActiveCfg = Release|x86
		{0B9BA90B-2016-4754-915A-0AD74FD0067A}.Release|x86.Build.0 = Release|x86
		{A064E7D2-5730-4214-A29F-FDB790691E47}.Debug|Any CPU.ActiveCfg = Debug|Any CPU
		{A064E7D2-5730-4214-A29F-FDB790691E47}.Debug|Any CPU.Build.0 = Debug|Any CPU
		{A064E7D2-5730-4214-A29F-FDB790691E47}.Debug|x86.ActiveCfg = Debug|x86
		{A064E7D2-5730-4214-A29F-FDB790691E47}.Debug|x86.Build.0 = Debug|x86
		{A064E7D2-5730-4214-A29F-FDB790691E47}.Release|Any CPU.ActiveCfg = Release|Any CPU
		{A064E7D2-5730-4214-A29F-FDB790691E47}.Release|Any CPU.Build.0 = Release|Any CPU
		{A064E7D2-5730-4214-A29F-FDB790691E47}.Release|x86.ActiveCfg = Release|x86
		{A064E7D2-5730-4214-A29F-FDB790691E47}.Release|x86.Build.0 = Release|x86
		{C786BAB2-39E6-4B85-B6C9-346171B9FF03}.Debug|Any CPU.ActiveCfg = Debug|Any CPU
		{C786BAB2-39E6-4B85-B6C9-346171B9FF03}.Debug|Any CPU.Build.0 = Debug|Any CPU
		{C786BAB2-39E6-4B85-B6C9-346171B9FF03}.Debug|x86.ActiveCfg = Debug|Any CPU
		{C786BAB2-39E6-4B85-B6C9-346171B9FF03}.Release|Any CPU.ActiveCfg = Release|Any CPU
		{C786BAB2-39E6-4B85-B6C9-346171B9FF03}.Release|Any CPU.Build.0 = Release|Any CPU
		{C786BAB2-39E6-4B85-B6C9-346171B9FF03}.Release|x86.ActiveCfg = Release|Any CPU
		{C51D963B-3D02-43E6-B5C3-1E07E0833A08}.Debug|Any CPU.ActiveCfg = Debug|Any CPU
		{C51D963B-3D02-43E6-B5C3-1E07E0833A08}.Debug|Any CPU.Build.0 = Debug|Any CPU
		{C51D963B-3D02-43E6-B5C3-1E07E0833A08}.Debug|x86.ActiveCfg = Debug|Any CPU
		{C51D963B-3D02-43E6-B5C3-1E07E0833A08}.Release|Any CPU.ActiveCfg = Release|Any CPU
		{C51D963B-3D02-43E6-B5C3-1E07E0833A08}.Release|Any CPU.Build.0 = Release|Any CPU
		{C51D963B-3D02-43E6-B5C3-1E07E0833A08}.Release|x86.ActiveCfg = Release|Any CPU
		{58B443B0-D995-434B-B403-D5D62959D32E}.Debug|Any CPU.ActiveCfg = Debug|Any CPU
		{58B443B0-D995-434B-B403-D5D62959D32E}.Debug|Any CPU.Build.0 = Debug|Any CPU
		{58B443B0-D995-434B-B403-D5D62959D32E}.Debug|x86.ActiveCfg = Debug|x86
		{58B443B0-D995-434B-B403-D5D62959D32E}.Debug|x86.Build.0 = Debug|x86
		{58B443B0-D995-434B-B403-D5D62959D32E}.Release|Any CPU.ActiveCfg = Release|Any CPU
		{58B443B0-D995-434B-B403-D5D62959D32E}.Release|Any CPU.Build.0 = Release|Any CPU
		{58B443B0-D995-434B-B403-D5D62959D32E}.Release|x86.ActiveCfg = Release|x86
		{58B443B0-D995-434B-B403-D5D62959D32E}.Release|x86.Build.0 = Release|x86
		{7D649595-3CD3-4F13-A59B-5F7B8716FDFA}.Debug|Any CPU.ActiveCfg = Debug|Any CPU
		{7D649595-3CD3-4F13-A59B-5F7B8716FDFA}.Debug|Any CPU.Build.0 = Debug|Any CPU
		{7D649595-3CD3-4F13-A59B-5F7B8716FDFA}.Debug|x86.ActiveCfg = Debug|x86
		{7D649595-3CD3-4F13-A59B-5F7B8716FDFA}.Debug|x86.Build.0 = Debug|x86
		{7D649595-3CD3-4F13-A59B-5F7B8716FDFA}.Release|Any CPU.ActiveCfg = Release|Any CPU
		{7D649595-3CD3-4F13-A59B-5F7B8716FDFA}.Release|Any CPU.Build.0 = Release|Any CPU
		{7D649595-3CD3-4F13-A59B-5F7B8716FDFA}.Release|x86.ActiveCfg = Release|x86
		{7D649595-3CD3-4F13-A59B-5F7B8716FDFA}.Release|x86.Build.0 = Release|x86
		{9B0A0FAC-318F-4A27-A416-3977820B3B95}.Debug|Any CPU.ActiveCfg = Debug|Any CPU
		{9B0A0FAC-318F-4A27-A416-3977820B3B95}.Debug|Any CPU.Build.0 = Debug|Any CPU
		{9B0A0FAC-318F-4A27-A416-3977820B3B95}.Debug|x86.ActiveCfg = Debug|x86
		{9B0A0FAC-318F-4A27-A416-3977820B3B95}.Debug|x86.Build.0 = Debug|x86
		{9B0A0FAC-318F-4A27-A416-3977820B3B95}.Release|Any CPU.ActiveCfg = Release|Any CPU
		{9B0A0FAC-318F-4A27-A416-3977820B3B95}.Release|Any CPU.Build.0 = Release|Any CPU
		{9B0A0FAC-318F-4A27-A416-3977820B3B95}.Release|x86.ActiveCfg = Release|x86
		{9B0A0FAC-318F-4A27-A416-3977820B3B95}.Release|x86.Build.0 = Release|x86
		{233A27C0-65BF-4AB2-A9DF-BFE7460D1B47}.Debug|Any CPU.ActiveCfg = Debug|Any CPU
		{233A27C0-65BF-4AB2-A9DF-BFE7460D1B47}.Debug|Any CPU.Build.0 = Debug|Any CPU
		{233A27C0-65BF-4AB2-A9DF-BFE7460D1B47}.Debug|x86.ActiveCfg = Debug|x86
		{233A27C0-65BF-4AB2-A9DF-BFE7460D1B47}.Debug|x86.Build.0 = Debug|x86
		{233A27C0-65BF-4AB2-A9DF-BFE7460D1B47}.Release|Any CPU.ActiveCfg = Release|Any CPU
		{233A27C0-65BF-4AB2-A9DF-BFE7460D1B47}.Release|Any CPU.Build.0 = Release|Any CPU
		{233A27C0-65BF-4AB2-A9DF-BFE7460D1B47}.Release|x86.ActiveCfg = Release|x86
		{233A27C0-65BF-4AB2-A9DF-BFE7460D1B47}.Release|x86.Build.0 = Release|x86
		{8FC4515D-D5EF-405D-BD8D-E5F481583313}.Debug|Any CPU.ActiveCfg = Debug|Any CPU
		{8FC4515D-D5EF-405D-BD8D-E5F481583313}.Debug|Any CPU.Build.0 = Debug|Any CPU
		{8FC4515D-D5EF-405D-BD8D-E5F481583313}.Debug|x86.ActiveCfg = Debug|x86
		{8FC4515D-D5EF-405D-BD8D-E5F481583313}.Debug|x86.Build.0 = Debug|x86
		{8FC4515D-D5EF-405D-BD8D-E5F481583313}.Release|Any CPU.ActiveCfg = Release|Any CPU
		{8FC4515D-D5EF-405D-BD8D-E5F481583313}.Release|Any CPU.Build.0 = Release|Any CPU
		{8FC4515D-D5EF-405D-BD8D-E5F481583313}.Release|x86.ActiveCfg = Release|x86
		{8FC4515D-D5EF-405D-BD8D-E5F481583313}.Release|x86.Build.0 = Release|x86
		{AAC539BD-17E4-4FC0-8A9D-294DDA49104C}.Debug|Any CPU.ActiveCfg = Debug|Any CPU
		{AAC539BD-17E4-4FC0-8A9D-294DDA49104C}.Debug|Any CPU.Build.0 = Debug|Any CPU
		{AAC539BD-17E4-4FC0-8A9D-294DDA49104C}.Debug|x86.ActiveCfg = Debug|x86
		{AAC539BD-17E4-4FC0-8A9D-294DDA49104C}.Debug|x86.Build.0 = Debug|x86
		{AAC539BD-17E4-4FC0-8A9D-294DDA49104C}.Release|Any CPU.ActiveCfg = Release|Any CPU
		{AAC539BD-17E4-4FC0-8A9D-294DDA49104C}.Release|Any CPU.Build.0 = Release|Any CPU
		{AAC539BD-17E4-4FC0-8A9D-294DDA49104C}.Release|x86.ActiveCfg = Release|x86
		{AAC539BD-17E4-4FC0-8A9D-294DDA49104C}.Release|x86.Build.0 = Release|x86
		{68883359-0DB6-4938-A35F-A8514810F04A}.Debug|Any CPU.ActiveCfg = Debug|Any CPU
		{68883359-0DB6-4938-A35F-A8514810F04A}.Debug|Any CPU.Build.0 = Debug|Any CPU
		{68883359-0DB6-4938-A35F-A8514810F04A}.Debug|x86.ActiveCfg = Debug|x86
		{68883359-0DB6-4938-A35F-A8514810F04A}.Debug|x86.Build.0 = Debug|x86
		{68883359-0DB6-4938-A35F-A8514810F04A}.Release|Any CPU.ActiveCfg = Release|Any CPU
		{68883359-0DB6-4938-A35F-A8514810F04A}.Release|Any CPU.Build.0 = Release|Any CPU
		{68883359-0DB6-4938-A35F-A8514810F04A}.Release|x86.ActiveCfg = Release|x86
		{68883359-0DB6-4938-A35F-A8514810F04A}.Release|x86.Build.0 = Release|x86
		{CBC247A5-F50E-41ED-807C-94DE7E970DB9}.Debug|Any CPU.ActiveCfg = Debug|Any CPU
		{CBC247A5-F50E-41ED-807C-94DE7E970DB9}.Debug|Any CPU.Build.0 = Debug|Any CPU
		{CBC247A5-F50E-41ED-807C-94DE7E970DB9}.Debug|x86.ActiveCfg = Debug|x86
		{CBC247A5-F50E-41ED-807C-94DE7E970DB9}.Debug|x86.Build.0 = Debug|x86
		{CBC247A5-F50E-41ED-807C-94DE7E970DB9}.Release|Any CPU.ActiveCfg = Release|Any CPU
		{CBC247A5-F50E-41ED-807C-94DE7E970DB9}.Release|Any CPU.Build.0 = Release|Any CPU
		{CBC247A5-F50E-41ED-807C-94DE7E970DB9}.Release|x86.ActiveCfg = Release|x86
		{CBC247A5-F50E-41ED-807C-94DE7E970DB9}.Release|x86.Build.0 = Release|x86
		{9F73BC93-7B63-4D69-993A-03A0B2D0E2B2}.Debug|Any CPU.ActiveCfg = Debug|Any CPU
		{9F73BC93-7B63-4D69-993A-03A0B2D0E2B2}.Debug|Any CPU.Build.0 = Debug|Any CPU
		{9F73BC93-7B63-4D69-993A-03A0B2D0E2B2}.Debug|x86.ActiveCfg = Debug|x86
		{9F73BC93-7B63-4D69-993A-03A0B2D0E2B2}.Debug|x86.Build.0 = Debug|x86
		{9F73BC93-7B63-4D69-993A-03A0B2D0E2B2}.Release|Any CPU.ActiveCfg = Release|Any CPU
		{9F73BC93-7B63-4D69-993A-03A0B2D0E2B2}.Release|Any CPU.Build.0 = Release|Any CPU
		{9F73BC93-7B63-4D69-993A-03A0B2D0E2B2}.Release|x86.ActiveCfg = Release|x86
		{9F73BC93-7B63-4D69-993A-03A0B2D0E2B2}.Release|x86.Build.0 = Release|x86
		{9181CDE5-AD24-473D-A524-C3775563C902}.Debug|Any CPU.ActiveCfg = Debug|Any CPU
		{9181CDE5-AD24-473D-A524-C3775563C902}.Debug|Any CPU.Build.0 = Debug|Any CPU
		{9181CDE5-AD24-473D-A524-C3775563C902}.Debug|x86.ActiveCfg = Debug|x86
		{9181CDE5-AD24-473D-A524-C3775563C902}.Debug|x86.Build.0 = Debug|x86
		{9181CDE5-AD24-473D-A524-C3775563C902}.Release|Any CPU.ActiveCfg = Release|Any CPU
		{9181CDE5-AD24-473D-A524-C3775563C902}.Release|Any CPU.Build.0 = Release|Any CPU
		{9181CDE5-AD24-473D-A524-C3775563C902}.Release|x86.ActiveCfg = Release|x86
		{9181CDE5-AD24-473D-A524-C3775563C902}.Release|x86.Build.0 = Release|x86
		{11DA0AB7-F2EB-4D82-B72C-F255BA92426E}.Debug|Any CPU.ActiveCfg = Debug|Any CPU
		{11DA0AB7-F2EB-4D82-B72C-F255BA92426E}.Debug|Any CPU.Build.0 = Debug|Any CPU
		{11DA0AB7-F2EB-4D82-B72C-F255BA92426E}.Debug|x86.ActiveCfg = Debug|x86
		{11DA0AB7-F2EB-4D82-B72C-F255BA92426E}.Debug|x86.Build.0 = Debug|x86
		{11DA0AB7-F2EB-4D82-B72C-F255BA92426E}.Release|Any CPU.ActiveCfg = Release|Any CPU
		{11DA0AB7-F2EB-4D82-B72C-F255BA92426E}.Release|Any CPU.Build.0 = Release|Any CPU
		{11DA0AB7-F2EB-4D82-B72C-F255BA92426E}.Release|x86.ActiveCfg = Release|x86
		{11DA0AB7-F2EB-4D82-B72C-F255BA92426E}.Release|x86.Build.0 = Release|x86
		{32A0B21A-24AB-4E07-90E7-82F9C04C2A9D}.Debug|Any CPU.ActiveCfg = Debug|Any CPU
		{32A0B21A-24AB-4E07-90E7-82F9C04C2A9D}.Debug|Any CPU.Build.0 = Debug|Any CPU
		{32A0B21A-24AB-4E07-90E7-82F9C04C2A9D}.Debug|x86.ActiveCfg = Debug|x86
		{32A0B21A-24AB-4E07-90E7-82F9C04C2A9D}.Debug|x86.Build.0 = Debug|x86
		{32A0B21A-24AB-4E07-90E7-82F9C04C2A9D}.Release|Any CPU.ActiveCfg = Release|Any CPU
		{32A0B21A-24AB-4E07-90E7-82F9C04C2A9D}.Release|Any CPU.Build.0 = Release|Any CPU
		{32A0B21A-24AB-4E07-90E7-82F9C04C2A9D}.Release|x86.ActiveCfg = Release|x86
		{32A0B21A-24AB-4E07-90E7-82F9C04C2A9D}.Release|x86.Build.0 = Release|x86
		{C872275F-6717-43F1-BD8E-AF4AC077DB43}.Debug|Any CPU.ActiveCfg = Debug|Any CPU
		{C872275F-6717-43F1-BD8E-AF4AC077DB43}.Debug|Any CPU.Build.0 = Debug|Any CPU
		{C872275F-6717-43F1-BD8E-AF4AC077DB43}.Debug|x86.ActiveCfg = Debug|x86
		{C872275F-6717-43F1-BD8E-AF4AC077DB43}.Debug|x86.Build.0 = Debug|x86
		{C872275F-6717-43F1-BD8E-AF4AC077DB43}.Release|Any CPU.ActiveCfg = Release|Any CPU
		{C872275F-6717-43F1-BD8E-AF4AC077DB43}.Release|Any CPU.Build.0 = Release|Any CPU
		{C872275F-6717-43F1-BD8E-AF4AC077DB43}.Release|x86.ActiveCfg = Release|x86
		{C872275F-6717-43F1-BD8E-AF4AC077DB43}.Release|x86.Build.0 = Release|x86
		{764FCBD2-3B42-4B77-818A-4D4115C66C1D}.Debug|Any CPU.ActiveCfg = Debug|Any CPU
		{764FCBD2-3B42-4B77-818A-4D4115C66C1D}.Debug|Any CPU.Build.0 = Debug|Any CPU
		{764FCBD2-3B42-4B77-818A-4D4115C66C1D}.Debug|x86.ActiveCfg = Debug|Any CPU
		{764FCBD2-3B42-4B77-818A-4D4115C66C1D}.Release|Any CPU.ActiveCfg = Release|Any CPU
		{764FCBD2-3B42-4B77-818A-4D4115C66C1D}.Release|Any CPU.Build.0 = Release|Any CPU
		{764FCBD2-3B42-4B77-818A-4D4115C66C1D}.Release|x86.ActiveCfg = Release|Any CPU
		{3AEF14A0-5567-4F53-A4E6-4F1F692A1448}.Debug|Any CPU.ActiveCfg = Debug|Any CPU
		{3AEF14A0-5567-4F53-A4E6-4F1F692A1448}.Debug|Any CPU.Build.0 = Debug|Any CPU
		{3AEF14A0-5567-4F53-A4E6-4F1F692A1448}.Debug|x86.ActiveCfg = Debug|x86
		{3AEF14A0-5567-4F53-A4E6-4F1F692A1448}.Debug|x86.Build.0 = Debug|x86
		{3AEF14A0-5567-4F53-A4E6-4F1F692A1448}.Release|Any CPU.ActiveCfg = Release|Any CPU
		{3AEF14A0-5567-4F53-A4E6-4F1F692A1448}.Release|Any CPU.Build.0 = Release|Any CPU
		{3AEF14A0-5567-4F53-A4E6-4F1F692A1448}.Release|x86.ActiveCfg = Release|x86
		{3AEF14A0-5567-4F53-A4E6-4F1F692A1448}.Release|x86.Build.0 = Release|x86
		{B0526359-9A59-42FE-AE66-B0ADED8AB53B}.Debug|Any CPU.ActiveCfg = Debug|Any CPU
		{B0526359-9A59-42FE-AE66-B0ADED8AB53B}.Debug|x86.ActiveCfg = Debug|x86
		{B0526359-9A59-42FE-AE66-B0ADED8AB53B}.Debug|x86.Build.0 = Debug|x86
		{B0526359-9A59-42FE-AE66-B0ADED8AB53B}.Release|Any CPU.ActiveCfg = Release|Any CPU
		{B0526359-9A59-42FE-AE66-B0ADED8AB53B}.Release|Any CPU.Build.0 = Release|Any CPU
		{B0526359-9A59-42FE-AE66-B0ADED8AB53B}.Release|x86.ActiveCfg = Release|x86
		{B0526359-9A59-42FE-AE66-B0ADED8AB53B}.Release|x86.Build.0 = Release|x86
		{E15F7F49-A879-4FE1-AF78-2EE7D2C9B7B4}.Debug|Any CPU.ActiveCfg = Debug|Any CPU
		{E15F7F49-A879-4FE1-AF78-2EE7D2C9B7B4}.Debug|Any CPU.Build.0 = Debug|Any CPU
		{E15F7F49-A879-4FE1-AF78-2EE7D2C9B7B4}.Debug|x86.ActiveCfg = Debug|x86
		{E15F7F49-A879-4FE1-AF78-2EE7D2C9B7B4}.Debug|x86.Build.0 = Debug|x86
		{E15F7F49-A879-4FE1-AF78-2EE7D2C9B7B4}.Release|Any CPU.ActiveCfg = Release|Any CPU
		{E15F7F49-A879-4FE1-AF78-2EE7D2C9B7B4}.Release|Any CPU.Build.0 = Release|Any CPU
		{E15F7F49-A879-4FE1-AF78-2EE7D2C9B7B4}.Release|x86.ActiveCfg = Release|x86
		{E15F7F49-A879-4FE1-AF78-2EE7D2C9B7B4}.Release|x86.Build.0 = Release|x86
		{D32C57DC-C687-4C24-9FA9-094BD91664F0}.Debug|Any CPU.ActiveCfg = Debug|Any CPU
		{D32C57DC-C687-4C24-9FA9-094BD91664F0}.Debug|Any CPU.Build.0 = Debug|Any CPU
		{D32C57DC-C687-4C24-9FA9-094BD91664F0}.Debug|x86.ActiveCfg = Debug|Any CPU
		{D32C57DC-C687-4C24-9FA9-094BD91664F0}.Release|Any CPU.ActiveCfg = Release|Any CPU
		{D32C57DC-C687-4C24-9FA9-094BD91664F0}.Release|Any CPU.Build.0 = Release|Any CPU
		{D32C57DC-C687-4C24-9FA9-094BD91664F0}.Release|x86.ActiveCfg = Release|Any CPU
		{FCAD6257-6532-44F3-87B6-FB4981A6CF42}.Debug|Any CPU.ActiveCfg = Debug|Any CPU
		{FCAD6257-6532-44F3-87B6-FB4981A6CF42}.Debug|Any CPU.Build.0 = Debug|Any CPU
		{FCAD6257-6532-44F3-87B6-FB4981A6CF42}.Debug|x86.ActiveCfg = Debug|Any CPU
		{FCAD6257-6532-44F3-87B6-FB4981A6CF42}.Release|Any CPU.ActiveCfg = Release|Any CPU
		{FCAD6257-6532-44F3-87B6-FB4981A6CF42}.Release|Any CPU.Build.0 = Release|Any CPU
		{FCAD6257-6532-44F3-87B6-FB4981A6CF42}.Release|x86.ActiveCfg = Release|Any CPU
		{C8630D6D-65EB-447B-B7F5-82CC0D35A8B8}.Debug|Any CPU.ActiveCfg = Debug|Any CPU
		{C8630D6D-65EB-447B-B7F5-82CC0D35A8B8}.Debug|Any CPU.Build.0 = Debug|Any CPU
		{C8630D6D-65EB-447B-B7F5-82CC0D35A8B8}.Debug|x86.ActiveCfg = Debug|Any CPU
		{C8630D6D-65EB-447B-B7F5-82CC0D35A8B8}.Release|Any CPU.ActiveCfg = Release|Any CPU
		{C8630D6D-65EB-447B-B7F5-82CC0D35A8B8}.Release|Any CPU.Build.0 = Release|Any CPU
		{C8630D6D-65EB-447B-B7F5-82CC0D35A8B8}.Release|x86.ActiveCfg = Release|Any CPU
		{F6A64307-6AA8-4753-A507-03E746BB49E4}.Debug|Any CPU.ActiveCfg = Debug|Any CPU
		{F6A64307-6AA8-4753-A507-03E746BB49E4}.Debug|Any CPU.Build.0 = Debug|Any CPU
		{F6A64307-6AA8-4753-A507-03E746BB49E4}.Debug|x86.ActiveCfg = Debug|x86
		{F6A64307-6AA8-4753-A507-03E746BB49E4}.Debug|x86.Build.0 = Debug|x86
		{F6A64307-6AA8-4753-A507-03E746BB49E4}.Release|Any CPU.ActiveCfg = Release|Any CPU
		{F6A64307-6AA8-4753-A507-03E746BB49E4}.Release|Any CPU.Build.0 = Release|Any CPU
		{F6A64307-6AA8-4753-A507-03E746BB49E4}.Release|x86.ActiveCfg = Release|x86
		{F6A64307-6AA8-4753-A507-03E746BB49E4}.Release|x86.Build.0 = Release|x86
		{3054526B-2F17-4093-B6AC-FB00846D6A41}.Debug|Any CPU.ActiveCfg = Debug|Any CPU
		{3054526B-2F17-4093-B6AC-FB00846D6A41}.Debug|Any CPU.Build.0 = Debug|Any CPU
		{3054526B-2F17-4093-B6AC-FB00846D6A41}.Debug|x86.ActiveCfg = Debug|x86
		{3054526B-2F17-4093-B6AC-FB00846D6A41}.Debug|x86.Build.0 = Debug|x86
		{3054526B-2F17-4093-B6AC-FB00846D6A41}.Release|Any CPU.ActiveCfg = Release|Any CPU
		{3054526B-2F17-4093-B6AC-FB00846D6A41}.Release|Any CPU.Build.0 = Release|Any CPU
		{3054526B-2F17-4093-B6AC-FB00846D6A41}.Release|x86.ActiveCfg = Release|x86
		{3054526B-2F17-4093-B6AC-FB00846D6A41}.Release|x86.Build.0 = Release|x86
		{2FAAF21B-10DD-4430-87DC-54E981495485}.Debug|Any CPU.ActiveCfg = Debug|Any CPU
		{2FAAF21B-10DD-4430-87DC-54E981495485}.Debug|Any CPU.Build.0 = Debug|Any CPU
		{2FAAF21B-10DD-4430-87DC-54E981495485}.Debug|x86.ActiveCfg = Debug|x86
		{2FAAF21B-10DD-4430-87DC-54E981495485}.Debug|x86.Build.0 = Debug|x86
		{2FAAF21B-10DD-4430-87DC-54E981495485}.Release|Any CPU.ActiveCfg = Release|Any CPU
		{2FAAF21B-10DD-4430-87DC-54E981495485}.Release|Any CPU.Build.0 = Release|Any CPU
		{2FAAF21B-10DD-4430-87DC-54E981495485}.Release|x86.ActiveCfg = Release|x86
		{2FAAF21B-10DD-4430-87DC-54E981495485}.Release|x86.Build.0 = Release|x86
		{FB01F6EE-89C0-4A64-B023-C8CC566FF803}.Debug|Any CPU.ActiveCfg = Debug|Any CPU
		{FB01F6EE-89C0-4A64-B023-C8CC566FF803}.Debug|Any CPU.Build.0 = Debug|Any CPU
		{FB01F6EE-89C0-4A64-B023-C8CC566FF803}.Debug|x86.ActiveCfg = Debug|x86
		{FB01F6EE-89C0-4A64-B023-C8CC566FF803}.Debug|x86.Build.0 = Debug|x86
		{FB01F6EE-89C0-4A64-B023-C8CC566FF803}.Release|Any CPU.ActiveCfg = Release|Any CPU
		{FB01F6EE-89C0-4A64-B023-C8CC566FF803}.Release|Any CPU.Build.0 = Release|Any CPU
		{FB01F6EE-89C0-4A64-B023-C8CC566FF803}.Release|x86.ActiveCfg = Release|x86
		{FB01F6EE-89C0-4A64-B023-C8CC566FF803}.Release|x86.Build.0 = Release|x86
		{D61FCB88-FF61-4EF4-BC5D-6C037B4B6DB0}.Debug|Any CPU.ActiveCfg = Debug|Any CPU
		{D61FCB88-FF61-4EF4-BC5D-6C037B4B6DB0}.Debug|Any CPU.Build.0 = Debug|Any CPU
		{D61FCB88-FF61-4EF4-BC5D-6C037B4B6DB0}.Debug|x86.ActiveCfg = Debug|x86
		{D61FCB88-FF61-4EF4-BC5D-6C037B4B6DB0}.Debug|x86.Build.0 = Debug|x86
		{D61FCB88-FF61-4EF4-BC5D-6C037B4B6DB0}.Release|Any CPU.ActiveCfg = Release|Any CPU
		{D61FCB88-FF61-4EF4-BC5D-6C037B4B6DB0}.Release|Any CPU.Build.0 = Release|Any CPU
		{D61FCB88-FF61-4EF4-BC5D-6C037B4B6DB0}.Release|x86.ActiveCfg = Release|x86
		{D61FCB88-FF61-4EF4-BC5D-6C037B4B6DB0}.Release|x86.Build.0 = Release|x86
		{1119D6E1-5337-42C6-BBDA-3658808F319C}.Debug|Any CPU.ActiveCfg = Debug|Any CPU
		{1119D6E1-5337-42C6-BBDA-3658808F319C}.Debug|Any CPU.Build.0 = Debug|Any CPU
		{1119D6E1-5337-42C6-BBDA-3658808F319C}.Debug|x86.ActiveCfg = Debug|x86
		{1119D6E1-5337-42C6-BBDA-3658808F319C}.Debug|x86.Build.0 = Debug|x86
		{1119D6E1-5337-42C6-BBDA-3658808F319C}.Release|Any CPU.ActiveCfg = Release|Any CPU
		{1119D6E1-5337-42C6-BBDA-3658808F319C}.Release|Any CPU.Build.0 = Release|Any CPU
		{1119D6E1-5337-42C6-BBDA-3658808F319C}.Release|x86.ActiveCfg = Release|x86
		{1119D6E1-5337-42C6-BBDA-3658808F319C}.Release|x86.Build.0 = Release|x86
		{3DA5E14F-CECF-4C4E-89F5-A233A21BFF34}.Debug|Any CPU.ActiveCfg = Debug|Any CPU
		{3DA5E14F-CECF-4C4E-89F5-A233A21BFF34}.Debug|Any CPU.Build.0 = Debug|Any CPU
		{3DA5E14F-CECF-4C4E-89F5-A233A21BFF34}.Debug|x86.ActiveCfg = Debug|x86
		{3DA5E14F-CECF-4C4E-89F5-A233A21BFF34}.Debug|x86.Build.0 = Debug|x86
		{3DA5E14F-CECF-4C4E-89F5-A233A21BFF34}.Release|Any CPU.ActiveCfg = Release|Any CPU
		{3DA5E14F-CECF-4C4E-89F5-A233A21BFF34}.Release|Any CPU.Build.0 = Release|Any CPU
		{3DA5E14F-CECF-4C4E-89F5-A233A21BFF34}.Release|x86.ActiveCfg = Release|x86
		{3DA5E14F-CECF-4C4E-89F5-A233A21BFF34}.Release|x86.Build.0 = Release|x86
		{5B5ACBB1-74AE-4F51-890D-649309AD4E9C}.Debug|Any CPU.ActiveCfg = Debug|Any CPU
		{5B5ACBB1-74AE-4F51-890D-649309AD4E9C}.Debug|Any CPU.Build.0 = Debug|Any CPU
		{5B5ACBB1-74AE-4F51-890D-649309AD4E9C}.Debug|x86.ActiveCfg = Debug|x86
		{5B5ACBB1-74AE-4F51-890D-649309AD4E9C}.Debug|x86.Build.0 = Debug|x86
		{5B5ACBB1-74AE-4F51-890D-649309AD4E9C}.Release|Any CPU.ActiveCfg = Release|Any CPU
		{5B5ACBB1-74AE-4F51-890D-649309AD4E9C}.Release|Any CPU.Build.0 = Release|Any CPU
		{5B5ACBB1-74AE-4F51-890D-649309AD4E9C}.Release|x86.ActiveCfg = Release|x86
		{5B5ACBB1-74AE-4F51-890D-649309AD4E9C}.Release|x86.Build.0 = Release|x86
		{0913BF38-CA92-462C-8B77-BA8937A989F4}.Debug|Any CPU.ActiveCfg = Debug|Any CPU
		{0913BF38-CA92-462C-8B77-BA8937A989F4}.Debug|Any CPU.Build.0 = Debug|Any CPU
		{0913BF38-CA92-462C-8B77-BA8937A989F4}.Debug|x86.ActiveCfg = Debug|x86
		{0913BF38-CA92-462C-8B77-BA8937A989F4}.Debug|x86.Build.0 = Debug|x86
		{0913BF38-CA92-462C-8B77-BA8937A989F4}.Release|Any CPU.ActiveCfg = Release|Any CPU
		{0913BF38-CA92-462C-8B77-BA8937A989F4}.Release|Any CPU.Build.0 = Release|Any CPU
		{0913BF38-CA92-462C-8B77-BA8937A989F4}.Release|x86.ActiveCfg = Release|x86
		{0913BF38-CA92-462C-8B77-BA8937A989F4}.Release|x86.Build.0 = Release|x86
		{D26B704D-1FC9-4040-A29D-21FB8707ECE1}.Debug|Any CPU.ActiveCfg = Debug|Any CPU
		{D26B704D-1FC9-4040-A29D-21FB8707ECE1}.Debug|Any CPU.Build.0 = Debug|Any CPU
		{D26B704D-1FC9-4040-A29D-21FB8707ECE1}.Debug|x86.ActiveCfg = Debug|x86
		{D26B704D-1FC9-4040-A29D-21FB8707ECE1}.Debug|x86.Build.0 = Debug|x86
		{D26B704D-1FC9-4040-A29D-21FB8707ECE1}.Release|Any CPU.ActiveCfg = Release|Any CPU
		{D26B704D-1FC9-4040-A29D-21FB8707ECE1}.Release|Any CPU.Build.0 = Release|Any CPU
		{D26B704D-1FC9-4040-A29D-21FB8707ECE1}.Release|x86.ActiveCfg = Release|x86
		{D26B704D-1FC9-4040-A29D-21FB8707ECE1}.Release|x86.Build.0 = Release|x86
	EndGlobalSection
	GlobalSection(SolutionProperties) = preSolution
		HideSolutionNode = FALSE
	EndGlobalSection
	GlobalSection(NestedProjects) = preSolution
		{233A27C0-65BF-4AB2-A9DF-BFE7460D1B47} = {60696D8B-A0C3-483C-BB92-EF9724274F1D}
		{8FC4515D-D5EF-405D-BD8D-E5F481583313} = {60696D8B-A0C3-483C-BB92-EF9724274F1D}
		{AAC539BD-17E4-4FC0-8A9D-294DDA49104C} = {60696D8B-A0C3-483C-BB92-EF9724274F1D}
		{882C41F5-6A96-419F-9153-8D277ED91464} = {2B9CA5B9-9FE1-4120-9A8E-305D05FFEA40}
		{0CCD3F11-0F48-427F-BC98-9DD6D875F4BB} = {2B9CA5B9-9FE1-4120-9A8E-305D05FFEA40}
		{CEB869C6-ED48-4846-9040-4E82AB58B86B} = {2B9CA5B9-9FE1-4120-9A8E-305D05FFEA40}
		{7E4B6C24-4526-4995-9BDA-410CC41C7512} = {2B9CA5B9-9FE1-4120-9A8E-305D05FFEA40}
		{BE7E6470-D691-454D-9705-2B9E8F8C2EF1} = {2B9CA5B9-9FE1-4120-9A8E-305D05FFEA40}
		{28B872F6-39C6-405B-B52B-AC95289B052B} = {2B9CA5B9-9FE1-4120-9A8E-305D05FFEA40}
		{42B7A22C-FD5D-4EF3-856F-E01F8DD8A82B} = {2B9CA5B9-9FE1-4120-9A8E-305D05FFEA40}
		{4CEB19CE-54D1-420C-A817-FB544DCF1DDE} = {2B9CA5B9-9FE1-4120-9A8E-305D05FFEA40}
		{F09E70CC-9D65-45C2-A451-D22CFB400C26} = {2B9CA5B9-9FE1-4120-9A8E-305D05FFEA40}
		{0B9BA90B-2016-4754-915A-0AD74FD0067A} = {2B9CA5B9-9FE1-4120-9A8E-305D05FFEA40}
		{A064E7D2-5730-4214-A29F-FDB790691E47} = {2B9CA5B9-9FE1-4120-9A8E-305D05FFEA40}
		{C786BAB2-39E6-4B85-B6C9-346171B9FF03} = {2B9CA5B9-9FE1-4120-9A8E-305D05FFEA40}
		{C51D963B-3D02-43E6-B5C3-1E07E0833A08} = {2B9CA5B9-9FE1-4120-9A8E-305D05FFEA40}
		{58B443B0-D995-434B-B403-D5D62959D32E} = {2B9CA5B9-9FE1-4120-9A8E-305D05FFEA40}
		{7D649595-3CD3-4F13-A59B-5F7B8716FDFA} = {2B9CA5B9-9FE1-4120-9A8E-305D05FFEA40}
		{9B0A0FAC-318F-4A27-A416-3977820B3B95} = {2B9CA5B9-9FE1-4120-9A8E-305D05FFEA40}
		{68883359-0DB6-4938-A35F-A8514810F04A} = {7F39DEEA-2812-48F6-A324-627A97C3DA89}
		{CBC247A5-F50E-41ED-807C-94DE7E970DB9} = {7F39DEEA-2812-48F6-A324-627A97C3DA89}
		{9F73BC93-7B63-4D69-993A-03A0B2D0E2B2} = {7F39DEEA-2812-48F6-A324-627A97C3DA89}
		{9181CDE5-AD24-473D-A524-C3775563C902} = {7F39DEEA-2812-48F6-A324-627A97C3DA89}
		{11DA0AB7-F2EB-4D82-B72C-F255BA92426E} = {7F39DEEA-2812-48F6-A324-627A97C3DA89}
		{32A0B21A-24AB-4E07-90E7-82F9C04C2A9D} = {7F39DEEA-2812-48F6-A324-627A97C3DA89}
		{C872275F-6717-43F1-BD8E-AF4AC077DB43} = {7F39DEEA-2812-48F6-A324-627A97C3DA89}
		{764FCBD2-3B42-4B77-818A-4D4115C66C1D} = {7F39DEEA-2812-48F6-A324-627A97C3DA89}
		{3AEF14A0-5567-4F53-A4E6-4F1F692A1448} = {7F39DEEA-2812-48F6-A324-627A97C3DA89}
		{B0526359-9A59-42FE-AE66-B0ADED8AB53B} = {7F39DEEA-2812-48F6-A324-627A97C3DA89}
		{E15F7F49-A879-4FE1-AF78-2EE7D2C9B7B4} = {7F39DEEA-2812-48F6-A324-627A97C3DA89}
		{8F16592A-496B-467E-95A8-DA5840E550D3} = {7F39DEEA-2812-48F6-A324-627A97C3DA89}
		{C8630D6D-65EB-447B-B7F5-82CC0D35A8B8} = {7F39DEEA-2812-48F6-A324-627A97C3DA89}
		{D26B704D-1FC9-4040-A29D-21FB8707ECE1} = {7F39DEEA-2812-48F6-A324-627A97C3DA89}
		{FCAD6257-6532-44F3-87B6-FB4981A6CF42} = {8F16592A-496B-467E-95A8-DA5840E550D3}
		{F6A64307-6AA8-4753-A507-03E746BB49E4} = {8F16592A-496B-467E-95A8-DA5840E550D3}
		{3054526B-2F17-4093-B6AC-FB00846D6A41} = {8F16592A-496B-467E-95A8-DA5840E550D3}
		{2FAAF21B-10DD-4430-87DC-54E981495485} = {8F16592A-496B-467E-95A8-DA5840E550D3}
		{D32C57DC-C687-4C24-9FA9-094BD91664F0} = {8F16592A-496B-467E-95A8-DA5840E550D3}
		{FB01F6EE-89C0-4A64-B023-C8CC566FF803} = {8F16592A-496B-467E-95A8-DA5840E550D3}
		{D61FCB88-FF61-4EF4-BC5D-6C037B4B6DB0} = {8F16592A-496B-467E-95A8-DA5840E550D3}
		{1119D6E1-5337-42C6-BBDA-3658808F319C} = {8F16592A-496B-467E-95A8-DA5840E550D3}
		{3DA5E14F-CECF-4C4E-89F5-A233A21BFF34} = {8F16592A-496B-467E-95A8-DA5840E550D3}
		{5B5ACBB1-74AE-4F51-890D-649309AD4E9C} = {8F16592A-496B-467E-95A8-DA5840E550D3}
		{0913BF38-CA92-462C-8B77-BA8937A989F4} = {8F16592A-496B-467E-95A8-DA5840E550D3}
	EndGlobalSection
	GlobalSection(ExtensibilityGlobals) = postSolution
		EnterpriseLibraryConfigurationToolBinariesPath = packages\Unity.2.1.505.2\lib\NET35
	EndGlobalSection
EndGlobal
