
Microsoft Visual Studio Solution File, Format Version 11.00
# Visual Studio 2010
Project("{FAE04EC0-301F-11D3-BF4B-00C04F79EFBC}") = "HydroDesktop.Data", "HydroDesktop.Data\HydroDesktop.Data.csproj", "{CEB869C6-ED48-4846-9040-4E82AB58B86B}"
	ProjectSection(ProjectDependencies) = postProject
		{0B9BA90B-2016-4754-915A-0AD74FD0067A} = {0B9BA90B-2016-4754-915A-0AD74FD0067A}
		{0CCD3F11-0F48-427F-BC98-9DD6D875F4BB} = {0CCD3F11-0F48-427F-BC98-9DD6D875F4BB}
	EndProjectSection
EndProject
Project("{FAE04EC0-301F-11D3-BF4B-00C04F79EFBC}") = "HydroDesktop.Configuration", "HydroDesktop.Configuration\HydroDesktop.Configuration.csproj", "{0CCD3F11-0F48-427F-BC98-9DD6D875F4BB}"
EndProject
Project("{FAE04EC0-301F-11D3-BF4B-00C04F79EFBC}") = "ArcGisOnline", "ArcGisOnline\ArcGisOnline.csproj", "{F53FFFDC-CFCC-4F2D-BA53-BB008B7AD07D}"
	ProjectSection(ProjectDependencies) = postProject
		{0B9BA90B-2016-4754-915A-0AD74FD0067A} = {0B9BA90B-2016-4754-915A-0AD74FD0067A}
		{0CCD3F11-0F48-427F-BC98-9DD6D875F4BB} = {0CCD3F11-0F48-427F-BC98-9DD6D875F4BB}
		{2FAAF21B-10DD-4430-87DC-54E981495485} = {2FAAF21B-10DD-4430-87DC-54E981495485}
		{5B5ACBB1-74AE-4F51-890D-649309AD4E9C} = {5B5ACBB1-74AE-4F51-890D-649309AD4E9C}
	EndProjectSection
EndProject
Project("{FAE04EC0-301F-11D3-BF4B-00C04F79EFBC}") = "DataExport", "DataExport\DataExport.csproj", "{9F73BC93-7B63-4D69-993A-03A0B2D0E2B2}"
	ProjectSection(ProjectDependencies) = postProject
		{0B9BA90B-2016-4754-915A-0AD74FD0067A} = {0B9BA90B-2016-4754-915A-0AD74FD0067A}
		{0CCD3F11-0F48-427F-BC98-9DD6D875F4BB} = {0CCD3F11-0F48-427F-BC98-9DD6D875F4BB}
		{2FAAF21B-10DD-4430-87DC-54E981495485} = {2FAAF21B-10DD-4430-87DC-54E981495485}
		{D61FCB88-FF61-4EF4-BC5D-6C037B4B6DB0} = {D61FCB88-FF61-4EF4-BC5D-6C037B4B6DB0}
		{5B5ACBB1-74AE-4F51-890D-649309AD4E9C} = {5B5ACBB1-74AE-4F51-890D-649309AD4E9C}
		{CEB869C6-ED48-4846-9040-4E82AB58B86B} = {CEB869C6-ED48-4846-9040-4E82AB58B86B}
		{F09E70CC-9D65-45C2-A451-D22CFB400C26} = {F09E70CC-9D65-45C2-A451-D22CFB400C26}
		{28B872F6-39C6-405B-B52B-AC95289B052B} = {28B872F6-39C6-405B-B52B-AC95289B052B}
	EndProjectSection
EndProject
Project("{FAE04EC0-301F-11D3-BF4B-00C04F79EFBC}") = "HydroDesktop.Docking", "Docking\HydroDesktop.Docking.csproj", "{28B872F6-39C6-405B-B52B-AC95289B052B}"
	ProjectSection(ProjectDependencies) = postProject
		{2FAAF21B-10DD-4430-87DC-54E981495485} = {2FAAF21B-10DD-4430-87DC-54E981495485}
	EndProjectSection
EndProject
Project("{FAE04EC0-301F-11D3-BF4B-00C04F79EFBC}") = "EPADelineation", "EPADelineation\EPADelineation.csproj", "{11DA0AB7-F2EB-4D82-B72C-F255BA92426E}"
	ProjectSection(ProjectDependencies) = postProject
		{0B9BA90B-2016-4754-915A-0AD74FD0067A} = {0B9BA90B-2016-4754-915A-0AD74FD0067A}
		{0CCD3F11-0F48-427F-BC98-9DD6D875F4BB} = {0CCD3F11-0F48-427F-BC98-9DD6D875F4BB}
		{2FAAF21B-10DD-4430-87DC-54E981495485} = {2FAAF21B-10DD-4430-87DC-54E981495485}
		{D61FCB88-FF61-4EF4-BC5D-6C037B4B6DB0} = {D61FCB88-FF61-4EF4-BC5D-6C037B4B6DB0}
		{CEB869C6-ED48-4846-9040-4E82AB58B86B} = {CEB869C6-ED48-4846-9040-4E82AB58B86B}
		{28B872F6-39C6-405B-B52B-AC95289B052B} = {28B872F6-39C6-405B-B52B-AC95289B052B}
	EndProjectSection
EndProject
Project("{FAE04EC0-301F-11D3-BF4B-00C04F79EFBC}") = "HelpTab", "HelpTab\HelpTab\HelpTab.csproj", "{D61FCB88-FF61-4EF4-BC5D-6C037B4B6DB0}"
	ProjectSection(ProjectDependencies) = postProject
		{0CCD3F11-0F48-427F-BC98-9DD6D875F4BB} = {0CCD3F11-0F48-427F-BC98-9DD6D875F4BB}
		{2FAAF21B-10DD-4430-87DC-54E981495485} = {2FAAF21B-10DD-4430-87DC-54E981495485}
		{F09E70CC-9D65-45C2-A451-D22CFB400C26} = {F09E70CC-9D65-45C2-A451-D22CFB400C26}
	EndProjectSection
EndProject
Project("{FAE04EC0-301F-11D3-BF4B-00C04F79EFBC}") = "HydroR", "HydroR\HydroR.csproj", "{C872275F-6717-43F1-BD8E-AF4AC077DB43}"
	ProjectSection(ProjectDependencies) = postProject
		{0B9BA90B-2016-4754-915A-0AD74FD0067A} = {0B9BA90B-2016-4754-915A-0AD74FD0067A}
		{0CCD3F11-0F48-427F-BC98-9DD6D875F4BB} = {0CCD3F11-0F48-427F-BC98-9DD6D875F4BB}
		{2FAAF21B-10DD-4430-87DC-54E981495485} = {2FAAF21B-10DD-4430-87DC-54E981495485}
		{7D649595-3CD3-4F13-A59B-5F7B8716FDFA} = {7D649595-3CD3-4F13-A59B-5F7B8716FDFA}
		{5B5ACBB1-74AE-4F51-890D-649309AD4E9C} = {5B5ACBB1-74AE-4F51-890D-649309AD4E9C}
		{CEB869C6-ED48-4846-9040-4E82AB58B86B} = {CEB869C6-ED48-4846-9040-4E82AB58B86B}
		{28B872F6-39C6-405B-B52B-AC95289B052B} = {28B872F6-39C6-405B-B52B-AC95289B052B}
	EndProjectSection
EndProject
Project("{FAE04EC0-301F-11D3-BF4B-00C04F79EFBC}") = "MetadataFetcher", "MetadataFetcher\MetadataFetcher.csproj", "{3AEF14A0-5567-4F53-A4E6-4F1F692A1448}"
	ProjectSection(ProjectDependencies) = postProject
		{0B9BA90B-2016-4754-915A-0AD74FD0067A} = {0B9BA90B-2016-4754-915A-0AD74FD0067A}
		{0CCD3F11-0F48-427F-BC98-9DD6D875F4BB} = {0CCD3F11-0F48-427F-BC98-9DD6D875F4BB}
		{2FAAF21B-10DD-4430-87DC-54E981495485} = {2FAAF21B-10DD-4430-87DC-54E981495485}
		{7D649595-3CD3-4F13-A59B-5F7B8716FDFA} = {7D649595-3CD3-4F13-A59B-5F7B8716FDFA}
		{CEB869C6-ED48-4846-9040-4E82AB58B86B} = {CEB869C6-ED48-4846-9040-4E82AB58B86B}
		{28B872F6-39C6-405B-B52B-AC95289B052B} = {28B872F6-39C6-405B-B52B-AC95289B052B}
	EndProjectSection
EndProject
Project("{FAE04EC0-301F-11D3-BF4B-00C04F79EFBC}") = "Search2", "Search2\Search2Plugin\Search2.csproj", "{FC10C307-3EB0-468E-B750-D0421BCC0C2A}"
	ProjectSection(ProjectDependencies) = postProject
		{0B9BA90B-2016-4754-915A-0AD74FD0067A} = {0B9BA90B-2016-4754-915A-0AD74FD0067A}
		{0CCD3F11-0F48-427F-BC98-9DD6D875F4BB} = {0CCD3F11-0F48-427F-BC98-9DD6D875F4BB}
		{2FAAF21B-10DD-4430-87DC-54E981495485} = {2FAAF21B-10DD-4430-87DC-54E981495485}
		{7D649595-3CD3-4F13-A59B-5F7B8716FDFA} = {7D649595-3CD3-4F13-A59B-5F7B8716FDFA}
		{5B5ACBB1-74AE-4F51-890D-649309AD4E9C} = {5B5ACBB1-74AE-4F51-890D-649309AD4E9C}
		{CEB869C6-ED48-4846-9040-4E82AB58B86B} = {CEB869C6-ED48-4846-9040-4E82AB58B86B}
		{28B872F6-39C6-405B-B52B-AC95289B052B} = {28B872F6-39C6-405B-B52B-AC95289B052B}
	EndProjectSection
EndProject
Project("{FAE04EC0-301F-11D3-BF4B-00C04F79EFBC}") = "DataDownload", "DataDownload\DataDownload\DataDownload.csproj", "{CBC247A5-F50E-41ED-807C-94DE7E970DB9}"
	ProjectSection(ProjectDependencies) = postProject
		{0B9BA90B-2016-4754-915A-0AD74FD0067A} = {0B9BA90B-2016-4754-915A-0AD74FD0067A}
		{0CCD3F11-0F48-427F-BC98-9DD6D875F4BB} = {0CCD3F11-0F48-427F-BC98-9DD6D875F4BB}
		{2FAAF21B-10DD-4430-87DC-54E981495485} = {2FAAF21B-10DD-4430-87DC-54E981495485}
		{7D649595-3CD3-4F13-A59B-5F7B8716FDFA} = {7D649595-3CD3-4F13-A59B-5F7B8716FDFA}
		{5B5ACBB1-74AE-4F51-890D-649309AD4E9C} = {5B5ACBB1-74AE-4F51-890D-649309AD4E9C}
		{CEB869C6-ED48-4846-9040-4E82AB58B86B} = {CEB869C6-ED48-4846-9040-4E82AB58B86B}
		{28B872F6-39C6-405B-B52B-AC95289B052B} = {28B872F6-39C6-405B-B52B-AC95289B052B}
	EndProjectSection
EndProject
Project("{FAE04EC0-301F-11D3-BF4B-00C04F79EFBC}") = "DataImport", "DataImport\DataImport.csproj", "{9181CDE5-AD24-473D-A524-C3775563C902}"
	ProjectSection(ProjectDependencies) = postProject
		{0B9BA90B-2016-4754-915A-0AD74FD0067A} = {0B9BA90B-2016-4754-915A-0AD74FD0067A}
		{0CCD3F11-0F48-427F-BC98-9DD6D875F4BB} = {0CCD3F11-0F48-427F-BC98-9DD6D875F4BB}
		{2FAAF21B-10DD-4430-87DC-54E981495485} = {2FAAF21B-10DD-4430-87DC-54E981495485}
		{7D649595-3CD3-4F13-A59B-5F7B8716FDFA} = {7D649595-3CD3-4F13-A59B-5F7B8716FDFA}
		{5B5ACBB1-74AE-4F51-890D-649309AD4E9C} = {5B5ACBB1-74AE-4F51-890D-649309AD4E9C}
		{CEB869C6-ED48-4846-9040-4E82AB58B86B} = {CEB869C6-ED48-4846-9040-4E82AB58B86B}
		{28B872F6-39C6-405B-B52B-AC95289B052B} = {28B872F6-39C6-405B-B52B-AC95289B052B}
	EndProjectSection
EndProject
Project("{F184B08F-C81C-45F6-A57F-5ABD9991F28F}") = "EditView", "EditView\EditView.vbproj", "{1119D6E1-5337-42C6-BBDA-3658808F319C}"
	ProjectSection(ProjectDependencies) = postProject
		{0B9BA90B-2016-4754-915A-0AD74FD0067A} = {0B9BA90B-2016-4754-915A-0AD74FD0067A}
		{0CCD3F11-0F48-427F-BC98-9DD6D875F4BB} = {0CCD3F11-0F48-427F-BC98-9DD6D875F4BB}
		{2FAAF21B-10DD-4430-87DC-54E981495485} = {2FAAF21B-10DD-4430-87DC-54E981495485}
		{5B5ACBB1-74AE-4F51-890D-649309AD4E9C} = {5B5ACBB1-74AE-4F51-890D-649309AD4E9C}
		{CEB869C6-ED48-4846-9040-4E82AB58B86B} = {CEB869C6-ED48-4846-9040-4E82AB58B86B}
		{28B872F6-39C6-405B-B52B-AC95289B052B} = {28B872F6-39C6-405B-B52B-AC95289B052B}
	EndProjectSection
EndProject
Project("{F184B08F-C81C-45F6-A57F-5ABD9991F28F}") = "GraphView", "GraphView\GraphView.vbproj", "{3DA5E14F-CECF-4C4E-89F5-A233A21BFF34}"
	ProjectSection(ProjectDependencies) = postProject
		{0B9BA90B-2016-4754-915A-0AD74FD0067A} = {0B9BA90B-2016-4754-915A-0AD74FD0067A}
		{0CCD3F11-0F48-427F-BC98-9DD6D875F4BB} = {0CCD3F11-0F48-427F-BC98-9DD6D875F4BB}
		{2FAAF21B-10DD-4430-87DC-54E981495485} = {2FAAF21B-10DD-4430-87DC-54E981495485}
		{5B5ACBB1-74AE-4F51-890D-649309AD4E9C} = {5B5ACBB1-74AE-4F51-890D-649309AD4E9C}
		{CEB869C6-ED48-4846-9040-4E82AB58B86B} = {CEB869C6-ED48-4846-9040-4E82AB58B86B}
		{28B872F6-39C6-405B-B52B-AC95289B052B} = {28B872F6-39C6-405B-B52B-AC95289B052B}
	EndProjectSection
EndProject
Project("{FAE04EC0-301F-11D3-BF4B-00C04F79EFBC}") = "HydroDesktop.MainPlugin", "HydroDesktop.MainPlugin\HydroDesktop.MainPlugin.csproj", "{2FAAF21B-10DD-4430-87DC-54E981495485}"
	ProjectSection(ProjectDependencies) = postProject
		{0CCD3F11-0F48-427F-BC98-9DD6D875F4BB} = {0CCD3F11-0F48-427F-BC98-9DD6D875F4BB}
		{CEB869C6-ED48-4846-9040-4E82AB58B86B} = {CEB869C6-ED48-4846-9040-4E82AB58B86B}
	EndProjectSection
EndProject
Project("{2150E333-8FDC-42A3-9474-1A3956D46DE8}") = "Solution Items", "Solution Items", "{FF641240-4948-442D-9F64-72458BA88406}"
EndProject
Project("{FAE04EC0-301F-11D3-BF4B-00C04F79EFBC}") = "Search3", "Search3\Search3.csproj", "{FB01F6EE-89C0-4A64-B023-C8CC566FF803}"
	ProjectSection(ProjectDependencies) = postProject
		{0B9BA90B-2016-4754-915A-0AD74FD0067A} = {0B9BA90B-2016-4754-915A-0AD74FD0067A}
		{0CCD3F11-0F48-427F-BC98-9DD6D875F4BB} = {0CCD3F11-0F48-427F-BC98-9DD6D875F4BB}
		{2FAAF21B-10DD-4430-87DC-54E981495485} = {2FAAF21B-10DD-4430-87DC-54E981495485}
		{7D649595-3CD3-4F13-A59B-5F7B8716FDFA} = {7D649595-3CD3-4F13-A59B-5F7B8716FDFA}
		{5B5ACBB1-74AE-4F51-890D-649309AD4E9C} = {5B5ACBB1-74AE-4F51-890D-649309AD4E9C}
		{CEB869C6-ED48-4846-9040-4E82AB58B86B} = {CEB869C6-ED48-4846-9040-4E82AB58B86B}
		{28B872F6-39C6-405B-B52B-AC95289B052B} = {28B872F6-39C6-405B-B52B-AC95289B052B}
	EndProjectSection
EndProject
Project("{FAE04EC0-301F-11D3-BF4B-00C04F79EFBC}") = "TableView", "TableView\TableView.csproj", "{E15F7F49-A879-4FE1-AF78-2EE7D2C9B7B4}"
	ProjectSection(ProjectDependencies) = postProject
		{0B9BA90B-2016-4754-915A-0AD74FD0067A} = {0B9BA90B-2016-4754-915A-0AD74FD0067A}
		{0CCD3F11-0F48-427F-BC98-9DD6D875F4BB} = {0CCD3F11-0F48-427F-BC98-9DD6D875F4BB}
		{2FAAF21B-10DD-4430-87DC-54E981495485} = {2FAAF21B-10DD-4430-87DC-54E981495485}
		{5B5ACBB1-74AE-4F51-890D-649309AD4E9C} = {5B5ACBB1-74AE-4F51-890D-649309AD4E9C}
		{CEB869C6-ED48-4846-9040-4E82AB58B86B} = {CEB869C6-ED48-4846-9040-4E82AB58B86B}
		{28B872F6-39C6-405B-B52B-AC95289B052B} = {28B872F6-39C6-405B-B52B-AC95289B052B}
	EndProjectSection
EndProject
Project("{FAE04EC0-301F-11D3-BF4B-00C04F79EFBC}") = "HydroDesktop.Interfaces", "HydroDesktop.Interfaces\HydroDesktop.Interfaces.csproj", "{0B9BA90B-2016-4754-915A-0AD74FD0067A}"
EndProject
Project("{FAE04EC0-301F-11D3-BF4B-00C04F79EFBC}") = "HydroDesktop.WebServices", "HydroDesktop.WebServices\HydroDesktop.WebServices.csproj", "{7D649595-3CD3-4F13-A59B-5F7B8716FDFA}"
EndProject
Project("{FAE04EC0-301F-11D3-BF4B-00C04F79EFBC}") = "HydroDesktop.Help", "HydroDesktop.Help\HydroDesktop.Help.csproj", "{F09E70CC-9D65-45C2-A451-D22CFB400C26}"
EndProject
Project("{FAE04EC0-301F-11D3-BF4B-00C04F79EFBC}") = "HydroDesktop.SeriesView", "HydroDesktop.SeriesView\HydroDesktop.SeriesView.csproj", "{5B5ACBB1-74AE-4F51-890D-649309AD4E9C}"
	ProjectSection(ProjectDependencies) = postProject
		{0B9BA90B-2016-4754-915A-0AD74FD0067A} = {0B9BA90B-2016-4754-915A-0AD74FD0067A}
		{0CCD3F11-0F48-427F-BC98-9DD6D875F4BB} = {0CCD3F11-0F48-427F-BC98-9DD6D875F4BB}
		{7D649595-3CD3-4F13-A59B-5F7B8716FDFA} = {7D649595-3CD3-4F13-A59B-5F7B8716FDFA}
		{CEB869C6-ED48-4846-9040-4E82AB58B86B} = {CEB869C6-ED48-4846-9040-4E82AB58B86B}
	EndProjectSection
EndProject
Project("{FAE04EC0-301F-11D3-BF4B-00C04F79EFBC}") = "ExcelExtension", "ExcelDataProvider\ExcelExtension.csproj", "{32A0B21A-24AB-4E07-90E7-82F9C04C2A9D}"
EndProject
Project("{FAE04EC0-301F-11D3-BF4B-00C04F79EFBC}") = "HydroModeler", "HydroModeler\HydroModeler.csproj", "{D26B704D-1FC9-4040-A29D-21FB8707ECE1}"
	ProjectSection(ProjectDependencies) = postProject
		{5ED7C71D-E89A-41F7-8B34-54C0C099412C} = {5ED7C71D-E89A-41F7-8B34-54C0C099412C}
	EndProjectSection
EndProject
Project("{FAE04EC0-301F-11D3-BF4B-00C04F79EFBC}") = "HydroDesktop.Common", "HydroDesktop.Common\HydroDesktop.Common.csproj", "{882C41F5-6A96-419F-9153-8D277ED91464}"
EndProject
Project("{FAE04EC0-301F-11D3-BF4B-00C04F79EFBC}") = "Oatc.OpenMI.Gui.Core", "HydroModeler\Utilities\OpenMI\gui\Core\Oatc.OpenMI.Gui.Core.csproj", "{5ED7C71D-E89A-41F7-8B34-54C0C099412C}"
EndProject
Project("{FAE04EC0-301F-11D3-BF4B-00C04F79EFBC}") = "HydroDesktop.MainApplication", "HydroDesktop.MainApplication\HydroDesktop.MainApplication.csproj", "{A064E7D2-5730-4214-A29F-FDB790691E47}"
EndProject
Global
	GlobalSection(SolutionConfigurationPlatforms) = preSolution
		Debug|Any CPU = Debug|Any CPU
		Debug|Mixed Platforms = Debug|Mixed Platforms
		Debug|x86 = Debug|x86
		Release|Any CPU = Release|Any CPU
		Release|Mixed Platforms = Release|Mixed Platforms
		Release|x86 = Release|x86
	EndGlobalSection
	GlobalSection(ProjectConfigurationPlatforms) = postSolution
		{CEB869C6-ED48-4846-9040-4E82AB58B86B}.Debug|Any CPU.ActiveCfg = Debug|Any CPU
		{CEB869C6-ED48-4846-9040-4E82AB58B86B}.Debug|Any CPU.Build.0 = Debug|Any CPU
		{CEB869C6-ED48-4846-9040-4E82AB58B86B}.Debug|Mixed Platforms.ActiveCfg = Debug|x86
		{CEB869C6-ED48-4846-9040-4E82AB58B86B}.Debug|Mixed Platforms.Build.0 = Debug|x86
		{CEB869C6-ED48-4846-9040-4E82AB58B86B}.Debug|x86.ActiveCfg = Debug|x86
		{CEB869C6-ED48-4846-9040-4E82AB58B86B}.Debug|x86.Build.0 = Debug|x86
		{CEB869C6-ED48-4846-9040-4E82AB58B86B}.Release|Any CPU.ActiveCfg = Release|Any CPU
		{CEB869C6-ED48-4846-9040-4E82AB58B86B}.Release|Any CPU.Build.0 = Release|Any CPU
		{CEB869C6-ED48-4846-9040-4E82AB58B86B}.Release|Mixed Platforms.ActiveCfg = Release|x86
		{CEB869C6-ED48-4846-9040-4E82AB58B86B}.Release|Mixed Platforms.Build.0 = Release|x86
		{CEB869C6-ED48-4846-9040-4E82AB58B86B}.Release|x86.ActiveCfg = Release|x86
		{CEB869C6-ED48-4846-9040-4E82AB58B86B}.Release|x86.Build.0 = Release|x86
		{0CCD3F11-0F48-427F-BC98-9DD6D875F4BB}.Debug|Any CPU.ActiveCfg = Debug|Any CPU
		{0CCD3F11-0F48-427F-BC98-9DD6D875F4BB}.Debug|Any CPU.Build.0 = Debug|Any CPU
		{0CCD3F11-0F48-427F-BC98-9DD6D875F4BB}.Debug|Mixed Platforms.ActiveCfg = Debug|x86
		{0CCD3F11-0F48-427F-BC98-9DD6D875F4BB}.Debug|Mixed Platforms.Build.0 = Debug|x86
		{0CCD3F11-0F48-427F-BC98-9DD6D875F4BB}.Debug|x86.ActiveCfg = Debug|x86
		{0CCD3F11-0F48-427F-BC98-9DD6D875F4BB}.Debug|x86.Build.0 = Debug|x86
		{0CCD3F11-0F48-427F-BC98-9DD6D875F4BB}.Release|Any CPU.ActiveCfg = Release|Any CPU
		{0CCD3F11-0F48-427F-BC98-9DD6D875F4BB}.Release|Any CPU.Build.0 = Release|Any CPU
		{0CCD3F11-0F48-427F-BC98-9DD6D875F4BB}.Release|Mixed Platforms.ActiveCfg = Release|x86
		{0CCD3F11-0F48-427F-BC98-9DD6D875F4BB}.Release|Mixed Platforms.Build.0 = Release|x86
		{0CCD3F11-0F48-427F-BC98-9DD6D875F4BB}.Release|x86.ActiveCfg = Release|x86
		{0CCD3F11-0F48-427F-BC98-9DD6D875F4BB}.Release|x86.Build.0 = Release|x86
		{F53FFFDC-CFCC-4F2D-BA53-BB008B7AD07D}.Debug|Any CPU.ActiveCfg = Debug|Any CPU
		{F53FFFDC-CFCC-4F2D-BA53-BB008B7AD07D}.Debug|Mixed Platforms.ActiveCfg = Debug|x86
		{F53FFFDC-CFCC-4F2D-BA53-BB008B7AD07D}.Debug|Mixed Platforms.Build.0 = Debug|x86
		{F53FFFDC-CFCC-4F2D-BA53-BB008B7AD07D}.Debug|x86.ActiveCfg = Debug|x86
		{F53FFFDC-CFCC-4F2D-BA53-BB008B7AD07D}.Debug|x86.Build.0 = Debug|x86
		{F53FFFDC-CFCC-4F2D-BA53-BB008B7AD07D}.Release|Any CPU.ActiveCfg = Release|Any CPU
		{F53FFFDC-CFCC-4F2D-BA53-BB008B7AD07D}.Release|Mixed Platforms.ActiveCfg = Release|x86
		{F53FFFDC-CFCC-4F2D-BA53-BB008B7AD07D}.Release|Mixed Platforms.Build.0 = Release|x86
		{F53FFFDC-CFCC-4F2D-BA53-BB008B7AD07D}.Release|x86.ActiveCfg = Release|x86
		{F53FFFDC-CFCC-4F2D-BA53-BB008B7AD07D}.Release|x86.Build.0 = Release|x86
		{9F73BC93-7B63-4D69-993A-03A0B2D0E2B2}.Debug|Any CPU.ActiveCfg = Debug|Any CPU
		{9F73BC93-7B63-4D69-993A-03A0B2D0E2B2}.Debug|Any CPU.Build.0 = Debug|Any CPU
		{9F73BC93-7B63-4D69-993A-03A0B2D0E2B2}.Debug|Mixed Platforms.ActiveCfg = Debug|x86
		{9F73BC93-7B63-4D69-993A-03A0B2D0E2B2}.Debug|Mixed Platforms.Build.0 = Debug|x86
		{9F73BC93-7B63-4D69-993A-03A0B2D0E2B2}.Debug|x86.ActiveCfg = Debug|x86
		{9F73BC93-7B63-4D69-993A-03A0B2D0E2B2}.Debug|x86.Build.0 = Debug|x86
		{9F73BC93-7B63-4D69-993A-03A0B2D0E2B2}.Release|Any CPU.ActiveCfg = Release|Any CPU
		{9F73BC93-7B63-4D69-993A-03A0B2D0E2B2}.Release|Any CPU.Build.0 = Release|Any CPU
		{9F73BC93-7B63-4D69-993A-03A0B2D0E2B2}.Release|Mixed Platforms.ActiveCfg = Release|x86
		{9F73BC93-7B63-4D69-993A-03A0B2D0E2B2}.Release|Mixed Platforms.Build.0 = Release|x86
		{9F73BC93-7B63-4D69-993A-03A0B2D0E2B2}.Release|x86.ActiveCfg = Release|x86
		{9F73BC93-7B63-4D69-993A-03A0B2D0E2B2}.Release|x86.Build.0 = Release|x86
		{28B872F6-39C6-405B-B52B-AC95289B052B}.Debug|Any CPU.ActiveCfg = Debug|Any CPU
		{28B872F6-39C6-405B-B52B-AC95289B052B}.Debug|Any CPU.Build.0 = Debug|Any CPU
		{28B872F6-39C6-405B-B52B-AC95289B052B}.Debug|Mixed Platforms.ActiveCfg = Debug|x86
		{28B872F6-39C6-405B-B52B-AC95289B052B}.Debug|Mixed Platforms.Build.0 = Debug|x86
		{28B872F6-39C6-405B-B52B-AC95289B052B}.Debug|x86.ActiveCfg = Debug|x86
		{28B872F6-39C6-405B-B52B-AC95289B052B}.Debug|x86.Build.0 = Debug|x86
		{28B872F6-39C6-405B-B52B-AC95289B052B}.Release|Any CPU.ActiveCfg = Release|Any CPU
		{28B872F6-39C6-405B-B52B-AC95289B052B}.Release|Any CPU.Build.0 = Release|Any CPU
		{28B872F6-39C6-405B-B52B-AC95289B052B}.Release|Mixed Platforms.ActiveCfg = Release|x86
		{28B872F6-39C6-405B-B52B-AC95289B052B}.Release|Mixed Platforms.Build.0 = Release|x86
		{28B872F6-39C6-405B-B52B-AC95289B052B}.Release|x86.ActiveCfg = Release|x86
		{28B872F6-39C6-405B-B52B-AC95289B052B}.Release|x86.Build.0 = Release|x86
		{11DA0AB7-F2EB-4D82-B72C-F255BA92426E}.Debug|Any CPU.ActiveCfg = Debug|Any CPU
		{11DA0AB7-F2EB-4D82-B72C-F255BA92426E}.Debug|Any CPU.Build.0 = Debug|Any CPU
		{11DA0AB7-F2EB-4D82-B72C-F255BA92426E}.Debug|Mixed Platforms.ActiveCfg = Debug|x86
		{11DA0AB7-F2EB-4D82-B72C-F255BA92426E}.Debug|Mixed Platforms.Build.0 = Debug|x86
		{11DA0AB7-F2EB-4D82-B72C-F255BA92426E}.Debug|x86.ActiveCfg = Debug|x86
		{11DA0AB7-F2EB-4D82-B72C-F255BA92426E}.Debug|x86.Build.0 = Debug|x86
		{11DA0AB7-F2EB-4D82-B72C-F255BA92426E}.Release|Any CPU.ActiveCfg = Release|Any CPU
		{11DA0AB7-F2EB-4D82-B72C-F255BA92426E}.Release|Any CPU.Build.0 = Release|Any CPU
		{11DA0AB7-F2EB-4D82-B72C-F255BA92426E}.Release|Mixed Platforms.ActiveCfg = Release|x86
		{11DA0AB7-F2EB-4D82-B72C-F255BA92426E}.Release|Mixed Platforms.Build.0 = Release|x86
		{11DA0AB7-F2EB-4D82-B72C-F255BA92426E}.Release|x86.ActiveCfg = Release|x86
		{11DA0AB7-F2EB-4D82-B72C-F255BA92426E}.Release|x86.Build.0 = Release|x86
		{D61FCB88-FF61-4EF4-BC5D-6C037B4B6DB0}.Debug|Any CPU.ActiveCfg = Debug|Any CPU
		{D61FCB88-FF61-4EF4-BC5D-6C037B4B6DB0}.Debug|Any CPU.Build.0 = Debug|Any CPU
		{D61FCB88-FF61-4EF4-BC5D-6C037B4B6DB0}.Debug|Mixed Platforms.ActiveCfg = Debug|x86
		{D61FCB88-FF61-4EF4-BC5D-6C037B4B6DB0}.Debug|Mixed Platforms.Build.0 = Debug|x86
		{D61FCB88-FF61-4EF4-BC5D-6C037B4B6DB0}.Debug|x86.ActiveCfg = Debug|x86
		{D61FCB88-FF61-4EF4-BC5D-6C037B4B6DB0}.Debug|x86.Build.0 = Debug|x86
		{D61FCB88-FF61-4EF4-BC5D-6C037B4B6DB0}.Release|Any CPU.ActiveCfg = Release|Any CPU
		{D61FCB88-FF61-4EF4-BC5D-6C037B4B6DB0}.Release|Any CPU.Build.0 = Release|Any CPU
		{D61FCB88-FF61-4EF4-BC5D-6C037B4B6DB0}.Release|Mixed Platforms.ActiveCfg = Release|x86
		{D61FCB88-FF61-4EF4-BC5D-6C037B4B6DB0}.Release|Mixed Platforms.Build.0 = Release|x86
		{D61FCB88-FF61-4EF4-BC5D-6C037B4B6DB0}.Release|x86.ActiveCfg = Release|x86
		{D61FCB88-FF61-4EF4-BC5D-6C037B4B6DB0}.Release|x86.Build.0 = Release|x86
		{C872275F-6717-43F1-BD8E-AF4AC077DB43}.Debug|Any CPU.ActiveCfg = Debug|Any CPU
		{C872275F-6717-43F1-BD8E-AF4AC077DB43}.Debug|Any CPU.Build.0 = Debug|Any CPU
		{C872275F-6717-43F1-BD8E-AF4AC077DB43}.Debug|Mixed Platforms.ActiveCfg = Debug|x86
		{C872275F-6717-43F1-BD8E-AF4AC077DB43}.Debug|Mixed Platforms.Build.0 = Debug|x86
		{C872275F-6717-43F1-BD8E-AF4AC077DB43}.Debug|x86.ActiveCfg = Debug|x86
		{C872275F-6717-43F1-BD8E-AF4AC077DB43}.Debug|x86.Build.0 = Debug|x86
		{C872275F-6717-43F1-BD8E-AF4AC077DB43}.Release|Any CPU.ActiveCfg = Release|Any CPU
		{C872275F-6717-43F1-BD8E-AF4AC077DB43}.Release|Any CPU.Build.0 = Release|Any CPU
		{C872275F-6717-43F1-BD8E-AF4AC077DB43}.Release|Mixed Platforms.ActiveCfg = Release|x86
		{C872275F-6717-43F1-BD8E-AF4AC077DB43}.Release|Mixed Platforms.Build.0 = Release|x86
		{C872275F-6717-43F1-BD8E-AF4AC077DB43}.Release|x86.ActiveCfg = Release|x86
		{C872275F-6717-43F1-BD8E-AF4AC077DB43}.Release|x86.Build.0 = Release|x86
		{3AEF14A0-5567-4F53-A4E6-4F1F692A1448}.Debug|Any CPU.ActiveCfg = Debug|Any CPU
		{3AEF14A0-5567-4F53-A4E6-4F1F692A1448}.Debug|Any CPU.Build.0 = Debug|Any CPU
		{3AEF14A0-5567-4F53-A4E6-4F1F692A1448}.Debug|Mixed Platforms.ActiveCfg = Debug|x86
		{3AEF14A0-5567-4F53-A4E6-4F1F692A1448}.Debug|Mixed Platforms.Build.0 = Debug|x86
		{3AEF14A0-5567-4F53-A4E6-4F1F692A1448}.Debug|x86.ActiveCfg = Debug|x86
		{3AEF14A0-5567-4F53-A4E6-4F1F692A1448}.Debug|x86.Build.0 = Debug|x86
		{3AEF14A0-5567-4F53-A4E6-4F1F692A1448}.Release|Any CPU.ActiveCfg = Release|Any CPU
		{3AEF14A0-5567-4F53-A4E6-4F1F692A1448}.Release|Any CPU.Build.0 = Release|Any CPU
		{3AEF14A0-5567-4F53-A4E6-4F1F692A1448}.Release|Mixed Platforms.ActiveCfg = Release|x86
		{3AEF14A0-5567-4F53-A4E6-4F1F692A1448}.Release|Mixed Platforms.Build.0 = Release|x86
		{3AEF14A0-5567-4F53-A4E6-4F1F692A1448}.Release|x86.ActiveCfg = Release|x86
		{3AEF14A0-5567-4F53-A4E6-4F1F692A1448}.Release|x86.Build.0 = Release|x86
		{FC10C307-3EB0-468E-B750-D0421BCC0C2A}.Debug|Any CPU.ActiveCfg = Debug|Any CPU
		{FC10C307-3EB0-468E-B750-D0421BCC0C2A}.Debug|Mixed Platforms.ActiveCfg = Debug|x86
		{FC10C307-3EB0-468E-B750-D0421BCC0C2A}.Debug|Mixed Platforms.Build.0 = Debug|x86
		{FC10C307-3EB0-468E-B750-D0421BCC0C2A}.Debug|x86.ActiveCfg = Debug|x86
		{FC10C307-3EB0-468E-B750-D0421BCC0C2A}.Debug|x86.Build.0 = Debug|x86
		{FC10C307-3EB0-468E-B750-D0421BCC0C2A}.Release|Any CPU.ActiveCfg = Release|Any CPU
		{FC10C307-3EB0-468E-B750-D0421BCC0C2A}.Release|Mixed Platforms.ActiveCfg = Release|x86
		{FC10C307-3EB0-468E-B750-D0421BCC0C2A}.Release|Mixed Platforms.Build.0 = Release|x86
		{FC10C307-3EB0-468E-B750-D0421BCC0C2A}.Release|x86.ActiveCfg = Release|x86
		{FC10C307-3EB0-468E-B750-D0421BCC0C2A}.Release|x86.Build.0 = Release|x86
		{CBC247A5-F50E-41ED-807C-94DE7E970DB9}.Debug|Any CPU.ActiveCfg = Debug|Any CPU
		{CBC247A5-F50E-41ED-807C-94DE7E970DB9}.Debug|Any CPU.Build.0 = Debug|Any CPU
		{CBC247A5-F50E-41ED-807C-94DE7E970DB9}.Debug|Mixed Platforms.ActiveCfg = Debug|Any CPU
		{CBC247A5-F50E-41ED-807C-94DE7E970DB9}.Debug|Mixed Platforms.Build.0 = Debug|Any CPU
		{CBC247A5-F50E-41ED-807C-94DE7E970DB9}.Debug|x86.ActiveCfg = Debug|Any CPU
		{CBC247A5-F50E-41ED-807C-94DE7E970DB9}.Release|Any CPU.ActiveCfg = Release|Any CPU
		{CBC247A5-F50E-41ED-807C-94DE7E970DB9}.Release|Any CPU.Build.0 = Release|Any CPU
		{CBC247A5-F50E-41ED-807C-94DE7E970DB9}.Release|Mixed Platforms.ActiveCfg = Release|Any CPU
		{CBC247A5-F50E-41ED-807C-94DE7E970DB9}.Release|Mixed Platforms.Build.0 = Release|Any CPU
		{CBC247A5-F50E-41ED-807C-94DE7E970DB9}.Release|x86.ActiveCfg = Release|Any CPU
		{9181CDE5-AD24-473D-A524-C3775563C902}.Debug|Any CPU.ActiveCfg = Debug|Any CPU
		{9181CDE5-AD24-473D-A524-C3775563C902}.Debug|Any CPU.Build.0 = Debug|Any CPU
		{9181CDE5-AD24-473D-A524-C3775563C902}.Debug|Mixed Platforms.ActiveCfg = Debug|x86
		{9181CDE5-AD24-473D-A524-C3775563C902}.Debug|Mixed Platforms.Build.0 = Debug|x86
		{9181CDE5-AD24-473D-A524-C3775563C902}.Debug|x86.ActiveCfg = Debug|x86
		{9181CDE5-AD24-473D-A524-C3775563C902}.Debug|x86.Build.0 = Debug|x86
		{9181CDE5-AD24-473D-A524-C3775563C902}.Release|Any CPU.ActiveCfg = Release|Any CPU
		{9181CDE5-AD24-473D-A524-C3775563C902}.Release|Any CPU.Build.0 = Release|Any CPU
		{9181CDE5-AD24-473D-A524-C3775563C902}.Release|Mixed Platforms.ActiveCfg = Release|x86
		{9181CDE5-AD24-473D-A524-C3775563C902}.Release|Mixed Platforms.Build.0 = Release|x86
		{9181CDE5-AD24-473D-A524-C3775563C902}.Release|x86.ActiveCfg = Release|x86
		{9181CDE5-AD24-473D-A524-C3775563C902}.Release|x86.Build.0 = Release|x86
		{1119D6E1-5337-42C6-BBDA-3658808F319C}.Debug|Any CPU.ActiveCfg = Debug|Any CPU
		{1119D6E1-5337-42C6-BBDA-3658808F319C}.Debug|Any CPU.Build.0 = Debug|Any CPU
		{1119D6E1-5337-42C6-BBDA-3658808F319C}.Debug|Mixed Platforms.ActiveCfg = Debug|x86
		{1119D6E1-5337-42C6-BBDA-3658808F319C}.Debug|Mixed Platforms.Build.0 = Debug|x86
		{1119D6E1-5337-42C6-BBDA-3658808F319C}.Debug|x86.ActiveCfg = Debug|x86
		{1119D6E1-5337-42C6-BBDA-3658808F319C}.Debug|x86.Build.0 = Debug|x86
		{1119D6E1-5337-42C6-BBDA-3658808F319C}.Release|Any CPU.ActiveCfg = Release|Any CPU
		{1119D6E1-5337-42C6-BBDA-3658808F319C}.Release|Any CPU.Build.0 = Release|Any CPU
		{1119D6E1-5337-42C6-BBDA-3658808F319C}.Release|Mixed Platforms.ActiveCfg = Release|x86
		{1119D6E1-5337-42C6-BBDA-3658808F319C}.Release|Mixed Platforms.Build.0 = Release|x86
		{1119D6E1-5337-42C6-BBDA-3658808F319C}.Release|x86.ActiveCfg = Release|x86
		{1119D6E1-5337-42C6-BBDA-3658808F319C}.Release|x86.Build.0 = Release|x86
		{3DA5E14F-CECF-4C4E-89F5-A233A21BFF34}.Debug|Any CPU.ActiveCfg = Debug|Any CPU
		{3DA5E14F-CECF-4C4E-89F5-A233A21BFF34}.Debug|Any CPU.Build.0 = Debug|Any CPU
		{3DA5E14F-CECF-4C4E-89F5-A233A21BFF34}.Debug|Mixed Platforms.ActiveCfg = Debug|x86
		{3DA5E14F-CECF-4C4E-89F5-A233A21BFF34}.Debug|Mixed Platforms.Build.0 = Debug|x86
		{3DA5E14F-CECF-4C4E-89F5-A233A21BFF34}.Debug|x86.ActiveCfg = Debug|x86
		{3DA5E14F-CECF-4C4E-89F5-A233A21BFF34}.Debug|x86.Build.0 = Debug|x86
		{3DA5E14F-CECF-4C4E-89F5-A233A21BFF34}.Release|Any CPU.ActiveCfg = Release|Any CPU
		{3DA5E14F-CECF-4C4E-89F5-A233A21BFF34}.Release|Any CPU.Build.0 = Release|Any CPU
		{3DA5E14F-CECF-4C4E-89F5-A233A21BFF34}.Release|Mixed Platforms.ActiveCfg = Release|x86
		{3DA5E14F-CECF-4C4E-89F5-A233A21BFF34}.Release|Mixed Platforms.Build.0 = Release|x86
		{3DA5E14F-CECF-4C4E-89F5-A233A21BFF34}.Release|x86.ActiveCfg = Release|x86
		{3DA5E14F-CECF-4C4E-89F5-A233A21BFF34}.Release|x86.Build.0 = Release|x86
		{2FAAF21B-10DD-4430-87DC-54E981495485}.Debug|Any CPU.ActiveCfg = Debug|Any CPU
		{2FAAF21B-10DD-4430-87DC-54E981495485}.Debug|Any CPU.Build.0 = Debug|Any CPU
		{2FAAF21B-10DD-4430-87DC-54E981495485}.Debug|Mixed Platforms.ActiveCfg = Debug|x86
		{2FAAF21B-10DD-4430-87DC-54E981495485}.Debug|Mixed Platforms.Build.0 = Debug|x86
		{2FAAF21B-10DD-4430-87DC-54E981495485}.Debug|x86.ActiveCfg = Debug|x86
		{2FAAF21B-10DD-4430-87DC-54E981495485}.Debug|x86.Build.0 = Debug|x86
		{2FAAF21B-10DD-4430-87DC-54E981495485}.Release|Any CPU.ActiveCfg = Release|Any CPU
		{2FAAF21B-10DD-4430-87DC-54E981495485}.Release|Any CPU.Build.0 = Release|Any CPU
		{2FAAF21B-10DD-4430-87DC-54E981495485}.Release|Mixed Platforms.ActiveCfg = Release|x86
		{2FAAF21B-10DD-4430-87DC-54E981495485}.Release|Mixed Platforms.Build.0 = Release|x86
		{2FAAF21B-10DD-4430-87DC-54E981495485}.Release|x86.ActiveCfg = Release|x86
		{2FAAF21B-10DD-4430-87DC-54E981495485}.Release|x86.Build.0 = Release|x86
		{FB01F6EE-89C0-4A64-B023-C8CC566FF803}.Debug|Any CPU.ActiveCfg = Debug|Any CPU
		{FB01F6EE-89C0-4A64-B023-C8CC566FF803}.Debug|Any CPU.Build.0 = Debug|Any CPU
		{FB01F6EE-89C0-4A64-B023-C8CC566FF803}.Debug|Mixed Platforms.ActiveCfg = Debug|Any CPU
		{FB01F6EE-89C0-4A64-B023-C8CC566FF803}.Debug|Mixed Platforms.Build.0 = Debug|Any CPU
		{FB01F6EE-89C0-4A64-B023-C8CC566FF803}.Debug|x86.ActiveCfg = Debug|Any CPU
		{FB01F6EE-89C0-4A64-B023-C8CC566FF803}.Release|Any CPU.ActiveCfg = Release|Any CPU
		{FB01F6EE-89C0-4A64-B023-C8CC566FF803}.Release|Any CPU.Build.0 = Release|Any CPU
		{FB01F6EE-89C0-4A64-B023-C8CC566FF803}.Release|Mixed Platforms.ActiveCfg = Release|Any CPU
		{FB01F6EE-89C0-4A64-B023-C8CC566FF803}.Release|Mixed Platforms.Build.0 = Release|Any CPU
		{FB01F6EE-89C0-4A64-B023-C8CC566FF803}.Release|x86.ActiveCfg = Release|Any CPU
		{E15F7F49-A879-4FE1-AF78-2EE7D2C9B7B4}.Debug|Any CPU.ActiveCfg = Debug|Any CPU
		{E15F7F49-A879-4FE1-AF78-2EE7D2C9B7B4}.Debug|Any CPU.Build.0 = Debug|Any CPU
		{E15F7F49-A879-4FE1-AF78-2EE7D2C9B7B4}.Debug|Mixed Platforms.ActiveCfg = Debug|x86
		{E15F7F49-A879-4FE1-AF78-2EE7D2C9B7B4}.Debug|Mixed Platforms.Build.0 = Debug|x86
		{E15F7F49-A879-4FE1-AF78-2EE7D2C9B7B4}.Debug|x86.ActiveCfg = Debug|x86
		{E15F7F49-A879-4FE1-AF78-2EE7D2C9B7B4}.Debug|x86.Build.0 = Debug|x86
		{E15F7F49-A879-4FE1-AF78-2EE7D2C9B7B4}.Release|Any CPU.ActiveCfg = Release|Any CPU
		{E15F7F49-A879-4FE1-AF78-2EE7D2C9B7B4}.Release|Any CPU.Build.0 = Release|Any CPU
		{E15F7F49-A879-4FE1-AF78-2EE7D2C9B7B4}.Release|Mixed Platforms.ActiveCfg = Release|x86
		{E15F7F49-A879-4FE1-AF78-2EE7D2C9B7B4}.Release|Mixed Platforms.Build.0 = Release|x86
		{E15F7F49-A879-4FE1-AF78-2EE7D2C9B7B4}.Release|x86.ActiveCfg = Release|x86
		{E15F7F49-A879-4FE1-AF78-2EE7D2C9B7B4}.Release|x86.Build.0 = Release|x86
		{0B9BA90B-2016-4754-915A-0AD74FD0067A}.Debug|Any CPU.ActiveCfg = Debug|Any CPU
		{0B9BA90B-2016-4754-915A-0AD74FD0067A}.Debug|Any CPU.Build.0 = Debug|Any CPU
		{0B9BA90B-2016-4754-915A-0AD74FD0067A}.Debug|Mixed Platforms.ActiveCfg = Debug|x86
		{0B9BA90B-2016-4754-915A-0AD74FD0067A}.Debug|Mixed Platforms.Build.0 = Debug|x86
		{0B9BA90B-2016-4754-915A-0AD74FD0067A}.Debug|x86.ActiveCfg = Debug|x86
		{0B9BA90B-2016-4754-915A-0AD74FD0067A}.Debug|x86.Build.0 = Debug|x86
		{0B9BA90B-2016-4754-915A-0AD74FD0067A}.Release|Any CPU.ActiveCfg = Release|Any CPU
		{0B9BA90B-2016-4754-915A-0AD74FD0067A}.Release|Any CPU.Build.0 = Release|Any CPU
		{0B9BA90B-2016-4754-915A-0AD74FD0067A}.Release|Mixed Platforms.ActiveCfg = Release|x86
		{0B9BA90B-2016-4754-915A-0AD74FD0067A}.Release|Mixed Platforms.Build.0 = Release|x86
		{0B9BA90B-2016-4754-915A-0AD74FD0067A}.Release|x86.ActiveCfg = Release|x86
		{0B9BA90B-2016-4754-915A-0AD74FD0067A}.Release|x86.Build.0 = Release|x86
		{7D649595-3CD3-4F13-A59B-5F7B8716FDFA}.Debug|Any CPU.ActiveCfg = Debug|Any CPU
		{7D649595-3CD3-4F13-A59B-5F7B8716FDFA}.Debug|Any CPU.Build.0 = Debug|Any CPU
		{7D649595-3CD3-4F13-A59B-5F7B8716FDFA}.Debug|Mixed Platforms.ActiveCfg = Debug|x86
		{7D649595-3CD3-4F13-A59B-5F7B8716FDFA}.Debug|Mixed Platforms.Build.0 = Debug|x86
		{7D649595-3CD3-4F13-A59B-5F7B8716FDFA}.Debug|x86.ActiveCfg = Debug|x86
		{7D649595-3CD3-4F13-A59B-5F7B8716FDFA}.Debug|x86.Build.0 = Debug|x86
		{7D649595-3CD3-4F13-A59B-5F7B8716FDFA}.Release|Any CPU.ActiveCfg = Release|Any CPU
		{7D649595-3CD3-4F13-A59B-5F7B8716FDFA}.Release|Any CPU.Build.0 = Release|Any CPU
		{7D649595-3CD3-4F13-A59B-5F7B8716FDFA}.Release|Mixed Platforms.ActiveCfg = Release|x86
		{7D649595-3CD3-4F13-A59B-5F7B8716FDFA}.Release|Mixed Platforms.Build.0 = Release|x86
		{7D649595-3CD3-4F13-A59B-5F7B8716FDFA}.Release|x86.ActiveCfg = Release|x86
		{7D649595-3CD3-4F13-A59B-5F7B8716FDFA}.Release|x86.Build.0 = Release|x86
		{F09E70CC-9D65-45C2-A451-D22CFB400C26}.Debug|Any CPU.ActiveCfg = Debug|Any CPU
		{F09E70CC-9D65-45C2-A451-D22CFB400C26}.Debug|Any CPU.Build.0 = Debug|Any CPU
		{F09E70CC-9D65-45C2-A451-D22CFB400C26}.Debug|Mixed Platforms.ActiveCfg = Debug|x86
		{F09E70CC-9D65-45C2-A451-D22CFB400C26}.Debug|Mixed Platforms.Build.0 = Debug|x86
		{F09E70CC-9D65-45C2-A451-D22CFB400C26}.Debug|x86.ActiveCfg = Debug|x86
		{F09E70CC-9D65-45C2-A451-D22CFB400C26}.Debug|x86.Build.0 = Debug|x86
		{F09E70CC-9D65-45C2-A451-D22CFB400C26}.Release|Any CPU.ActiveCfg = Release|Any CPU
		{F09E70CC-9D65-45C2-A451-D22CFB400C26}.Release|Any CPU.Build.0 = Release|Any CPU
		{F09E70CC-9D65-45C2-A451-D22CFB400C26}.Release|Mixed Platforms.ActiveCfg = Release|x86
		{F09E70CC-9D65-45C2-A451-D22CFB400C26}.Release|Mixed Platforms.Build.0 = Release|x86
		{F09E70CC-9D65-45C2-A451-D22CFB400C26}.Release|x86.ActiveCfg = Release|x86
		{F09E70CC-9D65-45C2-A451-D22CFB400C26}.Release|x86.Build.0 = Release|x86
		{5B5ACBB1-74AE-4F51-890D-649309AD4E9C}.Debug|Any CPU.ActiveCfg = Debug|Any CPU
		{5B5ACBB1-74AE-4F51-890D-649309AD4E9C}.Debug|Any CPU.Build.0 = Debug|Any CPU
		{5B5ACBB1-74AE-4F51-890D-649309AD4E9C}.Debug|Mixed Platforms.ActiveCfg = Debug|x86
		{5B5ACBB1-74AE-4F51-890D-649309AD4E9C}.Debug|Mixed Platforms.Build.0 = Debug|x86
		{5B5ACBB1-74AE-4F51-890D-649309AD4E9C}.Debug|x86.ActiveCfg = Debug|x86
		{5B5ACBB1-74AE-4F51-890D-649309AD4E9C}.Debug|x86.Build.0 = Debug|x86
		{5B5ACBB1-74AE-4F51-890D-649309AD4E9C}.Release|Any CPU.ActiveCfg = Release|Any CPU
		{5B5ACBB1-74AE-4F51-890D-649309AD4E9C}.Release|Any CPU.Build.0 = Release|Any CPU
		{5B5ACBB1-74AE-4F51-890D-649309AD4E9C}.Release|Mixed Platforms.ActiveCfg = Release|x86
		{5B5ACBB1-74AE-4F51-890D-649309AD4E9C}.Release|Mixed Platforms.Build.0 = Release|x86
		{5B5ACBB1-74AE-4F51-890D-649309AD4E9C}.Release|x86.ActiveCfg = Release|x86
		{5B5ACBB1-74AE-4F51-890D-649309AD4E9C}.Release|x86.Build.0 = Release|x86
		{32A0B21A-24AB-4E07-90E7-82F9C04C2A9D}.Debug|Any CPU.ActiveCfg = Debug|Any CPU
		{32A0B21A-24AB-4E07-90E7-82F9C04C2A9D}.Debug|Any CPU.Build.0 = Debug|Any CPU
		{32A0B21A-24AB-4E07-90E7-82F9C04C2A9D}.Debug|Mixed Platforms.ActiveCfg = Debug|Any CPU
		{32A0B21A-24AB-4E07-90E7-82F9C04C2A9D}.Debug|Mixed Platforms.Build.0 = Debug|Any CPU
		{32A0B21A-24AB-4E07-90E7-82F9C04C2A9D}.Debug|x86.ActiveCfg = Debug|Any CPU
		{32A0B21A-24AB-4E07-90E7-82F9C04C2A9D}.Release|Any CPU.ActiveCfg = Release|Any CPU
		{32A0B21A-24AB-4E07-90E7-82F9C04C2A9D}.Release|Any CPU.Build.0 = Release|Any CPU
		{32A0B21A-24AB-4E07-90E7-82F9C04C2A9D}.Release|Mixed Platforms.ActiveCfg = Release|Any CPU
		{32A0B21A-24AB-4E07-90E7-82F9C04C2A9D}.Release|Mixed Platforms.Build.0 = Release|Any CPU
		{32A0B21A-24AB-4E07-90E7-82F9C04C2A9D}.Release|x86.ActiveCfg = Release|Any CPU
		{D26B704D-1FC9-4040-A29D-21FB8707ECE1}.Debug|Any CPU.ActiveCfg = Debug|Any CPU
		{D26B704D-1FC9-4040-A29D-21FB8707ECE1}.Debug|Any CPU.Build.0 = Debug|Any CPU
		{D26B704D-1FC9-4040-A29D-21FB8707ECE1}.Debug|Mixed Platforms.ActiveCfg = Debug|Any CPU
		{D26B704D-1FC9-4040-A29D-21FB8707ECE1}.Debug|Mixed Platforms.Build.0 = Debug|Any CPU
		{D26B704D-1FC9-4040-A29D-21FB8707ECE1}.Debug|x86.ActiveCfg = Debug|Any CPU
		{D26B704D-1FC9-4040-A29D-21FB8707ECE1}.Release|Any CPU.ActiveCfg = Release|Any CPU
		{D26B704D-1FC9-4040-A29D-21FB8707ECE1}.Release|Any CPU.Build.0 = Release|Any CPU
		{D26B704D-1FC9-4040-A29D-21FB8707ECE1}.Release|Mixed Platforms.ActiveCfg = Release|Any CPU
		{D26B704D-1FC9-4040-A29D-21FB8707ECE1}.Release|Mixed Platforms.Build.0 = Release|Any CPU
		{D26B704D-1FC9-4040-A29D-21FB8707ECE1}.Release|x86.ActiveCfg = Release|Any CPU
		{882C41F5-6A96-419F-9153-8D277ED91464}.Debug|Any CPU.ActiveCfg = Debug|Any CPU
		{882C41F5-6A96-419F-9153-8D277ED91464}.Debug|Any CPU.Build.0 = Debug|Any CPU
		{882C41F5-6A96-419F-9153-8D277ED91464}.Debug|Mixed Platforms.ActiveCfg = Debug|Any CPU
		{882C41F5-6A96-419F-9153-8D277ED91464}.Debug|Mixed Platforms.Build.0 = Debug|Any CPU
		{882C41F5-6A96-419F-9153-8D277ED91464}.Debug|x86.ActiveCfg = Debug|Any CPU
		{882C41F5-6A96-419F-9153-8D277ED91464}.Release|Any CPU.ActiveCfg = Release|Any CPU
		{882C41F5-6A96-419F-9153-8D277ED91464}.Release|Any CPU.Build.0 = Release|Any CPU
		{882C41F5-6A96-419F-9153-8D277ED91464}.Release|Mixed Platforms.ActiveCfg = Release|Any CPU
		{882C41F5-6A96-419F-9153-8D277ED91464}.Release|Mixed Platforms.Build.0 = Release|Any CPU
		{882C41F5-6A96-419F-9153-8D277ED91464}.Release|x86.ActiveCfg = Release|Any CPU
		{5ED7C71D-E89A-41F7-8B34-54C0C099412C}.Debug|Any CPU.ActiveCfg = Debug|Any CPU
		{5ED7C71D-E89A-41F7-8B34-54C0C099412C}.Debug|Any CPU.Build.0 = Debug|Any CPU
		{5ED7C71D-E89A-41F7-8B34-54C0C099412C}.Debug|Mixed Platforms.ActiveCfg = Debug|Any CPU
		{5ED7C71D-E89A-41F7-8B34-54C0C099412C}.Debug|Mixed Platforms.Build.0 = Debug|Any CPU
		{5ED7C71D-E89A-41F7-8B34-54C0C099412C}.Debug|x86.ActiveCfg = Debug|Any CPU
		{5ED7C71D-E89A-41F7-8B34-54C0C099412C}.Release|Any CPU.ActiveCfg = Release|Any CPU
		{5ED7C71D-E89A-41F7-8B34-54C0C099412C}.Release|Any CPU.Build.0 = Release|Any CPU
		{5ED7C71D-E89A-41F7-8B34-54C0C099412C}.Release|Mixed Platforms.ActiveCfg = Release|Any CPU
		{5ED7C71D-E89A-41F7-8B34-54C0C099412C}.Release|Mixed Platforms.Build.0 = Release|Any CPU
		{5ED7C71D-E89A-41F7-8B34-54C0C099412C}.Release|x86.ActiveCfg = Release|Any CPU
		{A064E7D2-5730-4214-A29F-FDB790691E47}.Debug|Any CPU.ActiveCfg = Debug|x86
		{A064E7D2-5730-4214-A29F-FDB790691E47}.Debug|Any CPU.Build.0 = Debug|x86
		{A064E7D2-5730-4214-A29F-FDB790691E47}.Debug|Mixed Platforms.ActiveCfg = Debug|x86
		{A064E7D2-5730-4214-A29F-FDB790691E47}.Debug|Mixed Platforms.Build.0 = Debug|x86
		{A064E7D2-5730-4214-A29F-FDB790691E47}.Debug|x86.ActiveCfg = Debug|x86
		{A064E7D2-5730-4214-A29F-FDB790691E47}.Debug|x86.Build.0 = Debug|x86
		{A064E7D2-5730-4214-A29F-FDB790691E47}.Release|Any CPU.ActiveCfg = Release|x86
		{A064E7D2-5730-4214-A29F-FDB790691E47}.Release|Any CPU.Build.0 = Release|x86
		{A064E7D2-5730-4214-A29F-FDB790691E47}.Release|Mixed Platforms.ActiveCfg = Release|x86
		{A064E7D2-5730-4214-A29F-FDB790691E47}.Release|Mixed Platforms.Build.0 = Release|x86
		{A064E7D2-5730-4214-A29F-FDB790691E47}.Release|x86.ActiveCfg = Release|x86
		{A064E7D2-5730-4214-A29F-FDB790691E47}.Release|x86.Build.0 = Release|x86
	EndGlobalSection
	GlobalSection(SolutionProperties) = preSolution
		HideSolutionNode = FALSE
	EndGlobalSection
EndGlobal
